{
  "version": 1,
  "dependencies": {
    "net10.0": {
      "coverlet.collector": {
        "type": "Direct",
        "requested": "[6.0.4, )",
        "resolved": "6.0.4",
        "contentHash": "lkhqpF8Pu2Y7IiN7OntbsTtdbpR1syMsm2F3IgX6ootA4ffRqWL5jF7XipHuZQTdVuWG/gVAAcf8mjk8Tz0xPg=="
      },
      "FluentAssertions": {
        "type": "Direct",
        "requested": "[8.8.0, )",
        "resolved": "8.8.0",
        "contentHash": "m0kwcqBwvVel03FuMa7Ozo/oTaxYbjeNlcOhQFkyQpwX/8wks6RNl/Jnn58DCZVs6c2oG1RsCZw7HfKSaxLm3w=="
      },
      "Microsoft.AspNetCore.Mvc.Testing": {
        "type": "Direct",
        "requested": "[10.0.7, )",
        "resolved": "10.0.7",
        "contentHash": "lWyzApi1g8/r0eXqZBbl5bA8zewS8koxOir83/+OvJcyn2HazdUzPFd4MWc9uMdVzCRX6Z5aY4tNK+N0pWXMLg==",
        "dependencies": {
          "Microsoft.AspNetCore.TestHost": "10.0.7",
          "Microsoft.Extensions.DependencyModel": "10.0.7",
          "Microsoft.Extensions.Hosting": "10.0.7"
        }
      },
      "Microsoft.Extensions.Configuration": {
        "type": "Direct",
        "requested": "[10.0.7, )",
        "resolved": "10.0.7",
        "contentHash": "wZbGh7J8R1vXN525O6d8dlcDTxhRTnd5MyW4LdfP5S0tSnTwTCseYSrq6g0Mxh7W9xn8P/2xPuf0D/m6k2dy2w==",
        "dependencies": {
          "Microsoft.Extensions.Configuration.Abstractions": "10.0.7",
          "Microsoft.Extensions.Primitives": "10.0.7"
        }
      },
      "Microsoft.Extensions.Configuration.Abstractions": {
        "type": "Direct",
        "requested": "[10.0.7, )",
        "resolved": "10.0.7",
        "contentHash": "t56nEgvECcyLPojZIUFWJknQQDAbgfTf9J+QMYJE1YYvVgz69vN6B/AKL8Grvj3Lcnp8kTpNqwmwFhb3YLJmtQ==",
        "dependencies": {
          "Microsoft.Extensions.Primitives": "10.0.7"
        }
      },
      "Microsoft.NET.Test.Sdk": {
        "type": "Direct",
        "requested": "[17.14.1, )",
        "resolved": "17.14.1",
        "contentHash": "HJKqKOE+vshXra2aEHpi2TlxYX7Z9VFYkr+E5rwEvHC8eIXiyO+K9kNm8vmNom3e2rA56WqxU+/N9NJlLGXsJQ==",
        "dependencies": {
          "Microsoft.CodeCoverage": "17.14.1",
          "Microsoft.TestPlatform.TestHost": "17.14.1"
        }
      },
      "Moq": {
        "type": "Direct",
        "requested": "[4.20.72, )",
        "resolved": "4.20.72",
        "contentHash": "EA55cjyNn8eTNWrgrdZJH5QLFp2L43oxl1tlkoYUKIE9pRwL784OWiTXeCV5ApS+AMYEAlt7Fo03A2XfouvHmQ==",
        "dependencies": {
          "Castle.Core": "5.1.1"
        }
      },
      "xunit": {
        "type": "Direct",
        "requested": "[2.9.3, )",
        "resolved": "2.9.3",
        "contentHash": "TlXQBinK35LpOPKHAqbLY4xlEen9TBafjs0V5KnA4wZsoQLQJiirCR4CbIXvOH8NzkW4YeJKP5P/Bnrodm0h9Q==",
        "dependencies": {
          "xunit.analyzers": "1.18.0",
          "xunit.assert": "2.9.3",
          "xunit.core": "[2.9.3]"
        }
      },
      "xunit.runner.visualstudio": {
        "type": "Direct",
        "requested": "[3.1.4, )",
        "resolved": "3.1.4",
        "contentHash": "5mj99LvCqrq3CNi06xYdyIAXOEh+5b33F2nErCzI5zWiDdLHXiPXEWFSUAF8zlIv0ZWqjZNCwHTQeAPYbF3pCg=="
      },
      "Amazon.AspNetCore.DataProtection.SSM": {
        "type": "Transitive",
        "resolved": "4.0.3",
        "contentHash": "eFKD6jR06Jbby1i+m8W1A8lDi8dR0tN2OJhQhu8NJNVq4B1HXQNq7fC9olg2Axl8vuDfsviEqbjuFKUkuG3qEg==",
        "dependencies": {
          "AWSSDK.Extensions.NETCore.Setup": "4.0.3.25",
          "AWSSDK.SimpleSystemsManagement": "4.0.7.3",
          "Microsoft.AspNetCore.DataProtection": "10.0.7"
        }
      },
      "AspNetCore.HealthChecks.NpgSql": {
        "type": "Transitive",
        "resolved": "8.0.2",
        "contentHash": "1R0JGr80PkUd0I2HWaunAFcaMPJDhD1qMLYWEIVBkFRdSXrw7KkI5ooJ1hePqk0p/a2IWaqW3+CuxN3qv+yhQA==",
        "dependencies": {
          "Microsoft.Extensions.Diagnostics.HealthChecks": "8.0.0",
          "Npgsql": "8.0.3"
        }
      },
      "AWSSDK.Core": {
        "type": "Transitive",
        "resolved": "4.0.100.3",
        "contentHash": "KU+8IlwHqh68J82FXvsNgehAuG0Z++Ul62oD5sg5Iyj4RgSdUKer3nbLBJbW31DAM7mgEuckhsEcJW+2wYpSVA=="
      },
      "AWSSDK.Extensions.NETCore.Setup": {
        "type": "Transitive",
        "resolved": "4.0.3.25",
        "contentHash": "VIuOwVg1SQsBcIsJk0scmV8iyYRy4zV06JuJl4WEFBHHjluMOLI9U1IVoTzhL6DYE0oZHy/8/WePFzgdCC6kmQ==",
        "dependencies": {
          "AWSSDK.Core": "4.0.3.17",
          "Microsoft.Extensions.Configuration.Abstractions": "2.0.0",
          "Microsoft.Extensions.DependencyInjection.Abstractions": "8.0.0",
          "Microsoft.Extensions.Logging.Abstractions": "2.0.0"
        }
      },
      "AWSSDK.S3": {
        "type": "Transitive",
        "resolved": "4.0.100.3",
        "contentHash": "bHe+BZRyC/TnyPw3/l6N96V/hqtBHyjtXINVrVxVl8LTYx2fxNI1HTwknm0jslSkOiOKeHRZ/oduxMcJXBbtsg==",
        "dependencies": {
          "AWSSDK.Core": "[4.0.100.3, 5.0.0)"
        }
      },
      "AWSSDK.SecretsManager": {
        "type": "Transitive",
        "resolved": "4.0.100.3",
        "contentHash": "VTgdBYMtfp04LDgC9EClfbNblYIQhpNypO4bhtP8/9hxktHtmkEvNqTXQtnutc3e+vfRuHL5UvDLUnWs3Fk6LQ==",
        "dependencies": {
          "AWSSDK.Core": "[4.0.100.3, 5.0.0)"
        }
      },
      "AWSSDK.SimpleSystemsManagement": {
        "type": "Transitive",
        "resolved": "4.0.7.3",
        "contentHash": "wEaAauWCBQc/sPdNYgwDC+WPwgRuDHYWRzOEOdo4UktTi84hI31LqMuDLasEI/UVy/N9gJOS5v8XGqx1wUJCzw==",
        "dependencies": {
          "AWSSDK.Core": "[4.0.3.17, 5.0.0)"
        }
      },
      "BouncyCastle.Cryptography": {
        "type": "Transitive",
        "resolved": "2.6.2",
        "contentHash": "7oWOcvnntmMKNzDLsdxAYqApt+AjpRpP2CShjMfIa3umZ42UQMvH0tl1qAliYPNYO6vTdcGMqnRrCPmsfzTI1w=="
      },
      "Castle.Core": {
        "type": "Transitive",
        "resolved": "5.1.1",
        "contentHash": "rpYtIczkzGpf+EkZgDr9CClTdemhsrwA/W5hMoPjLkRFnXzH44zDLoovXeKtmxb1ykXK9aJVODSpiJml8CTw2g==",
        "dependencies": {
          "System.Diagnostics.EventLog": "6.0.0"
        }
      },
      "ClosedXML": {
        "type": "Transitive",
        "resolved": "0.104.2",
        "contentHash": "gOkSjQ152MhpKmw70cBkJV+FnaZAWzDwM36luRf/7FlWYnNeH++9XYdGTd0Y4KQlVPkKVxy948M5MMsnsGC4GQ==",
        "dependencies": {
          "ClosedXML.Parser": "[1.2.0, 2.0.0)",
          "DocumentFormat.OpenXml": "[3.1.1, 4.0.0)",
          "ExcelNumberFormat": "1.1.0",
          "RBush": "4.0.0",
          "SixLabors.Fonts": "1.0.0"
        }
      },
      "ClosedXML.Parser": {
        "type": "Transitive",
        "resolved": "1.2.0",
        "contentHash": "w+/0tsxABS3lkSH8EUlA7IGme+mq5T/Puf3DbOiTckmSuUpAUO2LK29oXYByCcWkBv6wcRHxgWlQb1lxkwI0Tw=="
      },
      "DocumentFormat.OpenXml": {
        "type": "Transitive",
        "resolved": "3.1.1",
        "contentHash": "2z9QBzeTLNNKWM9SaOSDMegfQk/7hDuElOsmF77pKZMkFRP/GHA/W/4yOAQD9kn15N/FsFxHn3QVYkatuZghiA==",
        "dependencies": {
          "DocumentFormat.OpenXml.Framework": "3.1.1"
        }
      },
      "DocumentFormat.OpenXml.Framework": {
        "type": "Transitive",
        "resolved": "3.1.1",
        "contentHash": "6APEp/ElZV58S/4v8mf4Ke3ONEDORs64MqdD64Z7wWpcHANB9oovQsGIwtqjnKihulOj7T0a6IxHIHOfMqKOng==",
        "dependencies": {
          "System.IO.Packaging": "8.0.1"
        }
      },
      "ExcelNumberFormat": {
        "type": "Transitive",
        "resolved": "1.1.0",
        "contentHash": "R3BVHPs9O+RkExbZYTGT0+9HLbi8ZrNij1Yziyw6znd3J7P3uoIR07uwTLGOogtz1p6+0sna66eBoXu7tBiVQA=="
      },
      "FluentValidation": {
        "type": "Transitive",
        "resolved": "11.9.2",
        "contentHash": "XeHp9LvFvu1fsQ/NvDCymV02GOCB1nz7ZUhfpI3uMhCcHTkV1K5bMkv+Nc/kuNYyAsX5+5bcmUanIEMd5QN+Eg=="
      },
      "FluentValidation.DependencyInjectionExtensions": {
        "type": "Transitive",
        "resolved": "11.9.2",
        "contentHash": "PMAdnR1fX1c8DyUvu5YvRa0V0JHES8vzXnVX0OSS3z9W/SkuHqcGrtiSOdW1QehG3vZhXsKhqf3wgDzW/OYahA==",
        "dependencies": {
          "FluentValidation": "11.9.2",
          "Microsoft.Extensions.Dependencyinjection.Abstractions": "2.1.0"
        }
      },
      "MailKit": {
        "type": "Transitive",
        "resolved": "4.17.0",
        "contentHash": "1nUAVLxM9fhT/78we6/AGsCesnpn5dRNLLeRqOfr52Wnk87pzVwo5YMTMyqnmoXrYc7piGhmayiMA/OgDluIjg==",
        "dependencies": {
          "MimeKit": "4.17.0"
        }
      },
      "MediatR": {
        "type": "Transitive",
        "resolved": "12.4.1",
        "contentHash": "0tLxCgEC5+r1OCuumR3sWyiVa+BMv3AgiU4+pz8xqTc+2q1WbUEXFOr7Orm96oZ9r9FsldgUtWvB2o7b9jDOaw==",
        "dependencies": {
          "MediatR.Contracts": "[2.0.1, 3.0.0)",
          "Microsoft.Extensions.DependencyInjection.Abstractions": "8.0.0"
        }
      },
      "MediatR.Contracts": {
        "type": "Transitive",
        "resolved": "2.0.1",
        "contentHash": "FYv95bNT4UwcNA+G/J1oX5OpRiSUxteXaUt2BJbRSdRNiIUNbggJF69wy6mnk2wYToaanpdXZdCwVylt96MpwQ=="
      },
      "Microsoft.AspNetCore.Authentication.JwtBearer": {
        "type": "Transitive",
        "resolved": "8.0.11",
        "contentHash": "9KhRuywosM24BPf1R5erwsvIkpRUu1+btVyOPlM3JgrhFVP4pq5Fuzi3vjP01OHXfbCtNhWa+HGkZeqaWdcO5w==",
        "dependencies": {
          "Microsoft.IdentityModel.Protocols.OpenIdConnect": "7.1.2"
        }
      },
      "Microsoft.AspNetCore.Cryptography.Internal": {
        "type": "Transitive",
        "resolved": "10.0.7",
        "contentHash": "unTeI3bPmzsl5Xo2Irg7jW8osCjo/H2rBT5sTqopUUI0gbLyTYuTjDyxoKjykjS/nS2jUdAKVFWFoGF1s1g4HQ=="
      },
      "Microsoft.AspNetCore.Cryptography.KeyDerivation": {
        "type": "Transitive",
        "resolved": "8.0.11",
        "contentHash": "w7zU4Bh6AEHsu5spE4OIoZ/z68mMvZITUl0wUAU7tS4vwc+szzht2wKitH1KwODrjHfHk0MAkyw3l6SIR62zBg==",
        "dependencies": {
          "Microsoft.AspNetCore.Cryptography.Internal": "8.0.11"
        }
      },
      "Microsoft.AspNetCore.DataProtection": {
        "type": "Transitive",
        "resolved": "10.0.7",
        "contentHash": "ETphwQ9b2gvTK0ET6cYQY77StbIvSmYHZJdsEOf5AY4YNmol5uIncdqLCJzFgE/KEH1ukRdXTkwSC27hNnltOw==",
        "dependencies": {
          "Microsoft.AspNetCore.Cryptography.Internal": "10.0.7",
          "Microsoft.AspNetCore.DataProtection.Abstractions": "10.0.7",
          "Microsoft.Extensions.DependencyInjection.Abstractions": "10.0.7",
          "Microsoft.Extensions.Hosting.Abstractions": "10.0.7",
          "Microsoft.Extensions.Logging.Abstractions": "10.0.7",
          "Microsoft.Extensions.Options": "10.0.7",
          "System.Security.Cryptography.Xml": "10.0.7"
        }
      },
      "Microsoft.AspNetCore.DataProtection.Abstractions": {
        "type": "Transitive",
        "resolved": "10.0.7",
        "contentHash": "SitkANPwiW0Z2w9bWAFwZ/MxFDDloBkNZCK+SfFJ+/IMUTMvrczBrHmy66+EdQTd2ybRzCm12aKAztQkDGyH6A=="
      },
      "Microsoft.AspNetCore.Identity.EntityFrameworkCore": {
        "type": "Transitive",
        "resolved": "8.0.11",
        "contentHash": "AR87eq0J3pqRPcqJUe9f5xLj8FoXxpakyjSDwvVQXWd6ClzFLQ+GPksCM009tpi6WJZblZ7qud5UZFj421UYTg==",
        "dependencies": {
          "Microsoft.EntityFrameworkCore.Relational": "8.0.11",
          "Microsoft.Extensions.Identity.Stores": "8.0.11"
        }
      },
      "Microsoft.AspNetCore.TestHost": {
        "type": "Transitive",
        "resolved": "10.0.7",
        "contentHash": "2UM9EtTmX6yF6Efa6WOO7wmHz2kPksmnzPmMwveuOGJQwbtNg5wKGj7usGLr8Ve3AMhIAc2yqyRXt1xNsed3hg=="
      },
      "Microsoft.CodeCoverage": {
        "type": "Transitive",
        "resolved": "17.14.1",
        "contentHash": "pmTrhfFIoplzFVbhVwUquT+77CbGH+h4/3mBpdmIlYtBi9nAB+kKI6dN3A/nV4DFi3wLLx/BlHIPK+MkbQ6Tpg=="
      },
      "Microsoft.Data.Sqlite.Core": {
        "type": "Transitive",
        "resolved": "8.0.11",
        "contentHash": "PrDkI9SeU/MEP/IHriczeYmRVbzEcfp66UlZRjL5ikHIJGIYOrby55GoehLCJzJiTwJ+rGkjSRctZnWgfC95fg==",
        "dependencies": {
          "SQLitePCLRaw.core": "2.1.6"
        }
      },
      "Microsoft.EntityFrameworkCore": {
        "type": "Transitive",
        "resolved": "8.0.11",
        "contentHash": "stbjWBTtpQ1HtqXMFyKnXFTr76PvaOHI2b2h85JqBi3eZr00nspvR/a90Zwh8CQ4rVawqLiTG0+0yZQWaav+sQ==",
        "dependencies": {
          "Microsoft.EntityFrameworkCore.Abstractions": "8.0.11",
          "Microsoft.EntityFrameworkCore.Analyzers": "8.0.11",
          "Microsoft.Extensions.Caching.Memory": "8.0.1",
          "Microsoft.Extensions.Logging": "8.0.1"
        }
      },
      "Microsoft.EntityFrameworkCore.Abstractions": {
        "type": "Transitive",
        "resolved": "8.0.11",
        "contentHash": "++zY0Ea724ku1jptWJmF7jm3I4IXTexfT4qi1ETcSFFF7qj+qm6rRgN7mTuKkwIETuXk0ikfzudryRjUGrrNKQ=="
      },
      "Microsoft.EntityFrameworkCore.Analyzers": {
        "type": "Transitive",
        "resolved": "8.0.11",
        "contentHash": "NI/AJQjtC7qgWM8Nr85sRkwlog2AnFer5RKP8xTUH0RuPF3nN0tGXBEeYJOLZWp+/+M/C6O7MMDRhKRE8bZwIA=="
      },
      "Microsoft.EntityFrameworkCore.Relational": {
        "type": "Transitive",
        "resolved": "8.0.11",
        "contentHash": "3TuuW3i5I4Ro0yoaHmi2MqEDGObOVuhLaMEnd/heaLB1fcvm4fu4PevmC4BOWnI0vo176AIlV5o4rEQciLoohw==",
        "dependencies": {
          "Microsoft.EntityFrameworkCore": "8.0.11",
          "Microsoft.Extensions.Configuration.Abstractions": "8.0.0"
        }
      },
      "Microsoft.EntityFrameworkCore.Sqlite": {
        "type": "Transitive",
        "resolved": "8.0.11",
        "contentHash": "HJN+xx8lomTIq7SpshnUzHt7uo1/AOvnPWjXsOzyCsoYMEpfRKjxsJobcHu8Qpvd2mwzZB/mzjPUE8XeuGiCGA==",
        "dependencies": {
          "Microsoft.EntityFrameworkCore.Sqlite.Core": "8.0.11",
          "SQLitePCLRaw.bundle_e_sqlite3": "2.1.6"
        }
      },
      "Microsoft.EntityFrameworkCore.Sqlite.Core": {
        "type": "Transitive",
        "resolved": "8.0.11",
        "contentHash": "wvC/xpis//IG9qvfMbMFMjhrM+P7choZ23CHBRfQyfmIkOVZLBtzM6nestbDdAv3eGnJym1/m0o0sc7YXlL0yg==",
        "dependencies": {
          "Microsoft.Data.Sqlite.Core": "8.0.11",
          "Microsoft.EntityFrameworkCore.Relational": "8.0.11",
          "Microsoft.Extensions.DependencyModel": "8.0.2"
        }
      },
      "Microsoft.Extensions.ApiDescription.Server": {
        "type": "Transitive",
        "resolved": "6.0.5",
        "contentHash": "Ckb5EDBUNJdFWyajfXzUIMRkhf52fHZOQuuZg/oiu8y7zDCVwD0iHhew6MnThjHmevanpxL3f5ci2TtHQEN6bw=="
      },
      "Microsoft.Extensions.Caching.Abstractions": {
        "type": "Transitive",
        "resolved": "8.0.0",
        "contentHash": "3KuSxeHoNYdxVYfg2IRZCThcrlJ1XJqIXkAWikCsbm5C/bCjv7G0WoKDyuR98Q+T607QT2Zl5GsbGRkENcV2yQ==",
        "dependencies": {
          "Microsoft.Extensions.Primitives": "8.0.0"
        }
      },
      "Microsoft.Extensions.Caching.Memory": {
        "type": "Transitive",
        "resolved": "8.0.1",
        "contentHash": "HFDnhYLccngrzyGgHkjEDU5FMLn4MpOsr5ElgsBMC4yx6lJh4jeWO7fHS8+TXPq+dgxCmUa/Trl8svObmwW4QA==",
        "dependencies": {
          "Microsoft.Extensions.Caching.Abstractions": "8.0.0",
          "Microsoft.Extensions.DependencyInjection.Abstractions": "8.0.2",
          "Microsoft.Extensions.Logging.Abstractions": "8.0.2",
          "Microsoft.Extensions.Options": "8.0.2",
          "Microsoft.Extensions.Primitives": "8.0.0"
        }
      },
      "Microsoft.Extensions.Configuration.Binder": {
        "type": "Transitive",
        "resolved": "10.0.7",
        "contentHash": "8bS1qIaRivny+WX+49pmeJ6iAylbtX8C0DLEcCQWZjdxQvLqaMssXiGD9P/6pYElrHbK5/nAHmjbQ8STqdMYeg==",
        "dependencies": {
          "Microsoft.Extensions.Configuration": "10.0.7",
          "Microsoft.Extensions.Configuration.Abstractions": "10.0.7"
        }
      },
      "Microsoft.Extensions.Configuration.CommandLine": {
        "type": "Transitive",
        "resolved": "10.0.7",
        "contentHash": "3lNjglxfFxOzI9zG+3HSg/YSGqo//8Fqw6u6iuIamZb4JCorbA3JLaeWOpfKTAPi2UJwaispOXWx14dUqcGz4A==",
        "dependencies": {
          "Microsoft.Extensions.Configuration": "10.0.7",
          "Microsoft.Extensions.Configuration.Abstractions": "10.0.7"
        }
      },
      "Microsoft.Extensions.Configuration.EnvironmentVariables": {
        "type": "Transitive",
        "resolved": "10.0.7",
        "contentHash": "TWto3imA+mJMLZI+5sbgLiFFoOFNFkizQYNaC5jTuiHKn3diwm1RN7mWDOEZN9kG2bixw7IvgpvtUG5/teSRzA==",
        "dependencies": {
          "Microsoft.Extensions.Configuration": "10.0.7",
          "Microsoft.Extensions.Configuration.Abstractions": "10.0.7"
        }
      },
      "Microsoft.Extensions.Configuration.FileExtensions": {
        "type": "Transitive",
        "resolved": "10.0.7",
        "contentHash": "qbZLvLsoTdArSloEnSxs21P781YUmwVmHc5NJPQD/ezAreQ7884z+6QfAZVKi86WAZtzx83jK2uC4itxOM44gQ==",
        "dependencies": {
          "Microsoft.Extensions.Configuration": "10.0.7",
          "Microsoft.Extensions.Configuration.Abstractions": "10.0.7",
          "Microsoft.Extensions.FileProviders.Abstractions": "10.0.7",
          "Microsoft.Extensions.FileProviders.Physical": "10.0.7",
          "Microsoft.Extensions.Primitives": "10.0.7"
        }
      },
      "Microsoft.Extensions.Configuration.Json": {
        "type": "Transitive",
        "resolved": "10.0.7",
        "contentHash": "64dimvyyKk0dbUbrLg/YCv4ugJ4sVz2aXLwfvZwR1EC4tJqW9ru/oVRcXwoJRa2lQGXtYtlpk4maWOeIb48tQw==",
        "dependencies": {
          "Microsoft.Extensions.Configuration": "10.0.7",
          "Microsoft.Extensions.Configuration.Abstractions": "10.0.7",
          "Microsoft.Extensions.Configuration.FileExtensions": "10.0.7",
          "Microsoft.Extensions.FileProviders.Abstractions": "10.0.7"
        }
      },
      "Microsoft.Extensions.Configuration.UserSecrets": {
        "type": "Transitive",
        "resolved": "10.0.7",
        "contentHash": "YqVIICoIdl0016wkeO2WQS+uEbEXbUhMLKdC5rZNl1X3nu59F+nwaAHdHjq/4OK+Cx31DYmNUSFh+MUot8qSDw==",
        "dependencies": {
          "Microsoft.Extensions.Configuration.Abstractions": "10.0.7",
          "Microsoft.Extensions.Configuration.Json": "10.0.7",
          "Microsoft.Extensions.FileProviders.Abstractions": "10.0.7",
          "Microsoft.Extensions.FileProviders.Physical": "10.0.7"
        }
      },
      "Microsoft.Extensions.DependencyInjection": {
        "type": "Transitive",
        "resolved": "10.0.7",
        "contentHash": "91F/o3emPV/+xY/ip3s2LqDNF14kjttlVtq0BXgg6p4MnCzeSZxnUJm+t6WRrtD3JdGo88/oX+z7OwK4y8PZuw==",
        "dependencies": {
          "Microsoft.Extensions.DependencyInjection.Abstractions": "10.0.7"
        }
      },
      "Microsoft.Extensions.DependencyInjection.Abstractions": {
        "type": "Transitive",
        "resolved": "10.0.7",
        "contentHash": "Z6mfFEaFcwCfSboxJwOLfu7/31npCY9q70WUamHW/vRQhDvBKOT4Vf9YkZj5J6hLvJpb0oDEYfHunQZj0xxvKw=="
      },
      "Microsoft.Extensions.DependencyModel": {
        "type": "Transitive",
        "resolved": "10.0.7",
        "contentHash": "gCglFg/9Chu3lyJNytRuQAYM3mXQKNs1i01Cz2bc545QaHQ+LbBb4O5UCfu968Gro3ZVSOZ/ktilmPcaUSGSZA=="
      },
      "Microsoft.Extensions.Diagnostics": {
        "type": "Transitive",
        "resolved": "10.0.7",
        "contentHash": "l+smp1qPlU0OUXD0OGfdp7OUFrbdq7ZaP5T7m2WpfZ4RFKD7iG73BAT7tjSMxNmbSXkhAn1jYHOAqzYG1r9sNg==",
        "dependencies": {
          "Microsoft.Extensions.Configuration": "10.0.7",
          "Microsoft.Extensions.Diagnostics.Abstractions": "10.0.7",
          "Microsoft.Extensions.Options.ConfigurationExtensions": "10.0.7"
        }
      },
      "Microsoft.Extensions.Diagnostics.Abstractions": {
        "type": "Transitive",
        "resolved": "10.0.7",
        "contentHash": "uJ9JP677y+uy+C0vtaSfi7XXgFAdz8DhU3M9lwwIXDfQKcyQ0yxM9DVYa0NXDtdVTYA2eBUtVFZ8LY0GCdeE/w==",
        "dependencies": {
          "Microsoft.Extensions.DependencyInjection.Abstractions": "10.0.7",
          "Microsoft.Extensions.Options": "10.0.7"
        }
      },
      "Microsoft.Extensions.Diagnostics.HealthChecks": {
        "type": "Transitive",
        "resolved": "8.0.11",
        "contentHash": "zLgN22Zp9pk8RHlwssRTexw4+a6wqOnKWN+VejdPn5Yhjql4XiBhkFo35Nu8mmqHIk/UEmmCnMGLWq75aFfkOw==",
        "dependencies": {
          "Microsoft.Extensions.Diagnostics.HealthChecks.Abstractions": "8.0.11",
          "Microsoft.Extensions.Hosting.Abstractions": "8.0.1",
          "Microsoft.Extensions.Logging.Abstractions": "8.0.2",
          "Microsoft.Extensions.Options": "8.0.2"
        }
      },
      "Microsoft.Extensions.Diagnostics.HealthChecks.Abstractions": {
        "type": "Transitive",
        "resolved": "8.0.11",
        "contentHash": "So3JUdRxozRjvQ3cxU6F3nI/i4emDnjane6yMYcJhvTTTu29ltlIdoXjkFGRceIWz8yKvuEpzXItZ0x5GvN2nQ=="
      },
      "Microsoft.Extensions.Diagnostics.HealthChecks.EntityFrameworkCore": {
        "type": "Transitive",
        "resolved": "8.0.11",
        "contentHash": "+SVpb+dITG0G7X76+VfMHX92MA0Xp4xCk+LxFjc6jJcllGzOF1B4bqyzRVw809qTIdMPuO1KmGOciwQ4ziimUQ==",
        "dependencies": {
          "Microsoft.EntityFrameworkCore.Relational": "8.0.11",
          "Microsoft.Extensions.Diagnostics.HealthChecks": "8.0.11",
          "Microsoft.Extensions.Diagnostics.HealthChecks.Abstractions": "8.0.11"
        }
      },
      "Microsoft.Extensions.FileProviders.Abstractions": {
        "type": "Transitive",
        "resolved": "10.0.7",
        "contentHash": "teioDgVpi8L186wUfrXQV1YuBt6lCSPmFZiMZo53+FZxHFjOV+f4GXo4LXgJ273Mku9//AdXWVjk9J7eJP6inw==",
        "dependencies": {
          "Microsoft.Extensions.Primitives": "10.0.7"
        }
      },
      "Microsoft.Extensions.FileProviders.Physical": {
        "type": "Transitive",
        "resolved": "10.0.7",
        "contentHash": "zhgWg/i0ECj5v0jLFBSZHplvc5ygCI91DR4nne+BP4XAKF5ycz0pEKnFiTw8C1jCABJEZsnBZh6pXAvn71kFmw==",
        "dependencies": {
          "Microsoft.Extensions.FileProviders.Abstractions": "10.0.7",
          "Microsoft.Extensions.FileSystemGlobbing": "10.0.7",
          "Microsoft.Extensions.Primitives": "10.0.7"
        }
      },
      "Microsoft.Extensions.FileSystemGlobbing": {
        "type": "Transitive",
        "resolved": "10.0.7",
        "contentHash": "NTUspqB+vH9g4wAD6KPOBx01xqYuKXR/cHXm449zpbq1GqfjdAxBmg7eJXrNsPw7SKwIdT2cJ05GxYVvc+lvsA=="
      },
      "Microsoft.Extensions.Hosting": {
        "type": "Transitive",
        "resolved": "10.0.7",
        "contentHash": "M/vBpfWcschvS2EUeq7cHfscsxabiGTptXwV7GeSueovGiSoNjyo1j5PMcWuOAAQrRW3nRqxZk8NeumrmpzUBg==",
        "dependencies": {
          "Microsoft.Extensions.Configuration": "10.0.7",
          "Microsoft.Extensions.Configuration.Abstractions": "10.0.7",
          "Microsoft.Extensions.Configuration.Binder": "10.0.7",
          "Microsoft.Extensions.Configuration.CommandLine": "10.0.7",
          "Microsoft.Extensions.Configuration.EnvironmentVariables": "10.0.7",
          "Microsoft.Extensions.Configuration.FileExtensions": "10.0.7",
          "Microsoft.Extensions.Configuration.Json": "10.0.7",
          "Microsoft.Extensions.Configuration.UserSecrets": "10.0.7",
          "Microsoft.Extensions.DependencyInjection": "10.0.7",
          "Microsoft.Extensions.DependencyInjection.Abstractions": "10.0.7",
          "Microsoft.Extensions.Diagnostics": "10.0.7",
          "Microsoft.Extensions.FileProviders.Abstractions": "10.0.7",
          "Microsoft.Extensions.FileProviders.Physical": "10.0.7",
          "Microsoft.Extensions.Hosting.Abstractions": "10.0.7",
          "Microsoft.Extensions.Logging": "10.0.7",
          "Microsoft.Extensions.Logging.Abstractions": "10.0.7",
          "Microsoft.Extensions.Logging.Configuration": "10.0.7",
          "Microsoft.Extensions.Logging.Console": "10.0.7",
          "Microsoft.Extensions.Logging.Debug": "10.0.7",
          "Microsoft.Extensions.Logging.EventLog": "10.0.7",
          "Microsoft.Extensions.Logging.EventSource": "10.0.7",
          "Microsoft.Extensions.Options": "10.0.7"
        }
      },
      "Microsoft.Extensions.Hosting.Abstractions": {
        "type": "Transitive",
        "resolved": "10.0.7",
        "contentHash": "5s8d6qC6EA8UOI4wR/+zlsq7SXttJMRb9d7zvVZ7+bE3CQEfVtC9ITUDCommm87R1zzj6WJBbCnztuIJXnP3DA==",
        "dependencies": {
          "Microsoft.Extensions.Configuration.Abstractions": "10.0.7",
          "Microsoft.Extensions.DependencyInjection.Abstractions": "10.0.7",
          "Microsoft.Extensions.Diagnostics.Abstractions": "10.0.7",
          "Microsoft.Extensions.FileProviders.Abstractions": "10.0.7",
          "Microsoft.Extensions.Logging.Abstractions": "10.0.7"
        }
      },
      "Microsoft.Extensions.Identity.Core": {
        "type": "Transitive",
        "resolved": "8.0.11",
        "contentHash": "5ROvy0GKI34h7yzx50WvWgIrBUtMpAN+nppCtBDJ5kiqn+yRd6qZ9hfLFNAd+7GQ/Et3p5VSHX5Y6p9u6W7v3Q==",
        "dependencies": {
          "Microsoft.AspNetCore.Cryptography.KeyDerivation": "8.0.11",
          "Microsoft.Extensions.Logging": "8.0.1",
          "Microsoft.Extensions.Options": "8.0.2"
        }
      },
      "Microsoft.Extensions.Identity.Stores": {
        "type": "Transitive",
        "resolved": "8.0.11",
        "contentHash": "UX94QZGOIFKORcwoOEvJPypHWakRpu8cMcs2keVIaQdnY9F7MuEALeRVxckY6C2vwTYeslWUEm/8aDlof+crMw==",
        "dependencies": {
          "Microsoft.Extensions.Caching.Abstractions": "8.0.0",
          "Microsoft.Extensions.Identity.Core": "8.0.11",
          "Microsoft.Extensions.Logging": "8.0.1"
        }
      },
      "Microsoft.Extensions.Logging": {
        "type": "Transitive",
        "resolved": "10.0.7",
        "contentHash": "hOeRIQ63GkgiYCB/MIFp+LQs8aXpJXpB55t6Aj37ab7t2/6WeFcPXxYM9hdy/o5tffzwf8mhqzLJP6mjGYCxjw==",
        "dependencies": {
          "Microsoft.Extensions.DependencyInjection": "10.0.7",
          "Microsoft.Extensions.Logging.Abstractions": "10.0.7",
          "Microsoft.Extensions.Options": "10.0.7"
        }
      },
      "Microsoft.Extensions.Logging.Abstractions": {
        "type": "Transitive",
        "resolved": "10.0.7",
        "contentHash": "tIEcQ2gvERrH2KiCjdsVcHGhXt9lIsuDStfOIeZWr7/fP8IXhGiYfx0/80PNI7WPO2IYuFtlZLSlnTS8+/Mchw==",
        "dependencies": {
          "Microsoft.Extensions.DependencyInjection.Abstractions": "10.0.7"
        }
      },
      "Microsoft.Extensions.Logging.Configuration": {
        "type": "Transitive",
        "resolved": "10.0.7",
        "contentHash": "7BBnoGF37USiu7j434put9mDp7EjdlNDIZsR4vHfC1FbLZeLqiWjgJbeEtF0p59Ryqt8AtraHawf0ZKbe5jibg==",
        "dependencies": {
          "Microsoft.Extensions.Configuration": "10.0.7",
          "Microsoft.Extensions.Configuration.Abstractions": "10.0.7",
          "Microsoft.Extensions.Configuration.Binder": "10.0.7",
          "Microsoft.Extensions.DependencyInjection.Abstractions": "10.0.7",
          "Microsoft.Extensions.Logging": "10.0.7",
          "Microsoft.Extensions.Logging.Abstractions": "10.0.7",
          "Microsoft.Extensions.Options": "10.0.7",
          "Microsoft.Extensions.Options.ConfigurationExtensions": "10.0.7"
        }
      },
      "Microsoft.Extensions.Logging.Console": {
        "type": "Transitive",
        "resolved": "10.0.7",
        "contentHash": "DA++Es6v6W0HfrOrw+K8WyN6jNnZHp640PDdEvl8yfeVmgflKdn6vSSFvufNUSOuY+M2ZaSUgfY+jUKtNpXcCw==",
        "dependencies": {
          "Microsoft.Extensions.DependencyInjection.Abstractions": "10.0.7",
          "Microsoft.Extensions.Logging": "10.0.7",
          "Microsoft.Extensions.Logging.Abstractions": "10.0.7",
          "Microsoft.Extensions.Logging.Configuration": "10.0.7",
          "Microsoft.Extensions.Options": "10.0.7"
        }
      },
      "Microsoft.Extensions.Logging.Debug": {
        "type": "Transitive",
        "resolved": "10.0.7",
        "contentHash": "Y6DSt/JZApunYWKqTtqbdsR6iqAvHx3D0tavbNJ1rnC24MUpF+3XO/VKgFi+9PFqMyvQ2GHBBGb8H3cLSw7rDg==",
        "dependencies": {
          "Microsoft.Extensions.DependencyInjection.Abstractions": "10.0.7",
          "Microsoft.Extensions.Logging": "10.0.7",
          "Microsoft.Extensions.Logging.Abstractions": "10.0.7"
        }
      },
      "Microsoft.Extensions.Logging.EventLog": {
        "type": "Transitive",
        "resolved": "10.0.7",
        "contentHash": "1C8eTuxF6BLncNSJ1HCfmaBcjpUSqQDPlBVdYTlet9oldHTPpNh9iatxSJLs8TOqdp/FOpH+nSLdBve7fu9mTQ==",
        "dependencies": {
          "Microsoft.Extensions.DependencyInjection.Abstractions": "10.0.7",
          "Microsoft.Extensions.Logging": "10.0.7",
          "Microsoft.Extensions.Logging.Abstractions": "10.0.7",
          "Microsoft.Extensions.Options": "10.0.7",
          "System.Diagnostics.EventLog": "10.0.7"
        }
      },
      "Microsoft.Extensions.Logging.EventSource": {
        "type": "Transitive",
        "resolved": "10.0.7",
        "contentHash": "YWfndnDX1jVMGCN8d5T+rO+BO8sDw6BkYlUk0BYui+WP7+HhlWx8QLdA4yUDjrkGVb3AQxIWWEPVKw5Nnfj5GQ==",
        "dependencies": {
          "Microsoft.Extensions.DependencyInjection.Abstractions": "10.0.7",
          "Microsoft.Extensions.Logging": "10.0.7",
          "Microsoft.Extensions.Logging.Abstractions": "10.0.7",
          "Microsoft.Extensions.Options": "10.0.7",
          "Microsoft.Extensions.Primitives": "10.0.7"
        }
      },
      "Microsoft.Extensions.Options": {
        "type": "Transitive",
        "resolved": "10.0.7",
        "contentHash": "00SHUGTh2jSMvIr6x9Xwd2nE+B5/qFCO/9hDwUDhJsjYRDlADmaBZ7tqehXzBDsfjHSXJzuRHJzPYPPjphBQ7Q==",
        "dependencies": {
          "Microsoft.Extensions.DependencyInjection.Abstractions": "10.0.7",
          "Microsoft.Extensions.Primitives": "10.0.7"
        }
      },
      "Microsoft.Extensions.Options.ConfigurationExtensions": {
        "type": "Transitive",
        "resolved": "10.0.7",
        "contentHash": "IT7f+EMXZtkjatEcF+o6aOw/7OE4etRrMiDGEWH/iiTu2R3uhC4NEQJCfHiibtX45U3sIQ5Fh6tbb1qaOz3YAg==",
        "dependencies": {
          "Microsoft.Extensions.Configuration.Abstractions": "10.0.7",
          "Microsoft.Extensions.Configuration.Binder": "10.0.7",
          "Microsoft.Extensions.DependencyInjection.Abstractions": "10.0.7",
          "Microsoft.Extensions.Options": "10.0.7",
          "Microsoft.Extensions.Primitives": "10.0.7"
        }
      },
      "Microsoft.Extensions.Primitives": {
        "type": "Transitive",
        "resolved": "10.0.7",
        "contentHash": "D5M0Jr551iTgwkZMN9rm0pSkgNLj5quUWQUmQPMZh7k/bnvZTnXRGfE2KuvXf1EEjt/ofD9yw9IumpgdP9QCnw=="
      },
      "Microsoft.IdentityModel.Abstractions": {
        "type": "Transitive",
        "resolved": "8.3.1",
        "contentHash": "oXYKRcTS0DTIB5vZenGy9oceD8awhjnXFFabc/IWBwluMA03SGvazCFyUIQ2mJOIOSf9lLyM971nbTj9qZgEJg=="
      },
      "Microsoft.IdentityModel.JsonWebTokens": {
        "type": "Transitive",
        "resolved": "8.3.1",
        "contentHash": "cA622rrXYdaO7inNZ8KY5leZpP6889wT+gHPgvy62PYlAITyxF9PxP5u+ecNBOsPx2PagBH7ZNr39yU/MOPn+w==",
        "dependencies": {
          "Microsoft.IdentityModel.Tokens": "8.3.1"
        }
      },
      "Microsoft.IdentityModel.Logging": {
        "type": "Transitive",
        "resolved": "8.3.1",
        "contentHash": "XCwbK7ErgZdrwl4ph+i8X5SCGwAepBFbsNIEceozGzrBFVvZbKKJE1WQOft9QyglP4me+DECdVVL8UnI6OO+sg==",
        "dependencies": {
          "Microsoft.IdentityModel.Abstractions": "8.3.1"
        }
      },
      "Microsoft.IdentityModel.Protocols": {
        "type": "Transitive",
        "resolved": "7.1.2",
        "contentHash": "SydLwMRFx6EHPWJ+N6+MVaoArN1Htt92b935O3RUWPY1yUF63zEjvd3lBu79eWdZUwedP8TN2I5V9T3nackvIQ==",
        "dependencies": {
          "Microsoft.IdentityModel.Logging": "7.1.2",
          "Microsoft.IdentityModel.Tokens": "7.1.2"
        }
      },
      "Microsoft.IdentityModel.Protocols.OpenIdConnect": {
        "type": "Transitive",
        "resolved": "7.1.2",
        "contentHash": "6lHQoLXhnMQ42mGrfDkzbIOR3rzKM1W1tgTeMPLgLCqwwGw0d96xFi/UiX/fYsu7d6cD5MJiL3+4HuI8VU+sVQ==",
        "dependencies": {
          "Microsoft.IdentityModel.Protocols": "7.1.2",
          "System.IdentityModel.Tokens.Jwt": "7.1.2"
        }
      },
      "Microsoft.IdentityModel.Tokens": {
        "type": "Transitive",
        "resolved": "8.3.1",
        "contentHash": "77GXREJzIDiKAc/RR8YE267bwzrxM4cjMRCzMQa0Xk1MUUdjx/JwjDJpUh00vT4oxcX5rjsMP0KLd8YjgR3N3w==",
        "dependencies": {
          "Microsoft.Extensions.Logging.Abstractions": "9.0.0",
          "Microsoft.IdentityModel.Logging": "8.3.1"
        }
      },
      "Microsoft.OpenApi": {
        "type": "Transitive",
        "resolved": "1.2.3",
        "contentHash": "Nug3rO+7Kl5/SBAadzSMAVgqDlfGjJZ0GenQrLywJ84XGKO0uRqkunz5Wyl0SDwcR71bAATXvSdbdzPrYRYKGw=="
      },
      "Microsoft.TestPlatform.ObjectModel": {
        "type": "Transitive",
        "resolved": "17.14.1",
        "contentHash": "xTP1W6Mi6SWmuxd3a+jj9G9UoC850WGwZUps1Wah9r1ZxgXhdJfj1QqDLJkFjHDCvN42qDL2Ps5KjQYWUU0zcQ=="
      },
      "Microsoft.TestPlatform.TestHost": {
        "type": "Transitive",
        "resolved": "17.14.1",
        "contentHash": "d78LPzGKkJwsJXAQwsbJJ7LE7D1wB+rAyhHHAaODF+RDSQ0NgMjDFkSA1Djw18VrxO76GlKAjRUhl+H8NL8Z+Q==",
        "dependencies": {
          "Microsoft.TestPlatform.ObjectModel": "17.14.1",
          "Newtonsoft.Json": "13.0.3"
        }
      },
      "MimeKit": {
        "type": "Transitive",
        "resolved": "4.17.0",
        "contentHash": "h/KXsCreJf8RpR/PSAtlbvYtZFndp9N8Wn1Bs248AL7ITyhn+AiIY5bLTvt60tbN2mu6g8KadtBNWygTji2lqg==",
        "dependencies": {
          "BouncyCastle.Cryptography": "2.6.2",
          "System.Security.Cryptography.Pkcs": "10.0.0"
        }
      },
      "Newtonsoft.Json": {
        "type": "Transitive",
        "resolved": "13.0.3",
        "contentHash": "HrC5BXdl00IP9zeV+0Z848QWPAoCr9P3bDEZguI+gkLcBKAOxix/tLEAAHC+UvDNPv4a2d18lOReHMOagPa+zQ=="
      },
      "Npgsql": {
        "type": "Transitive",
        "resolved": "8.0.6",
        "contentHash": "KaS6CY5kY2Sd0P00MSeFcOI3t2DiQ4UWG8AuRpVOUeDWITOKfoEEG91DP3cmT6aerixPkjwKgXxnpDxIkDpO6g==",
        "dependencies": {
          "Microsoft.Extensions.Logging.Abstractions": "8.0.0"
        }
      },
      "Npgsql.EntityFrameworkCore.PostgreSQL": {
        "type": "Transitive",
        "resolved": "8.0.11",
        "contentHash": "leShR/O/nSIS3Jpj8yUBmkzaXzBbtlV326+MYkX2BwAj2qSNrUv/H6m8G9Hnv2zUkQYccTpmV5jIVq5vdciEUA==",
        "dependencies": {
          "Microsoft.EntityFrameworkCore": "8.0.11",
          "Microsoft.EntityFrameworkCore.Abstractions": "8.0.11",
          "Microsoft.EntityFrameworkCore.Relational": "8.0.11",
          "Npgsql": "8.0.6"
        }
      },
      "QuestPDF": {
        "type": "Transitive",
        "resolved": "2024.12.2",
        "contentHash": "tVKd0zv1tqCvwEWGhtm437hnN3zh+h1M0Catba6RALAyMr96tKo6/8QlHvpjfwbm9unKYxTW/F/O2WSwRW2EWg=="
      },
      "RBush": {
        "type": "Transitive",
        "resolved": "4.0.0",
        "contentHash": "j3GeRxxLUQdc+UrZnvythdQxi3bd8ayn87VDjfGXrvfodF550n9wR6SgQvpo+YiAv3GJezsu6lK0l47rRqnbdg=="
      },
      "Serilog": {
        "type": "Transitive",
        "resolved": "4.0.0",
        "contentHash": "2jDkUrSh5EofOp7Lx5Zgy0EB+7hXjjxE2ktTb1WVQmU00lDACR2TdROGKU0K1pDTBSJBN1PqgYpgOZF8mL7NJw=="
      },
      "Serilog.AspNetCore": {
        "type": "Transitive",
        "resolved": "8.0.3",
        "contentHash": "Y5at41mc0OV982DEJslBKHd6uzcWO6POwR3QceJ6gtpMPxCzm4+FElGPF0RdaTD7MGsP6XXE05LMbSi0NO+sXg==",
        "dependencies": {
          "Microsoft.Extensions.Logging": "8.0.0",
          "Serilog": "3.1.1",
          "Serilog.Extensions.Hosting": "8.0.0",
          "Serilog.Formatting.Compact": "2.0.0",
          "Serilog.Settings.Configuration": "8.0.4",
          "Serilog.Sinks.Console": "5.0.0",
          "Serilog.Sinks.Debug": "2.0.0",
          "Serilog.Sinks.File": "5.0.0"
        }
      },
      "Serilog.Extensions.Hosting": {
        "type": "Transitive",
        "resolved": "8.0.0",
        "contentHash": "db0OcbWeSCvYQkHWu6n0v40N4kKaTAXNjlM3BKvcbwvNzYphQFcBR+36eQ/7hMMwOkJvAyLC2a9/jNdUL5NjtQ==",
        "dependencies": {
          "Microsoft.Extensions.DependencyInjection.Abstractions": "8.0.0",
          "Microsoft.Extensions.Hosting.Abstractions": "8.0.0",
          "Microsoft.Extensions.Logging.Abstractions": "8.0.0",
          "Serilog": "3.1.1",
          "Serilog.Extensions.Logging": "8.0.0"
        }
      },
      "Serilog.Extensions.Logging": {
        "type": "Transitive",
        "resolved": "8.0.0",
        "contentHash": "YEAMWu1UnWgf1c1KP85l1SgXGfiVo0Rz6x08pCiPOIBt2Qe18tcZLvdBUuV5o1QHvrs8FAry9wTIhgBRtjIlEg==",
        "dependencies": {
          "Microsoft.Extensions.Logging": "8.0.0",
          "Serilog": "3.1.1"
        }
      },
      "Serilog.Formatting.Compact": {
        "type": "Transitive",
        "resolved": "2.0.0",
        "contentHash": "ob6z3ikzFM3D1xalhFuBIK1IOWf+XrQq+H4KeH4VqBcPpNcmUgZlRQ2h3Q7wvthpdZBBoY86qZOI2LCXNaLlNA==",
        "dependencies": {
          "Serilog": "3.1.0"
        }
      },
      "Serilog.Settings.Configuration": {
        "type": "Transitive",
        "resolved": "8.0.4",
        "contentHash": "pkxvq0umBKK8IKFJc1aV5S/HGRG/NIxJ6FV42KaTPLfDmBOAbBUB1m5gqqlGxzEa1MgDDWtQlWJdHTSxVWNx+Q==",
        "dependencies": {
          "Microsoft.Extensions.Configuration.Binder": "8.0.0",
          "Microsoft.Extensions.DependencyModel": "8.0.2",
          "Serilog": "3.1.1"
        }
      },
      "Serilog.Sinks.Console": {
        "type": "Transitive",
        "resolved": "6.0.0",
        "contentHash": "fQGWqVMClCP2yEyTXPIinSr5c+CBGUvBybPxjAGcf7ctDhadFhrQw03Mv8rJ07/wR5PDfFjewf2LimvXCDzpbA==",
        "dependencies": {
          "Serilog": "4.0.0"
        }
      },
      "Serilog.Sinks.Debug": {
        "type": "Transitive",
        "resolved": "2.0.0",
        "contentHash": "Y6g3OBJ4JzTyyw16fDqtFcQ41qQAydnEvEqmXjhwhgjsnG/FaJ8GUqF5ldsC/bVkK8KYmqrPhDO+tm4dF6xx4A==",
        "dependencies": {
          "Serilog": "2.10.0"
        }
      },
      "Serilog.Sinks.File": {
        "type": "Transitive",
        "resolved": "6.0.0",
        "contentHash": "lxjg89Y8gJMmFxVkbZ+qDgjl+T4yC5F7WSLTvA+5q0R04tfKVLRL/EHpYoJ/MEQd2EeCKDuylBIVnAYMotmh2A==",
        "dependencies": {
          "Serilog": "4.0.0"
        }
      },
      "SixLabors.Fonts": {
        "type": "Transitive",
        "resolved": "1.0.0",
        "contentHash": "LFQsCZlV0xlUyXAOMUo5kkSl+8zAQXXbbdwWchtk0B4o7zotZhQsQOcJUELGHdfPfm/xDAsz6hONAuV25bJaAg=="
      },
      "SQLitePCLRaw.bundle_e_sqlite3": {
        "type": "Transitive",
        "resolved": "2.1.6",
        "contentHash": "BmAf6XWt4TqtowmiWe4/5rRot6GerAeklmOPfviOvwLoF5WwgxcJHAxZtySuyW9r9w+HLILnm8VfJFLCUJYW8A==",
        "dependencies": {
          "SQLitePCLRaw.lib.e_sqlite3": "2.1.6",
          "SQLitePCLRaw.provider.e_sqlite3": "2.1.6"
        }
      },
      "SQLitePCLRaw.core": {
        "type": "Transitive",
        "resolved": "2.1.6",
        "contentHash": "wO6v9GeMx9CUngAet8hbO7xdm+M42p1XeJq47ogyRoYSvNSp0NGLI+MgC0bhrMk9C17MTVFlLiN6ylyExLCc5w=="
      },
      "SQLitePCLRaw.lib.e_sqlite3": {
        "type": "Transitive",
        "resolved": "3.53.3",
        "contentHash": "ZXiSbBkrlw2Of/dBqny/qtQol7dlThrUD8zH/jkQicCFm2yn2BbhKsQW0+YHAzhANWz4ZJCz7gvo88BwluVhkA=="
      },
      "SQLitePCLRaw.provider.e_sqlite3": {
        "type": "Transitive",
        "resolved": "2.1.6",
        "contentHash": "PQ2Oq3yepLY4P7ll145P3xtx2bX8xF4PzaKPRpw9jZlKvfe4LE/saAV82inND9usn1XRpmxXk7Lal3MTI+6CNg==",
        "dependencies": {
          "SQLitePCLRaw.core": "2.1.6"
        }
      },
      "Swashbuckle.AspNetCore": {
        "type": "Transitive",
        "resolved": "6.5.0",
        "contentHash": "FK05XokgjgwlCI6wCT+D4/abtQkL1X1/B9Oas6uIwHFmYrIO9WUD5aLC9IzMs9GnHfUXOtXZ2S43gN1mhs5+aA==",
        "dependencies": {
          "Microsoft.Extensions.ApiDescription.Server": "6.0.5",
          "Swashbuckle.AspNetCore.Swagger": "6.5.0",
          "Swashbuckle.AspNetCore.SwaggerGen": "6.5.0",
          "Swashbuckle.AspNetCore.SwaggerUI": "6.5.0"
        }
      },
      "Swashbuckle.AspNetCore.Swagger": {
        "type": "Transitive",
        "resolved": "6.5.0",
        "contentHash": "XWmCmqyFmoItXKFsQSwQbEAsjDKcxlNf1l+/Ki42hcb6LjKL8m5Db69OTvz5vLonMSRntYO1XLqz0OP+n3vKnA==",
        "dependencies": {
          "Microsoft.OpenApi": "1.2.3"
        }
      },
      "Swashbuckle.AspNetCore.SwaggerGen": {
        "type": "Transitive",
        "resolved": "6.5.0",
        "contentHash": "Y/qW8Qdg9OEs7V013tt+94OdPxbRdbhcEbw4NiwGvf4YBcfhL/y7qp/Mjv/cENsQ2L3NqJ2AOu94weBy/h4KvA==",
        "dependencies": {
          "Swashbuckle.AspNetCore.Swagger": "6.5.0"
        }
      },
      "Swashbuckle.AspNetCore.SwaggerUI": {
        "type": "Transitive",
        "resolved": "6.5.0",
        "contentHash": "OvbvxX+wL8skxTBttcBsVxdh73Fag4xwqEU2edh4JMn7Ws/xJHnY/JB1e9RoCb6XpDxUF3hD9A0Z1lEUx40Pfw=="
      },
      "System.Diagnostics.EventLog": {
        "type": "Transitive",
        "resolved": "10.0.7",
        "contentHash": "WbmDLeTPYhEzXhvYVioTVn/D1XX6bovyny9n5p8Zxtf03+eY385RB818teZm6n+fA63iZNvng0/Np4tLuhkMhQ=="
      },
      "System.IdentityModel.Tokens.Jwt": {
        "type": "Transitive",
        "resolved": "8.3.1",
        "contentHash": "SxdCv+SmnKOhUvryKvrpWJnkuVHj3hU8pUwj7R8zthi73TlBUlMyavon9qfuJsjnqY+L7jusp3Zo0fWFX6mwtw==",
        "dependencies": {
          "Microsoft.IdentityModel.JsonWebTokens": "8.3.1",
          "Microsoft.IdentityModel.Tokens": "8.3.1"
        }
      },
      "System.IO.Packaging": {
        "type": "Transitive",
        "resolved": "8.0.1",
        "contentHash": "KYkIOAvPexQOLDxPO2g0BVoWInnQhPpkFzRqvNrNrMhVT6kqhVr0zEb6KCHlptLFukxnZrjuMVAnxK7pOGUYrw=="
      },
      "System.Security.Cryptography.Pkcs": {
        "type": "Transitive",
        "resolved": "10.0.7",
        "contentHash": "dbdKfF3eA5l+CXiAbDxiCxdezoxeanbue1ck8m49ih1L9uZG6ry8Ul8On6vpragyMDJJP4rQHUY/SWgk66tCYA=="
      },
      "System.Security.Cryptography.Xml": {
        "type": "Transitive",
        "resolved": "10.0.7",
        "contentHash": "wG/+ospsC2oR6j7INYh2V5/CWR6Cpt1Zjkxbo0lfovoi/2RpIcGZPVXOPBNVrI5fmrrji0mdNgez+FClDsIuYA==",
        "dependencies": {
          "System.Security.Cryptography.Pkcs": "10.0.7"
        }
      },
      "xunit.abstractions": {
        "type": "Transitive",
        "resolved": "2.0.3",
        "contentHash": "pot1I4YOxlWjIb5jmwvvQNbTrZ3lJQ+jUGkGjWE3hEFM0l5gOnBWS+H3qsex68s5cO52g+44vpGzhAt+42vwKg=="
      },
      "xunit.analyzers": {
        "type": "Transitive",
        "resolved": "1.18.0",
        "contentHash": "OtFMHN8yqIcYP9wcVIgJrq01AfTxijjAqVDy/WeQVSyrDC1RzBWeQPztL49DN2syXRah8TYnfvk035s7L95EZQ=="
      },
      "xunit.assert": {
        "type": "Transitive",
        "resolved": "2.9.3",
        "contentHash": "/Kq28fCE7MjOV42YLVRAJzRF0WmEqsmflm0cfpMjGtzQ2lR5mYVj1/i0Y8uDAOLczkL3/jArrwehfMD0YogMAA=="
      },
      "xunit.core": {
        "type": "Transitive",
        "resolved": "2.9.3",
        "contentHash": "BiAEvqGvyme19wE0wTKdADH+NloYqikiU0mcnmiNyXaF9HyHmE6sr/3DC5vnBkgsWaE6yPyWszKSPSApWdRVeQ==",
        "dependencies": {
          "xunit.extensibility.core": "[2.9.3]",
          "xunit.extensibility.execution": "[2.9.3]"
        }
      },
      "xunit.extensibility.core": {
        "type": "Transitive",
        "resolved": "2.9.3",
        "contentHash": "kf3si0YTn2a8J8eZNb+zFpwfoyvIrQ7ivNk5ZYA5yuYk1bEtMe4DxJ2CF/qsRgmEnDr7MnW1mxylBaHTZ4qErA==",
        "dependencies": {
          "xunit.abstractions": "2.0.3"
        }
      },
      "xunit.extensibility.execution": {
        "type": "Transitive",
        "resolved": "2.9.3",
        "contentHash": "yMb6vMESlSrE3Wfj7V6cjQ3S4TXdXpRqYeNEI3zsX31uTsGMJjEw6oD5F5u1cHnMptjhEECnmZSsPxB6ChZHDQ==",
        "dependencies": {
          "xunit.extensibility.core": "[2.9.3]"
        }
      },
      "cau.eleitoral.api": {
        "type": "Project",
        "dependencies": {
          "Amazon.AspNetCore.DataProtection.SSM": "[4.0.3, )",
          "AspNetCore.HealthChecks.NpgSql": "[8.0.2, )",
          "CAU.Eleitoral.Application": "[1.0.0, )",
          "CAU.Eleitoral.Infrastructure": "[1.0.0, )",
          "Microsoft.AspNetCore.Authentication.JwtBearer": "[8.0.11, )",
          "Microsoft.EntityFrameworkCore.Sqlite": "[8.0.11, )",
          "Microsoft.Extensions.Diagnostics.HealthChecks.EntityFrameworkCore": "[8.0.11, )",
          "SQLitePCLRaw.lib.e_sqlite3": "[3.53.3, )",
          "Serilog.AspNetCore": "[8.0.3, )",
          "Serilog.Sinks.Console": "[6.0.0, )",
          "Serilog.Sinks.File": "[6.0.0, )",
          "Swashbuckle.AspNetCore": "[6.5.0, )"
        }
      },
      "cau.eleitoral.application": {
        "type": "Project",
        "dependencies": {
          "CAU.Eleitoral.Domain": "[1.0.0, )",
          "FluentValidation": "[11.9.2, )",
          "FluentValidation.DependencyInjectionExtensions": "[11.9.2, )",
          "MediatR": "[12.4.1, )",
          "Microsoft.EntityFrameworkCore": "[8.0.11, )",
          "Microsoft.Extensions.Configuration.Abstractions": "[10.0.7, )",
          "Microsoft.Extensions.Logging.Abstractions": "[10.0.7, )",
          "Microsoft.IdentityModel.Tokens": "[8.3.1, )",
          "System.IdentityModel.Tokens.Jwt": "[8.3.1, )"
        }
      },
      "cau.eleitoral.domain": {
        "type": "Project"
      },
      "cau.eleitoral.infrastructure": {
        "type": "Project",
        "dependencies": {
          "AWSSDK.S3": "[4.0.100.3, )",
          "AWSSDK.SecretsManager": "[4.0.100.3, )",
          "CAU.Eleitoral.Application": "[1.0.0, )",
          "CAU.Eleitoral.Domain": "[1.0.0, )",
          "ClosedXML": "[0.104.2, )",
          "MailKit": "[4.17.0, )",
          "Microsoft.AspNetCore.Identity.EntityFrameworkCore": "[8.0.11, )",
          "Microsoft.EntityFrameworkCore": "[8.0.11, )",
          "Microsoft.EntityFrameworkCore.Sqlite": "[8.0.11, )",
          "Npgsql.EntityFrameworkCore.PostgreSQL": "[8.0.11, )",
          "QuestPDF": "[2024.12.2, )",
          "SQLitePCLRaw.lib.e_sqlite3": "[3.53.3, )"
        }
      }
    },
    "net10.0/linux-arm64": {
      "QuestPDF": {
        "type": "Transitive",
        "resolved": "2024.12.2",
        "contentHash": "tVKd0zv1tqCvwEWGhtm437hnN3zh+h1M0Catba6RALAyMr96tKo6/8QlHvpjfwbm9unKYxTW/F/O2WSwRW2EWg=="
      },
      "SQLitePCLRaw.lib.e_sqlite3": {
        "type": "Transitive",
        "resolved": "3.53.3",
        "contentHash": "ZXiSbBkrlw2Of/dBqny/qtQol7dlThrUD8zH/jkQicCFm2yn2BbhKsQW0+YHAzhANWz4ZJCz7gvo88BwluVhkA=="
      },
      "System.Diagnostics.EventLog": {
        "type": "Transitive",
        "resolved": "10.0.7",
        "contentHash": "WbmDLeTPYhEzXhvYVioTVn/D1XX6bovyny9n5p8Zxtf03+eY385RB818teZm6n+fA63iZNvng0/Np4tLuhkMhQ=="
      },
      "System.Security.Cryptography.Pkcs": {
        "type": "Transitive",
        "resolved": "10.0.7",
        "contentHash": "dbdKfF3eA5l+CXiAbDxiCxdezoxeanbue1ck8m49ih1L9uZG6ry8Ul8On6vpragyMDJJP4rQHUY/SWgk66tCYA=="
      }
    }
  }
}