{
  "version": 4,
  "terraform_version": "1.5.7",
  "serial": 167,
  "lineage": "37dc010b-209e-c1b3-fab4-89a04f17426e",
  "outputs": {
    "acm_certificate_arn": {
      "value": "arn:aws:acm:us-east-1:801232946361:certificate/8dcd87f0-d19e-4aac-b7ce-cb13fb82f9c3",
      "type": "string"
    },
    "acm_certificate_domain": {
      "value": "cau-eleitoral.migrai.com.br",
      "type": "string"
    },
    "alb_admin_target_group_arn": {
      "value": "arn:aws:elasticloadbalancing:us-east-1:801232946361:targetgroup/cau-eleitoral-admin-tg/ec0da772ed822ca9",
      "type": "string"
    },
    "alb_api_target_group_arn": {
      "value": "arn:aws:elasticloadbalancing:us-east-1:801232946361:targetgroup/cau-eleitoral-api-tg/eaaa1e74701fdf18",
      "type": "string"
    },
    "alb_arn": {
      "value": "arn:aws:elasticloadbalancing:us-east-1:801232946361:loadbalancer/app/cau-eleitoral-alb/9a263e9957a1bea1",
      "type": "string"
    },
    "alb_dns_name": {
      "value": "cau-eleitoral-alb-99613689.us-east-1.elb.amazonaws.com",
      "type": "string"
    },
    "alb_public_target_group_arn": {
      "value": "arn:aws:elasticloadbalancing:us-east-1:801232946361:targetgroup/cau-eleitoral-public-tg/90699ac6a160d060",
      "type": "string"
    },
    "alb_zone_id": {
      "value": "Z35SXDOTRQ7X7K",
      "type": "string"
    },
    "application_urls": {
      "value": {
        "admin_url": "https://cau-eleitoral.migrai.com.br",
        "api_url": "https://api.cau-eleitoral.migrai.com.br",
        "public_url": "https://public.cau-eleitoral.migrai.com.br"
      },
      "type": [
        "object",
        {
          "admin_url": "string",
          "api_url": "string",
          "public_url": "string"
        }
      ]
    },
    "database_subnet_ids": {
      "value": [
        "subnet-001fca4f56b4a26d4",
        "subnet-0123e1841ac8a08e4",
        "subnet-047e4fa3249387c1b"
      ],
      "type": [
        "tuple",
        [
          "string",
          "string",
          "string"
        ]
      ]
    },
    "ecr_admin_repository_url": {
      "value": "801232946361.dkr.ecr.us-east-1.amazonaws.com/cau-eleitoral/admin",
      "type": "string"
    },
    "ecr_api_repository_url": {
      "value": "801232946361.dkr.ecr.us-east-1.amazonaws.com/cau-eleitoral/api",
      "type": "string"
    },
    "ecr_public_repository_url": {
      "value": "801232946361.dkr.ecr.us-east-1.amazonaws.com/cau-eleitoral/public",
      "type": "string"
    },
    "ecr_repository_arns": {
      "value": {
        "admin": "arn:aws:ecr:us-east-1:801232946361:repository/cau-eleitoral/admin",
        "api": "arn:aws:ecr:us-east-1:801232946361:repository/cau-eleitoral/api",
        "public": "arn:aws:ecr:us-east-1:801232946361:repository/cau-eleitoral/public"
      },
      "type": [
        "object",
        {
          "admin": "string",
          "api": "string",
          "public": "string"
        }
      ]
    },
    "ecs_cluster_arn": {
      "value": "arn:aws:ecs:us-east-1:801232946361:cluster/cau-eleitoral-cluster",
      "type": "string"
    },
    "ecs_cluster_id": {
      "value": "arn:aws:ecs:us-east-1:801232946361:cluster/cau-eleitoral-cluster",
      "type": "string"
    },
    "ecs_cluster_name": {
      "value": "cau-eleitoral-cluster",
      "type": "string"
    },
    "ecs_service_admin_name": {
      "value": "cau-eleitoral-admin",
      "type": "string"
    },
    "ecs_service_api_name": {
      "value": "cau-eleitoral-api",
      "type": "string"
    },
    "ecs_service_public_name": {
      "value": "cau-eleitoral-public",
      "type": "string"
    },
    "ecs_task_execution_role_arn": {
      "value": "arn:aws:iam::801232946361:role/cau-eleitoral-ecs-task-execution-role",
      "type": "string"
    },
    "ecs_task_role_arn": {
      "value": "arn:aws:iam::801232946361:role/cau-eleitoral-ecs-task-role",
      "type": "string"
    },
    "nat_gateway_ips": {
      "value": [
        "54.92.176.240"
      ],
      "type": [
        "tuple",
        [
          "string"
        ]
      ]
    },
    "private_subnet_ids": {
      "value": [
        "subnet-01568568a84248c7d",
        "subnet-0167b599750ba915d",
        "subnet-06ceb9f0d50113c08"
      ],
      "type": [
        "tuple",
        [
          "string",
          "string",
          "string"
        ]
      ]
    },
    "public_subnet_ids": {
      "value": [
        "subnet-09190401b67769f8b",
        "subnet-0c3fdd518fc73901c",
        "subnet-0fcda5c87157f9ea0"
      ],
      "type": [
        "tuple",
        [
          "string",
          "string",
          "string"
        ]
      ]
    },
    "rds_database_name": {
      "value": "cau_eleitoral",
      "type": "string"
    },
    "rds_port": {
      "value": 5432,
      "type": "number"
    },
    "rds_secret_arn": {
      "value": "arn:aws:secretsmanager:us-east-1:801232946361:secret:cau-eleitoral/rds/credentials-1MBBoN",
      "type": "string"
    },
    "rds_username": {
      "value": "cau_admin",
      "type": "string",
      "sensitive": true
    },
    "route53_name_servers": {
      "value": [],
      "type": [
        "tuple",
        []
      ]
    },
    "route53_zone_id": {
      "value": "Z03226741ORFK2FENPY4T",
      "type": "string"
    },
    "s3_backups_bucket": {
      "value": "cau-eleitoral-backups-801232946361",
      "type": "string"
    },
    "s3_backups_bucket_arn": {
      "value": "arn:aws:s3:::cau-eleitoral-backups-801232946361",
      "type": "string"
    },
    "s3_documents_bucket": {
      "value": "cau-eleitoral-documents-801232946361",
      "type": "string"
    },
    "s3_documents_bucket_arn": {
      "value": "arn:aws:s3:::cau-eleitoral-documents-801232946361",
      "type": "string"
    },
    "s3_uploads_bucket": {
      "value": "cau-eleitoral-uploads-801232946361",
      "type": "string"
    },
    "s3_uploads_bucket_arn": {
      "value": "arn:aws:s3:::cau-eleitoral-uploads-801232946361",
      "type": "string"
    },
    "secrets_app_arn": {
      "value": "arn:aws:secretsmanager:us-east-1:801232946361:secret:cau-eleitoral/app/secrets-hQOIcO",
      "type": "string"
    },
    "secrets_jwt_arn": {
      "value": "arn:aws:secretsmanager:us-east-1:801232946361:secret:cau-eleitoral/jwt/secret-6SFTeP",
      "type": "string"
    },
    "secrets_rds_arn": {
      "value": "arn:aws:secretsmanager:us-east-1:801232946361:secret:cau-eleitoral/rds/credentials-1MBBoN",
      "type": "string"
    },
    "vpc_cidr": {
      "value": "10.0.0.0/16",
      "type": "string"
    },
    "vpc_id": {
      "value": "vpc-034bf0c6150887db5",
      "type": "string"
    }
  },
  "resources": [
    {
      "mode": "data",
      "type": "archive_file",
      "name": "rotation_placeholder",
      "provider": "provider[\"registry.terraform.io/hashicorp/archive\"]",
      "instances": [
        {
          "index_key": 0,
          "schema_version": 0,
          "attributes": {
            "exclude_symlink_directories": null,
            "excludes": null,
            "id": "2872d64527047a0a7c87df67c13a07e241803a54",
            "output_base64sha256": "NMaUz/7nK925kLIJmbzxj9YXsQxn6NbMzlEG/bGI4s4=",
            "output_base64sha512": "j0R2WiXShnYGJ+57klq9SAaIiLCxzGE/c0Oq8G5BKl0JjsWo/tb/qZgAk9YVAj1IlcClYht36efqXmZ8KScFmA==",
            "output_file_mode": null,
            "output_md5": "091e834e8ad94880231146b0ce2a6dd4",
            "output_path": "./rotation_placeholder.zip",
            "output_sha": "2872d64527047a0a7c87df67c13a07e241803a54",
            "output_sha256": "34c694cffee72bddb990b20999bcf18fd617b10c67e8d6ccce5106fdb188e2ce",
            "output_sha512": "8f44765a25d286760627ee7b925abd48068888b0b1cc613f7343aaf06e412a5d098ec5a8fed6ffa9980093d615023d4895c0a5621b77e9e7ea5e667c29270598",
            "output_size": 189,
            "source": [
              {
                "content": "# Placeholder for rotation lambda",
                "filename": "lambda_function.py"
              }
            ],
            "source_content": null,
            "source_content_filename": null,
            "source_dir": null,
            "source_file": null,
            "type": "zip"
          },
          "sensitive_attributes": []
        }
      ]
    },
    {
      "mode": "data",
      "type": "aws_availability_zones",
      "name": "available",
      "provider": "provider[\"registry.terraform.io/hashicorp/aws\"]",
      "instances": [
        {
          "schema_version": 0,
          "attributes": {
            "all_availability_zones": null,
            "exclude_names": null,
            "exclude_zone_ids": null,
            "filter": null,
            "group_names": [
              "us-east-1-zg-1"
            ],
            "id": "us-east-1",
            "names": [
              "us-east-1a",
              "us-east-1b",
              "us-east-1c",
              "us-east-1d",
              "us-east-1e",
              "us-east-1f"
            ],
            "state": "available",
            "timeouts": null,
            "zone_ids": [
              "use1-az1",
              "use1-az2",
              "use1-az4",
              "use1-az6",
              "use1-az3",
              "use1-az5"
            ]
          },
          "sensitive_attributes": []
        }
      ]
    },
    {
      "mode": "data",
      "type": "aws_caller_identity",
      "name": "current",
      "provider": "provider[\"registry.terraform.io/hashicorp/aws\"]",
      "instances": [
        {
          "schema_version": 0,
          "attributes": {
            "account_id": "801232946361",
            "arn": "arn:aws:iam::801232946361:root",
            "id": "801232946361",
            "user_id": "801232946361"
          },
          "sensitive_attributes": []
        }
      ]
    },
    {
      "mode": "data",
      "type": "aws_region",
      "name": "current",
      "provider": "provider[\"registry.terraform.io/hashicorp/aws\"]",
      "instances": [
        {
          "schema_version": 0,
          "attributes": {
            "description": "US East (N. Virginia)",
            "endpoint": "ec2.us-east-1.amazonaws.com",
            "id": "us-east-1",
            "name": "us-east-1"
          },
          "sensitive_attributes": []
        }
      ]
    },
    {
      "mode": "managed",
      "type": "aws_acm_certificate",
      "name": "alb",
      "provider": "provider[\"registry.terraform.io/hashicorp/aws\"]",
      "instances": [
        {
          "schema_version": 0,
          "attributes": {
            "arn": "arn:aws:acm:us-east-1:801232946361:certificate/01d9f777-af0f-481e-bce3-743e4acc31c1",
            "certificate_authority_arn": "",
            "certificate_body": null,
            "certificate_chain": null,
            "domain_name": "cau-eleitoral.migrai.com.br",
            "domain_validation_options": [
              {
                "domain_name": "*.cau-eleitoral.migrai.com.br",
                "resource_record_name": "_d17a18731a3475c2424926d378500fa5.cau-eleitoral.migrai.com.br.",
                "resource_record_type": "CNAME",
                "resource_record_value": "_8f52c4ea928215e30055c42f7a6ca250.jkddzztszm.acm-validations.aws."
              },
              {
                "domain_name": "cau-eleitoral.migrai.com.br",
                "resource_record_name": "_d17a18731a3475c2424926d378500fa5.cau-eleitoral.migrai.com.br.",
                "resource_record_type": "CNAME",
                "resource_record_value": "_8f52c4ea928215e30055c42f7a6ca250.jkddzztszm.acm-validations.aws."
              }
            ],
            "early_renewal_duration": "",
            "id": "arn:aws:acm:us-east-1:801232946361:certificate/01d9f777-af0f-481e-bce3-743e4acc31c1",
            "key_algorithm": "RSA_2048",
            "not_after": "",
            "not_before": "",
            "options": [
              {
                "certificate_transparency_logging_preference": "ENABLED"
              }
            ],
            "pending_renewal": false,
            "private_key": null,
            "renewal_eligibility": "INELIGIBLE",
            "renewal_summary": [],
            "status": "PENDING_VALIDATION",
            "subject_alternative_names": [
              "*.cau-eleitoral.migrai.com.br",
              "cau-eleitoral.migrai.com.br"
            ],
            "tags": {
              "Name": "cau-eleitoral-alb-cert"
            },
            "tags_all": {
              "CostCenter": "Eleitoral",
              "Environment": "production",
              "ManagedBy": "Terraform",
              "Name": "cau-eleitoral-alb-cert",
              "Owner": "CAU",
              "Project": "CAU-Sistema-Eleitoral"
            },
            "type": "AMAZON_ISSUED",
            "validation_emails": [],
            "validation_method": "DNS",
            "validation_option": []
          },
          "sensitive_attributes": [],
          "private": "bnVsbA==",
          "create_before_destroy": true
        }
      ]
    },
    {
      "mode": "managed",
      "type": "aws_acm_certificate",
      "name": "main",
      "provider": "provider[\"registry.terraform.io/hashicorp/aws\"].us_east_1",
      "instances": [
        {
          "schema_version": 0,
          "attributes": {
            "arn": "arn:aws:acm:us-east-1:801232946361:certificate/8dcd87f0-d19e-4aac-b7ce-cb13fb82f9c3",
            "certificate_authority_arn": "",
            "certificate_body": null,
            "certificate_chain": null,
            "domain_name": "cau-eleitoral.migrai.com.br",
            "domain_validation_options": [
              {
                "domain_name": "*.cau-eleitoral.migrai.com.br",
                "resource_record_name": "_d17a18731a3475c2424926d378500fa5.cau-eleitoral.migrai.com.br.",
                "resource_record_type": "CNAME",
                "resource_record_value": "_8f52c4ea928215e30055c42f7a6ca250.jkddzztszm.acm-validations.aws."
              },
              {
                "domain_name": "cau-eleitoral.migrai.com.br",
                "resource_record_name": "_d17a18731a3475c2424926d378500fa5.cau-eleitoral.migrai.com.br.",
                "resource_record_type": "CNAME",
                "resource_record_value": "_8f52c4ea928215e30055c42f7a6ca250.jkddzztszm.acm-validations.aws."
              }
            ],
            "early_renewal_duration": "",
            "id": "arn:aws:acm:us-east-1:801232946361:certificate/8dcd87f0-d19e-4aac-b7ce-cb13fb82f9c3",
            "key_algorithm": "RSA_2048",
            "not_after": "",
            "not_before": "",
            "options": [
              {
                "certificate_transparency_logging_preference": "ENABLED"
              }
            ],
            "pending_renewal": false,
            "private_key": null,
            "renewal_eligibility": "INELIGIBLE",
            "renewal_summary": [],
            "status": "PENDING_VALIDATION",
            "subject_alternative_names": [
              "*.cau-eleitoral.migrai.com.br",
              "cau-eleitoral.migrai.com.br"
            ],
            "tags": {
              "Name": "cau-eleitoral-cloudfront-cert"
            },
            "tags_all": {
              "CostCenter": "Eleitoral",
              "Environment": "production",
              "ManagedBy": "Terraform",
              "Name": "cau-eleitoral-cloudfront-cert",
              "Owner": "CAU",
              "Project": "CAU-Sistema-Eleitoral"
            },
            "type": "AMAZON_ISSUED",
            "validation_emails": [],
            "validation_method": "DNS",
            "validation_option": []
          },
          "sensitive_attributes": [],
          "private": "bnVsbA==",
          "create_before_destroy": true
        }
      ]
    },
    {
      "mode": "managed",
      "type": "aws_acm_certificate_validation",
      "name": "alb",
      "provider": "provider[\"registry.terraform.io/hashicorp/aws\"]",
      "instances": []
    },
    {
      "mode": "managed",
      "type": "aws_acm_certificate_validation",
      "name": "main",
      "provider": "provider[\"registry.terraform.io/hashicorp/aws\"].us_east_1",
      "instances": []
    },
    {
      "mode": "managed",
      "type": "aws_appautoscaling_policy",
      "name": "admin_cpu",
      "provider": "provider[\"registry.terraform.io/hashicorp/aws\"]",
      "instances": []
    },
    {
      "mode": "managed",
      "type": "aws_appautoscaling_policy",
      "name": "api_cpu",
      "provider": "provider[\"registry.terraform.io/hashicorp/aws\"]",
      "instances": []
    },
    {
      "mode": "managed",
      "type": "aws_appautoscaling_policy",
      "name": "api_memory",
      "provider": "provider[\"registry.terraform.io/hashicorp/aws\"]",
      "instances": []
    },
    {
      "mode": "managed",
      "type": "aws_appautoscaling_policy",
      "name": "public_cpu",
      "provider": "provider[\"registry.terraform.io/hashicorp/aws\"]",
      "instances": []
    },
    {
      "mode": "managed",
      "type": "aws_appautoscaling_target",
      "name": "admin",
      "provider": "provider[\"registry.terraform.io/hashicorp/aws\"]",
      "instances": []
    },
    {
      "mode": "managed",
      "type": "aws_appautoscaling_target",
      "name": "api",
      "provider": "provider[\"registry.terraform.io/hashicorp/aws\"]",
      "instances": []
    },
    {
      "mode": "managed",
      "type": "aws_appautoscaling_target",
      "name": "public",
      "provider": "provider[\"registry.terraform.io/hashicorp/aws\"]",
      "instances": []
    },
    {
      "mode": "managed",
      "type": "aws_cloudfront_origin_access_control",
      "name": "s3",
      "provider": "provider[\"registry.terraform.io/hashicorp/aws\"]",
      "instances": [
        {
          "schema_version": 0,
          "attributes": {
            "arn": "arn:aws:cloudfront::801232946361:origin-access-control/E3JGPE2399UX9R",
            "description": "OAC for S3 access",
            "etag": "ETVPDKIKX0DER",
            "id": "E3JGPE2399UX9R",
            "name": "cau-eleitoral-s3-oac",
            "origin_access_control_origin_type": "s3",
            "signing_behavior": "always",
            "signing_protocol": "sigv4"
          },
          "sensitive_attributes": [],
          "private": "bnVsbA=="
        }
      ]
    },
    {
      "mode": "managed",
      "type": "aws_cloudwatch_log_group",
      "name": "admin",
      "provider": "provider[\"registry.terraform.io/hashicorp/aws\"]",
      "instances": [
        {
          "schema_version": 0,
          "attributes": {
            "arn": "arn:aws:logs:us-east-1:801232946361:log-group:/aws/ecs/cau-eleitoral/admin",
            "id": "/aws/ecs/cau-eleitoral/admin",
            "kms_key_id": "",
            "log_group_class": "STANDARD",
            "name": "/aws/ecs/cau-eleitoral/admin",
            "name_prefix": "",
            "retention_in_days": 14,
            "skip_destroy": false,
            "tags": {
              "Name": "cau-eleitoral-admin-logs"
            },
            "tags_all": {
              "CostCenter": "Eleitoral",
              "Environment": "production",
              "ManagedBy": "Terraform",
              "Name": "cau-eleitoral-admin-logs",
              "Owner": "CAU",
              "Project": "CAU-Sistema-Eleitoral"
            }
          },
          "sensitive_attributes": [],
          "private": "bnVsbA=="
        }
      ]
    },
    {
      "mode": "managed",
      "type": "aws_cloudwatch_log_group",
      "name": "api",
      "provider": "provider[\"registry.terraform.io/hashicorp/aws\"]",
      "instances": [
        {
          "schema_version": 0,
          "attributes": {
            "arn": "arn:aws:logs:us-east-1:801232946361:log-group:/aws/ecs/cau-eleitoral/api",
            "id": "/aws/ecs/cau-eleitoral/api",
            "kms_key_id": "",
            "log_group_class": "STANDARD",
            "name": "/aws/ecs/cau-eleitoral/api",
            "name_prefix": "",
            "retention_in_days": 14,
            "skip_destroy": false,
            "tags": {
              "Name": "cau-eleitoral-api-logs"
            },
            "tags_all": {
              "CostCenter": "Eleitoral",
              "Environment": "production",
              "ManagedBy": "Terraform",
              "Name": "cau-eleitoral-api-logs",
              "Owner": "CAU",
              "Project": "CAU-Sistema-Eleitoral"
            }
          },
          "sensitive_attributes": [],
          "private": "bnVsbA=="
        }
      ]
    },
    {
      "mode": "managed",
      "type": "aws_cloudwatch_log_group",
      "name": "ecs_exec",
      "provider": "provider[\"registry.terraform.io/hashicorp/aws\"]",
      "instances": [
        {
          "schema_version": 0,
          "attributes": {
            "arn": "arn:aws:logs:us-east-1:801232946361:log-group:/aws/ecs/cau-eleitoral/exec",
            "id": "/aws/ecs/cau-eleitoral/exec",
            "kms_key_id": "arn:aws:kms:us-east-1:801232946361:key/f4d3e684-5cfe-4a07-80e0-f108c385f871",
            "log_group_class": "STANDARD",
            "name": "/aws/ecs/cau-eleitoral/exec",
            "name_prefix": "",
            "retention_in_days": 14,
            "skip_destroy": false,
            "tags": {
              "Name": "cau-eleitoral-ecs-exec-logs"
            },
            "tags_all": {
              "CostCenter": "Eleitoral",
              "Environment": "production",
              "ManagedBy": "Terraform",
              "Name": "cau-eleitoral-ecs-exec-logs",
              "Owner": "CAU",
              "Project": "CAU-Sistema-Eleitoral"
            }
          },
          "sensitive_attributes": [],
          "private": "bnVsbA==",
          "dependencies": [
            "aws_kms_key.ecs",
            "data.aws_caller_identity.current"
          ]
        }
      ]
    },
    {
      "mode": "managed",
      "type": "aws_cloudwatch_log_group",
      "name": "public",
      "provider": "provider[\"registry.terraform.io/hashicorp/aws\"]",
      "instances": [
        {
          "schema_version": 0,
          "attributes": {
            "arn": "arn:aws:logs:us-east-1:801232946361:log-group:/aws/ecs/cau-eleitoral/public",
            "id": "/aws/ecs/cau-eleitoral/public",
            "kms_key_id": "",
            "log_group_class": "STANDARD",
            "name": "/aws/ecs/cau-eleitoral/public",
            "name_prefix": "",
            "retention_in_days": 14,
            "skip_destroy": false,
            "tags": {
              "Name": "cau-eleitoral-public-logs"
            },
            "tags_all": {
              "CostCenter": "Eleitoral",
              "Environment": "production",
              "ManagedBy": "Terraform",
              "Name": "cau-eleitoral-public-logs",
              "Owner": "CAU",
              "Project": "CAU-Sistema-Eleitoral"
            }
          },
          "sensitive_attributes": [],
          "private": "bnVsbA=="
        }
      ]
    },
    {
      "mode": "managed",
      "type": "aws_cloudwatch_log_group",
      "name": "vpc_flow_logs",
      "provider": "provider[\"registry.terraform.io/hashicorp/aws\"]",
      "instances": [
        {
          "schema_version": 0,
          "attributes": {
            "arn": "arn:aws:logs:us-east-1:801232946361:log-group:/aws/vpc/cau-eleitoral-flow-logs",
            "id": "/aws/vpc/cau-eleitoral-flow-logs",
            "kms_key_id": "",
            "log_group_class": "STANDARD",
            "name": "/aws/vpc/cau-eleitoral-flow-logs",
            "name_prefix": "",
            "retention_in_days": 14,
            "skip_destroy": false,
            "tags": {
              "Name": "cau-eleitoral-vpc-flow-logs"
            },
            "tags_all": {
              "CostCenter": "Eleitoral",
              "Environment": "production",
              "ManagedBy": "Terraform",
              "Name": "cau-eleitoral-vpc-flow-logs",
              "Owner": "CAU",
              "Project": "CAU-Sistema-Eleitoral"
            }
          },
          "sensitive_attributes": [],
          "private": "bnVsbA=="
        }
      ]
    },
    {
      "mode": "managed",
      "type": "aws_cloudwatch_metric_alarm",
      "name": "alb_5xx",
      "provider": "provider[\"registry.terraform.io/hashicorp/aws\"]",
      "instances": [
        {
          "schema_version": 1,
          "attributes": {
            "actions_enabled": true,
            "alarm_actions": null,
            "alarm_description": "ALB 5XX errors are too high",
            "alarm_name": "cau-eleitoral-alb-5xx-errors",
            "arn": "arn:aws:cloudwatch:us-east-1:801232946361:alarm:cau-eleitoral-alb-5xx-errors",
            "comparison_operator": "GreaterThanThreshold",
            "datapoints_to_alarm": 0,
            "dimensions": {
              "LoadBalancer": "app/cau-eleitoral-alb/9a263e9957a1bea1"
            },
            "evaluate_low_sample_count_percentiles": "",
            "evaluation_periods": 2,
            "extended_statistic": "",
            "id": "cau-eleitoral-alb-5xx-errors",
            "insufficient_data_actions": null,
            "metric_name": "HTTPCode_ELB_5XX_Count",
            "metric_query": [],
            "namespace": "AWS/ApplicationELB",
            "ok_actions": null,
            "period": 300,
            "statistic": "Sum",
            "tags": {
              "Name": "cau-eleitoral-alb-5xx-alarm"
            },
            "tags_all": {
              "CostCenter": "Eleitoral",
              "Environment": "production",
              "ManagedBy": "Terraform",
              "Name": "cau-eleitoral-alb-5xx-alarm",
              "Owner": "CAU",
              "Project": "CAU-Sistema-Eleitoral"
            },
            "threshold": 10,
            "threshold_metric_id": "",
            "treat_missing_data": "notBreaching",
            "unit": ""
          },
          "sensitive_attributes": [],
          "private": "eyJzY2hlbWFfdmVyc2lvbiI6IjEifQ==",
          "dependencies": [
            "aws_lb.main",
            "aws_s3_bucket.alb_logs",
            "aws_security_group.alb",
            "aws_sns_topic.alarms",
            "aws_subnet.public",
            "aws_vpc.main",
            "data.aws_availability_zones.available",
            "data.aws_caller_identity.current"
          ]
        }
      ]
    },
    {
      "mode": "managed",
      "type": "aws_cloudwatch_metric_alarm",
      "name": "alb_response_time",
      "provider": "provider[\"registry.terraform.io/hashicorp/aws\"]",
      "instances": [
        {
          "schema_version": 1,
          "attributes": {
            "actions_enabled": true,
            "alarm_actions": null,
            "alarm_description": "ALB response time is too high (p95 \u003e 2s)",
            "alarm_name": "cau-eleitoral-alb-response-time",
            "arn": "arn:aws:cloudwatch:us-east-1:801232946361:alarm:cau-eleitoral-alb-response-time",
            "comparison_operator": "GreaterThanThreshold",
            "datapoints_to_alarm": 0,
            "dimensions": {
              "LoadBalancer": "app/cau-eleitoral-alb/9a263e9957a1bea1"
            },
            "evaluate_low_sample_count_percentiles": "",
            "evaluation_periods": 3,
            "extended_statistic": "p95",
            "id": "cau-eleitoral-alb-response-time",
            "insufficient_data_actions": null,
            "metric_name": "TargetResponseTime",
            "metric_query": [],
            "namespace": "AWS/ApplicationELB",
            "ok_actions": null,
            "period": 300,
            "statistic": "",
            "tags": {
              "Name": "cau-eleitoral-alb-response-time-alarm"
            },
            "tags_all": {
              "CostCenter": "Eleitoral",
              "Environment": "production",
              "ManagedBy": "Terraform",
              "Name": "cau-eleitoral-alb-response-time-alarm",
              "Owner": "CAU",
              "Project": "CAU-Sistema-Eleitoral"
            },
            "threshold": 2,
            "threshold_metric_id": "",
            "treat_missing_data": "missing",
            "unit": ""
          },
          "sensitive_attributes": [],
          "private": "eyJzY2hlbWFfdmVyc2lvbiI6IjEifQ==",
          "dependencies": [
            "aws_lb.main",
            "aws_s3_bucket.alb_logs",
            "aws_security_group.alb",
            "aws_sns_topic.alarms",
            "aws_subnet.public",
            "aws_vpc.main",
            "data.aws_availability_zones.available",
            "data.aws_caller_identity.current"
          ]
        }
      ]
    },
    {
      "mode": "managed",
      "type": "aws_cloudwatch_metric_alarm",
      "name": "alb_target_5xx",
      "provider": "provider[\"registry.terraform.io/hashicorp/aws\"]",
      "instances": [
        {
          "schema_version": 1,
          "attributes": {
            "actions_enabled": true,
            "alarm_actions": null,
            "alarm_description": "Target 5XX errors are too high",
            "alarm_name": "cau-eleitoral-alb-target-5xx-errors",
            "arn": "arn:aws:cloudwatch:us-east-1:801232946361:alarm:cau-eleitoral-alb-target-5xx-errors",
            "comparison_operator": "GreaterThanThreshold",
            "datapoints_to_alarm": 0,
            "dimensions": {
              "LoadBalancer": "app/cau-eleitoral-alb/9a263e9957a1bea1"
            },
            "evaluate_low_sample_count_percentiles": "",
            "evaluation_periods": 2,
            "extended_statistic": "",
            "id": "cau-eleitoral-alb-target-5xx-errors",
            "insufficient_data_actions": null,
            "metric_name": "HTTPCode_Target_5XX_Count",
            "metric_query": [],
            "namespace": "AWS/ApplicationELB",
            "ok_actions": null,
            "period": 300,
            "statistic": "Sum",
            "tags": {
              "Name": "cau-eleitoral-alb-target-5xx-alarm"
            },
            "tags_all": {
              "CostCenter": "Eleitoral",
              "Environment": "production",
              "ManagedBy": "Terraform",
              "Name": "cau-eleitoral-alb-target-5xx-alarm",
              "Owner": "CAU",
              "Project": "CAU-Sistema-Eleitoral"
            },
            "threshold": 10,
            "threshold_metric_id": "",
            "treat_missing_data": "notBreaching",
            "unit": ""
          },
          "sensitive_attributes": [],
          "private": "eyJzY2hlbWFfdmVyc2lvbiI6IjEifQ==",
          "dependencies": [
            "aws_lb.main",
            "aws_s3_bucket.alb_logs",
            "aws_security_group.alb",
            "aws_sns_topic.alarms",
            "aws_subnet.public",
            "aws_vpc.main",
            "data.aws_availability_zones.available",
            "data.aws_caller_identity.current"
          ]
        }
      ]
    },
    {
      "mode": "managed",
      "type": "aws_cloudwatch_metric_alarm",
      "name": "alb_unhealthy_hosts_api",
      "provider": "provider[\"registry.terraform.io/hashicorp/aws\"]",
      "instances": [
        {
          "schema_version": 1,
          "attributes": {
            "actions_enabled": true,
            "alarm_actions": null,
            "alarm_description": "API service has unhealthy hosts",
            "alarm_name": "cau-eleitoral-api-unhealthy-hosts",
            "arn": "arn:aws:cloudwatch:us-east-1:801232946361:alarm:cau-eleitoral-api-unhealthy-hosts",
            "comparison_operator": "GreaterThanThreshold",
            "datapoints_to_alarm": 0,
            "dimensions": {
              "LoadBalancer": "app/cau-eleitoral-alb/9a263e9957a1bea1",
              "TargetGroup": "targetgroup/cau-eleitoral-api-tg/eaaa1e74701fdf18"
            },
            "evaluate_low_sample_count_percentiles": "",
            "evaluation_periods": 2,
            "extended_statistic": "",
            "id": "cau-eleitoral-api-unhealthy-hosts",
            "insufficient_data_actions": null,
            "metric_name": "UnHealthyHostCount",
            "metric_query": [],
            "namespace": "AWS/ApplicationELB",
            "ok_actions": null,
            "period": 60,
            "statistic": "Maximum",
            "tags": {
              "Name": "cau-eleitoral-api-unhealthy-alarm"
            },
            "tags_all": {
              "CostCenter": "Eleitoral",
              "Environment": "production",
              "ManagedBy": "Terraform",
              "Name": "cau-eleitoral-api-unhealthy-alarm",
              "Owner": "CAU",
              "Project": "CAU-Sistema-Eleitoral"
            },
            "threshold": 0,
            "threshold_metric_id": "",
            "treat_missing_data": "missing",
            "unit": ""
          },
          "sensitive_attributes": [],
          "private": "eyJzY2hlbWFfdmVyc2lvbiI6IjEifQ==",
          "dependencies": [
            "aws_lb.main",
            "aws_lb_target_group.api",
            "aws_s3_bucket.alb_logs",
            "aws_security_group.alb",
            "aws_sns_topic.alarms",
            "aws_subnet.public",
            "aws_vpc.main",
            "data.aws_availability_zones.available",
            "data.aws_caller_identity.current"
          ]
        }
      ]
    },
    {
      "mode": "managed",
      "type": "aws_cloudwatch_metric_alarm",
      "name": "certificate_expiration",
      "provider": "provider[\"registry.terraform.io/hashicorp/aws\"].us_east_1",
      "instances": [
        {
          "schema_version": 1,
          "attributes": {
            "actions_enabled": true,
            "alarm_actions": null,
            "alarm_description": "SSL certificate will expire in less than 30 days",
            "alarm_name": "cau-eleitoral-certificate-expiration",
            "arn": "arn:aws:cloudwatch:us-east-1:801232946361:alarm:cau-eleitoral-certificate-expiration",
            "comparison_operator": "LessThanThreshold",
            "datapoints_to_alarm": 0,
            "dimensions": {
              "CertificateArn": "arn:aws:acm:us-east-1:801232946361:certificate/8dcd87f0-d19e-4aac-b7ce-cb13fb82f9c3"
            },
            "evaluate_low_sample_count_percentiles": "",
            "evaluation_periods": 1,
            "extended_statistic": "",
            "id": "cau-eleitoral-certificate-expiration",
            "insufficient_data_actions": null,
            "metric_name": "DaysToExpiry",
            "metric_query": [],
            "namespace": "AWS/CertificateManager",
            "ok_actions": null,
            "period": 86400,
            "statistic": "Minimum",
            "tags": {
              "Name": "cau-eleitoral-cert-expiration-alarm"
            },
            "tags_all": {
              "CostCenter": "Eleitoral",
              "Environment": "production",
              "ManagedBy": "Terraform",
              "Name": "cau-eleitoral-cert-expiration-alarm",
              "Owner": "CAU",
              "Project": "CAU-Sistema-Eleitoral"
            },
            "threshold": 30,
            "threshold_metric_id": "",
            "treat_missing_data": "missing",
            "unit": ""
          },
          "sensitive_attributes": [],
          "private": "eyJzY2hlbWFfdmVyc2lvbiI6IjEifQ==",
          "dependencies": [
            "aws_acm_certificate.main",
            "aws_sns_topic.alarms_us_east_1"
          ]
        }
      ]
    },
    {
      "mode": "managed",
      "type": "aws_cloudwatch_metric_alarm",
      "name": "cloudfront_5xx_admin",
      "provider": "provider[\"registry.terraform.io/hashicorp/aws\"]",
      "instances": []
    },
    {
      "mode": "managed",
      "type": "aws_cloudwatch_metric_alarm",
      "name": "cloudfront_5xx_api",
      "provider": "provider[\"registry.terraform.io/hashicorp/aws\"]",
      "instances": []
    },
    {
      "mode": "managed",
      "type": "aws_cloudwatch_metric_alarm",
      "name": "health_check_admin",
      "provider": "provider[\"registry.terraform.io/hashicorp/aws\"]",
      "instances": [
        {
          "schema_version": 1,
          "attributes": {
            "actions_enabled": true,
            "alarm_actions": null,
            "alarm_description": "Admin health check is failing",
            "alarm_name": "cau-eleitoral-admin-health-check",
            "arn": "arn:aws:cloudwatch:us-east-1:801232946361:alarm:cau-eleitoral-admin-health-check",
            "comparison_operator": "LessThanThreshold",
            "datapoints_to_alarm": 0,
            "dimensions": {
              "HealthCheckId": "22c4eaef-4fdc-4dbd-b21d-d01ee7ac6e3a"
            },
            "evaluate_low_sample_count_percentiles": "",
            "evaluation_periods": 2,
            "extended_statistic": "",
            "id": "cau-eleitoral-admin-health-check",
            "insufficient_data_actions": null,
            "metric_name": "HealthCheckStatus",
            "metric_query": [],
            "namespace": "AWS/Route53",
            "ok_actions": null,
            "period": 60,
            "statistic": "Minimum",
            "tags": {
              "Name": "cau-eleitoral-admin-health-alarm"
            },
            "tags_all": {
              "CostCenter": "Eleitoral",
              "Environment": "production",
              "ManagedBy": "Terraform",
              "Name": "cau-eleitoral-admin-health-alarm",
              "Owner": "CAU",
              "Project": "CAU-Sistema-Eleitoral"
            },
            "threshold": 1,
            "threshold_metric_id": "",
            "treat_missing_data": "missing",
            "unit": ""
          },
          "sensitive_attributes": [],
          "private": "eyJzY2hlbWFfdmVyc2lvbiI6IjEifQ==",
          "dependencies": [
            "aws_route53_health_check.admin",
            "aws_sns_topic.alarms"
          ]
        }
      ]
    },
    {
      "mode": "managed",
      "type": "aws_cloudwatch_metric_alarm",
      "name": "health_check_api",
      "provider": "provider[\"registry.terraform.io/hashicorp/aws\"]",
      "instances": [
        {
          "schema_version": 1,
          "attributes": {
            "actions_enabled": true,
            "alarm_actions": null,
            "alarm_description": "API health check is failing",
            "alarm_name": "cau-eleitoral-api-health-check",
            "arn": "arn:aws:cloudwatch:us-east-1:801232946361:alarm:cau-eleitoral-api-health-check",
            "comparison_operator": "LessThanThreshold",
            "datapoints_to_alarm": 0,
            "dimensions": {
              "HealthCheckId": "da9dd7c2-56da-4937-a9a1-d5d7425165dc"
            },
            "evaluate_low_sample_count_percentiles": "",
            "evaluation_periods": 2,
            "extended_statistic": "",
            "id": "cau-eleitoral-api-health-check",
            "insufficient_data_actions": null,
            "metric_name": "HealthCheckStatus",
            "metric_query": [],
            "namespace": "AWS/Route53",
            "ok_actions": null,
            "period": 60,
            "statistic": "Minimum",
            "tags": {
              "Name": "cau-eleitoral-api-health-alarm"
            },
            "tags_all": {
              "CostCenter": "Eleitoral",
              "Environment": "production",
              "ManagedBy": "Terraform",
              "Name": "cau-eleitoral-api-health-alarm",
              "Owner": "CAU",
              "Project": "CAU-Sistema-Eleitoral"
            },
            "threshold": 1,
            "threshold_metric_id": "",
            "treat_missing_data": "missing",
            "unit": ""
          },
          "sensitive_attributes": [],
          "private": "eyJzY2hlbWFfdmVyc2lvbiI6IjEifQ==",
          "dependencies": [
            "aws_route53_health_check.api",
            "aws_sns_topic.alarms"
          ]
        }
      ]
    },
    {
      "mode": "managed",
      "type": "aws_cloudwatch_metric_alarm",
      "name": "rds_connections",
      "provider": "provider[\"registry.terraform.io/hashicorp/aws\"]",
      "instances": []
    },
    {
      "mode": "managed",
      "type": "aws_cloudwatch_metric_alarm",
      "name": "rds_cpu",
      "provider": "provider[\"registry.terraform.io/hashicorp/aws\"]",
      "instances": []
    },
    {
      "mode": "managed",
      "type": "aws_cloudwatch_metric_alarm",
      "name": "rds_memory",
      "provider": "provider[\"registry.terraform.io/hashicorp/aws\"]",
      "instances": []
    },
    {
      "mode": "managed",
      "type": "aws_cloudwatch_metric_alarm",
      "name": "rds_storage",
      "provider": "provider[\"registry.terraform.io/hashicorp/aws\"]",
      "instances": []
    },
    {
      "mode": "managed",
      "type": "aws_db_instance",
      "name": "main",
      "provider": "provider[\"registry.terraform.io/hashicorp/aws\"]",
      "instances": []
    },
    {
      "mode": "managed",
      "type": "aws_db_instance",
      "name": "read_replica",
      "provider": "provider[\"registry.terraform.io/hashicorp/aws\"]",
      "instances": []
    },
    {
      "mode": "managed",
      "type": "aws_db_option_group",
      "name": "main",
      "provider": "provider[\"registry.terraform.io/hashicorp/aws\"]",
      "instances": [
        {
          "schema_version": 0,
          "attributes": {
            "arn": "arn:aws:rds:us-east-1:801232946361:og:cau-eleitoral-pg16-options",
            "engine_name": "postgres",
            "id": "cau-eleitoral-pg16-options",
            "major_engine_version": "16",
            "name": "cau-eleitoral-pg16-options",
            "name_prefix": "",
            "option": [],
            "option_group_description": "Option group for cau-eleitoral",
            "skip_destroy": false,
            "tags": {
              "Name": "cau-eleitoral-pg16-options"
            },
            "tags_all": {
              "CostCenter": "Eleitoral",
              "Environment": "production",
              "ManagedBy": "Terraform",
              "Name": "cau-eleitoral-pg16-options",
              "Owner": "CAU",
              "Project": "CAU-Sistema-Eleitoral"
            },
            "timeouts": null
          },
          "sensitive_attributes": [],
          "private": "eyJlMmJmYjczMC1lY2FhLTExZTYtOGY4OC0zNDM2M2JjN2M0YzAiOnsiZGVsZXRlIjo5MDAwMDAwMDAwMDB9fQ=="
        }
      ]
    },
    {
      "mode": "managed",
      "type": "aws_db_parameter_group",
      "name": "main",
      "provider": "provider[\"registry.terraform.io/hashicorp/aws\"]",
      "instances": [
        {
          "status": "tainted",
          "schema_version": 0,
          "attributes": {
            "arn": "arn:aws:rds:us-east-1:801232946361:pg:cau-eleitoral-pg16-params",
            "description": "Custom parameter group for cau-eleitoral",
            "family": "postgres16",
            "id": "cau-eleitoral-pg16-params",
            "name": "cau-eleitoral-pg16-params",
            "name_prefix": null,
            "parameter": [
              {
                "apply_method": "immediate",
                "name": "idle_in_transaction_session_timeout",
                "value": "300000"
              },
              {
                "apply_method": "immediate",
                "name": "log_connections",
                "value": "1"
              },
              {
                "apply_method": "immediate",
                "name": "log_disconnections",
                "value": "1"
              },
              {
                "apply_method": "immediate",
                "name": "log_duration",
                "value": "1"
              },
              {
                "apply_method": "immediate",
                "name": "log_lock_waits",
                "value": "1"
              },
              {
                "apply_method": "immediate",
                "name": "log_min_duration_statement",
                "value": "1000"
              },
              {
                "apply_method": "immediate",
                "name": "shared_preload_libraries",
                "value": "pg_stat_statements"
              },
              {
                "apply_method": "immediate",
                "name": "statement_timeout",
                "value": "300000"
              },
              {
                "apply_method": "pending-reboot",
                "name": "pg_stat_statements.track",
                "value": "all"
              }
            ],
            "skip_destroy": false,
            "tags": {
              "Name": "cau-eleitoral-pg16-params"
            },
            "tags_all": {
              "CostCenter": "Eleitoral",
              "Environment": "production",
              "ManagedBy": "Terraform",
              "Name": "cau-eleitoral-pg16-params",
              "Owner": "CAU",
              "Project": "CAU-Sistema-Eleitoral"
            }
          },
          "sensitive_attributes": [],
          "private": "bnVsbA=="
        }
      ]
    },
    {
      "mode": "managed",
      "type": "aws_db_subnet_group",
      "name": "main",
      "provider": "provider[\"registry.terraform.io/hashicorp/aws\"]",
      "instances": [
        {
          "schema_version": 0,
          "attributes": {
            "arn": "arn:aws:rds:us-east-1:801232946361:subgrp:cau-eleitoral-db-subnet-group",
            "description": "Database subnet group for cau-eleitoral",
            "id": "cau-eleitoral-db-subnet-group",
            "name": "cau-eleitoral-db-subnet-group",
            "name_prefix": "",
            "subnet_ids": [
              "subnet-001fca4f56b4a26d4",
              "subnet-0123e1841ac8a08e4",
              "subnet-047e4fa3249387c1b"
            ],
            "supported_network_types": [
              "IPV4"
            ],
            "tags": {
              "Name": "cau-eleitoral-db-subnet-group"
            },
            "tags_all": {
              "CostCenter": "Eleitoral",
              "Environment": "production",
              "ManagedBy": "Terraform",
              "Name": "cau-eleitoral-db-subnet-group",
              "Owner": "CAU",
              "Project": "CAU-Sistema-Eleitoral"
            },
            "vpc_id": "vpc-034bf0c6150887db5"
          },
          "sensitive_attributes": [],
          "private": "bnVsbA==",
          "dependencies": [
            "aws_subnet.database",
            "aws_vpc.main",
            "data.aws_availability_zones.available"
          ]
        }
      ]
    },
    {
      "mode": "managed",
      "type": "aws_ecr_lifecycle_policy",
      "name": "admin",
      "provider": "provider[\"registry.terraform.io/hashicorp/aws\"]",
      "instances": [
        {
          "schema_version": 0,
          "attributes": {
            "id": "cau-eleitoral/admin",
            "policy": "{\"rules\":[{\"action\":{\"type\":\"expire\"},\"description\":\"Keep last 30 production images\",\"rulePriority\":1,\"selection\":{\"countNumber\":30,\"countType\":\"imageCountMoreThan\",\"tagPrefixList\":[\"prod-\",\"release-\",\"v\"],\"tagStatus\":\"tagged\"}},{\"action\":{\"type\":\"expire\"},\"description\":\"Keep last 10 staging images\",\"rulePriority\":2,\"selection\":{\"countNumber\":10,\"countType\":\"imageCountMoreThan\",\"tagPrefixList\":[\"staging-\",\"stg-\"],\"tagStatus\":\"tagged\"}},{\"action\":{\"type\":\"expire\"},\"description\":\"Keep last 5 development images\",\"rulePriority\":3,\"selection\":{\"countNumber\":5,\"countType\":\"imageCountMoreThan\",\"tagPrefixList\":[\"dev-\",\"develop-\"],\"tagStatus\":\"tagged\"}},{\"action\":{\"type\":\"expire\"},\"description\":\"Remove untagged images after 7 days\",\"rulePriority\":4,\"selection\":{\"countNumber\":7,\"countType\":\"sinceImagePushed\",\"countUnit\":\"days\",\"tagStatus\":\"untagged\"}},{\"action\":{\"type\":\"expire\"},\"description\":\"Keep only 50 images total\",\"rulePriority\":5,\"selection\":{\"countNumber\":50,\"countType\":\"imageCountMoreThan\",\"tagStatus\":\"any\"}}]}",
            "registry_id": "801232946361",
            "repository": "cau-eleitoral/admin"
          },
          "sensitive_attributes": [],
          "private": "bnVsbA==",
          "dependencies": [
            "aws_ecr_repository.admin",
            "aws_kms_key.ecr",
            "data.aws_caller_identity.current"
          ]
        }
      ]
    },
    {
      "mode": "managed",
      "type": "aws_ecr_lifecycle_policy",
      "name": "api",
      "provider": "provider[\"registry.terraform.io/hashicorp/aws\"]",
      "instances": [
        {
          "schema_version": 0,
          "attributes": {
            "id": "cau-eleitoral/api",
            "policy": "{\"rules\":[{\"action\":{\"type\":\"expire\"},\"description\":\"Keep last 30 production images\",\"rulePriority\":1,\"selection\":{\"countNumber\":30,\"countType\":\"imageCountMoreThan\",\"tagPrefixList\":[\"prod-\",\"release-\",\"v\"],\"tagStatus\":\"tagged\"}},{\"action\":{\"type\":\"expire\"},\"description\":\"Keep last 10 staging images\",\"rulePriority\":2,\"selection\":{\"countNumber\":10,\"countType\":\"imageCountMoreThan\",\"tagPrefixList\":[\"staging-\",\"stg-\"],\"tagStatus\":\"tagged\"}},{\"action\":{\"type\":\"expire\"},\"description\":\"Keep last 5 development images\",\"rulePriority\":3,\"selection\":{\"countNumber\":5,\"countType\":\"imageCountMoreThan\",\"tagPrefixList\":[\"dev-\",\"develop-\"],\"tagStatus\":\"tagged\"}},{\"action\":{\"type\":\"expire\"},\"description\":\"Remove untagged images after 7 days\",\"rulePriority\":4,\"selection\":{\"countNumber\":7,\"countType\":\"sinceImagePushed\",\"countUnit\":\"days\",\"tagStatus\":\"untagged\"}},{\"action\":{\"type\":\"expire\"},\"description\":\"Keep only 50 images total\",\"rulePriority\":5,\"selection\":{\"countNumber\":50,\"countType\":\"imageCountMoreThan\",\"tagStatus\":\"any\"}}]}",
            "registry_id": "801232946361",
            "repository": "cau-eleitoral/api"
          },
          "sensitive_attributes": [],
          "private": "bnVsbA==",
          "dependencies": [
            "aws_ecr_repository.api",
            "aws_kms_key.ecr",
            "data.aws_caller_identity.current"
          ]
        }
      ]
    },
    {
      "mode": "managed",
      "type": "aws_ecr_lifecycle_policy",
      "name": "public",
      "provider": "provider[\"registry.terraform.io/hashicorp/aws\"]",
      "instances": [
        {
          "schema_version": 0,
          "attributes": {
            "id": "cau-eleitoral/public",
            "policy": "{\"rules\":[{\"action\":{\"type\":\"expire\"},\"description\":\"Keep last 30 production images\",\"rulePriority\":1,\"selection\":{\"countNumber\":30,\"countType\":\"imageCountMoreThan\",\"tagPrefixList\":[\"prod-\",\"release-\",\"v\"],\"tagStatus\":\"tagged\"}},{\"action\":{\"type\":\"expire\"},\"description\":\"Keep last 10 staging images\",\"rulePriority\":2,\"selection\":{\"countNumber\":10,\"countType\":\"imageCountMoreThan\",\"tagPrefixList\":[\"staging-\",\"stg-\"],\"tagStatus\":\"tagged\"}},{\"action\":{\"type\":\"expire\"},\"description\":\"Keep last 5 development images\",\"rulePriority\":3,\"selection\":{\"countNumber\":5,\"countType\":\"imageCountMoreThan\",\"tagPrefixList\":[\"dev-\",\"develop-\"],\"tagStatus\":\"tagged\"}},{\"action\":{\"type\":\"expire\"},\"description\":\"Remove untagged images after 7 days\",\"rulePriority\":4,\"selection\":{\"countNumber\":7,\"countType\":\"sinceImagePushed\",\"countUnit\":\"days\",\"tagStatus\":\"untagged\"}},{\"action\":{\"type\":\"expire\"},\"description\":\"Keep only 50 images total\",\"rulePriority\":5,\"selection\":{\"countNumber\":50,\"countType\":\"imageCountMoreThan\",\"tagStatus\":\"any\"}}]}",
            "registry_id": "801232946361",
            "repository": "cau-eleitoral/public"
          },
          "sensitive_attributes": [],
          "private": "bnVsbA==",
          "dependencies": [
            "aws_ecr_repository.public",
            "aws_kms_key.ecr",
            "data.aws_caller_identity.current"
          ]
        }
      ]
    },
    {
      "mode": "managed",
      "type": "aws_ecr_repository",
      "name": "admin",
      "provider": "provider[\"registry.terraform.io/hashicorp/aws\"]",
      "instances": [
        {
          "schema_version": 0,
          "attributes": {
            "arn": "arn:aws:ecr:us-east-1:801232946361:repository/cau-eleitoral/admin",
            "encryption_configuration": [
              {
                "encryption_type": "KMS",
                "kms_key": "arn:aws:kms:us-east-1:801232946361:key/6e7c5b42-a0b5-416d-bb4c-8bbbb2c4ed6b"
              }
            ],
            "force_delete": null,
            "id": "cau-eleitoral/admin",
            "image_scanning_configuration": [
              {
                "scan_on_push": true
              }
            ],
            "image_tag_mutability": "MUTABLE",
            "name": "cau-eleitoral/admin",
            "registry_id": "801232946361",
            "repository_url": "801232946361.dkr.ecr.us-east-1.amazonaws.com/cau-eleitoral/admin",
            "tags": {
              "Name": "cau-eleitoral/admin",
              "Service": "admin"
            },
            "tags_all": {
              "CostCenter": "Eleitoral",
              "Environment": "production",
              "ManagedBy": "Terraform",
              "Name": "cau-eleitoral/admin",
              "Owner": "CAU",
              "Project": "CAU-Sistema-Eleitoral",
              "Service": "admin"
            },
            "timeouts": null
          },
          "sensitive_attributes": [],
          "private": "eyJlMmJmYjczMC1lY2FhLTExZTYtOGY4OC0zNDM2M2JjN2M0YzAiOnsiZGVsZXRlIjoxMjAwMDAwMDAwMDAwfX0=",
          "dependencies": [
            "aws_kms_key.ecr",
            "data.aws_caller_identity.current"
          ]
        }
      ]
    },
    {
      "mode": "managed",
      "type": "aws_ecr_repository",
      "name": "api",
      "provider": "provider[\"registry.terraform.io/hashicorp/aws\"]",
      "instances": [
        {
          "schema_version": 0,
          "attributes": {
            "arn": "arn:aws:ecr:us-east-1:801232946361:repository/cau-eleitoral/api",
            "encryption_configuration": [
              {
                "encryption_type": "KMS",
                "kms_key": "arn:aws:kms:us-east-1:801232946361:key/6e7c5b42-a0b5-416d-bb4c-8bbbb2c4ed6b"
              }
            ],
            "force_delete": null,
            "id": "cau-eleitoral/api",
            "image_scanning_configuration": [
              {
                "scan_on_push": true
              }
            ],
            "image_tag_mutability": "MUTABLE",
            "name": "cau-eleitoral/api",
            "registry_id": "801232946361",
            "repository_url": "801232946361.dkr.ecr.us-east-1.amazonaws.com/cau-eleitoral/api",
            "tags": {
              "Name": "cau-eleitoral/api",
              "Service": "api"
            },
            "tags_all": {
              "CostCenter": "Eleitoral",
              "Environment": "production",
              "ManagedBy": "Terraform",
              "Name": "cau-eleitoral/api",
              "Owner": "CAU",
              "Project": "CAU-Sistema-Eleitoral",
              "Service": "api"
            },
            "timeouts": null
          },
          "sensitive_attributes": [],
          "private": "eyJlMmJmYjczMC1lY2FhLTExZTYtOGY4OC0zNDM2M2JjN2M0YzAiOnsiZGVsZXRlIjoxMjAwMDAwMDAwMDAwfX0=",
          "dependencies": [
            "aws_kms_key.ecr",
            "data.aws_caller_identity.current"
          ]
        }
      ]
    },
    {
      "mode": "managed",
      "type": "aws_ecr_repository",
      "name": "public",
      "provider": "provider[\"registry.terraform.io/hashicorp/aws\"]",
      "instances": [
        {
          "schema_version": 0,
          "attributes": {
            "arn": "arn:aws:ecr:us-east-1:801232946361:repository/cau-eleitoral/public",
            "encryption_configuration": [
              {
                "encryption_type": "KMS",
                "kms_key": "arn:aws:kms:us-east-1:801232946361:key/6e7c5b42-a0b5-416d-bb4c-8bbbb2c4ed6b"
              }
            ],
            "force_delete": null,
            "id": "cau-eleitoral/public",
            "image_scanning_configuration": [
              {
                "scan_on_push": true
              }
            ],
            "image_tag_mutability": "MUTABLE",
            "name": "cau-eleitoral/public",
            "registry_id": "801232946361",
            "repository_url": "801232946361.dkr.ecr.us-east-1.amazonaws.com/cau-eleitoral/public",
            "tags": {
              "Name": "cau-eleitoral/public",
              "Service": "public"
            },
            "tags_all": {
              "CostCenter": "Eleitoral",
              "Environment": "production",
              "ManagedBy": "Terraform",
              "Name": "cau-eleitoral/public",
              "Owner": "CAU",
              "Project": "CAU-Sistema-Eleitoral",
              "Service": "public"
            },
            "timeouts": null
          },
          "sensitive_attributes": [],
          "private": "eyJlMmJmYjczMC1lY2FhLTExZTYtOGY4OC0zNDM2M2JjN2M0YzAiOnsiZGVsZXRlIjoxMjAwMDAwMDAwMDAwfX0=",
          "dependencies": [
            "aws_kms_key.ecr",
            "data.aws_caller_identity.current"
          ]
        }
      ]
    },
    {
      "mode": "managed",
      "type": "aws_ecr_repository_policy",
      "name": "admin",
      "provider": "provider[\"registry.terraform.io/hashicorp/aws\"]",
      "instances": [
        {
          "schema_version": 0,
          "attributes": {
            "id": "cau-eleitoral/admin",
            "policy": "{\"Statement\":[{\"Action\":[\"ecr:GetDownloadUrlForLayer\",\"ecr:BatchGetImage\",\"ecr:BatchCheckLayerAvailability\"],\"Effect\":\"Allow\",\"Principal\":{\"AWS\":\"arn:aws:iam::801232946361:root\"},\"Sid\":\"AllowPull\"},{\"Action\":[\"ecr:GetDownloadUrlForLayer\",\"ecr:BatchGetImage\",\"ecr:BatchCheckLayerAvailability\"],\"Condition\":{\"ArnLike\":{\"aws:SourceArn\":\"arn:aws:ecs:us-east-1:801232946361:*\"}},\"Effect\":\"Allow\",\"Principal\":{\"Service\":\"ecs-tasks.amazonaws.com\"},\"Sid\":\"AllowECSPull\"}],\"Version\":\"2012-10-17\"}",
            "registry_id": "801232946361",
            "repository": "cau-eleitoral/admin"
          },
          "sensitive_attributes": [],
          "private": "bnVsbA==",
          "dependencies": [
            "aws_ecr_repository.admin",
            "aws_kms_key.ecr",
            "data.aws_caller_identity.current"
          ]
        }
      ]
    },
    {
      "mode": "managed",
      "type": "aws_ecr_repository_policy",
      "name": "api",
      "provider": "provider[\"registry.terraform.io/hashicorp/aws\"]",
      "instances": [
        {
          "schema_version": 0,
          "attributes": {
            "id": "cau-eleitoral/api",
            "policy": "{\"Statement\":[{\"Action\":[\"ecr:GetDownloadUrlForLayer\",\"ecr:BatchGetImage\",\"ecr:BatchCheckLayerAvailability\"],\"Effect\":\"Allow\",\"Principal\":{\"AWS\":\"arn:aws:iam::801232946361:root\"},\"Sid\":\"AllowPull\"},{\"Action\":[\"ecr:GetDownloadUrlForLayer\",\"ecr:BatchGetImage\",\"ecr:BatchCheckLayerAvailability\"],\"Condition\":{\"ArnLike\":{\"aws:SourceArn\":\"arn:aws:ecs:us-east-1:801232946361:*\"}},\"Effect\":\"Allow\",\"Principal\":{\"Service\":\"ecs-tasks.amazonaws.com\"},\"Sid\":\"AllowECSPull\"}],\"Version\":\"2012-10-17\"}",
            "registry_id": "801232946361",
            "repository": "cau-eleitoral/api"
          },
          "sensitive_attributes": [],
          "private": "bnVsbA==",
          "dependencies": [
            "aws_ecr_repository.api",
            "aws_kms_key.ecr",
            "data.aws_caller_identity.current"
          ]
        }
      ]
    },
    {
      "mode": "managed",
      "type": "aws_ecr_repository_policy",
      "name": "public",
      "provider": "provider[\"registry.terraform.io/hashicorp/aws\"]",
      "instances": [
        {
          "schema_version": 0,
          "attributes": {
            "id": "cau-eleitoral/public",
            "policy": "{\"Statement\":[{\"Action\":[\"ecr:GetDownloadUrlForLayer\",\"ecr:BatchGetImage\",\"ecr:BatchCheckLayerAvailability\"],\"Effect\":\"Allow\",\"Principal\":{\"AWS\":\"arn:aws:iam::801232946361:root\"},\"Sid\":\"AllowPull\"},{\"Action\":[\"ecr:GetDownloadUrlForLayer\",\"ecr:BatchGetImage\",\"ecr:BatchCheckLayerAvailability\"],\"Condition\":{\"ArnLike\":{\"aws:SourceArn\":\"arn:aws:ecs:us-east-1:801232946361:*\"}},\"Effect\":\"Allow\",\"Principal\":{\"Service\":\"ecs-tasks.amazonaws.com\"},\"Sid\":\"AllowECSPull\"}],\"Version\":\"2012-10-17\"}",
            "registry_id": "801232946361",
            "repository": "cau-eleitoral/public"
          },
          "sensitive_attributes": [],
          "private": "bnVsbA==",
          "dependencies": [
            "aws_ecr_repository.public",
            "aws_kms_key.ecr",
            "data.aws_caller_identity.current"
          ]
        }
      ]
    },
    {
      "mode": "managed",
      "type": "aws_ecs_cluster",
      "name": "main",
      "provider": "provider[\"registry.terraform.io/hashicorp/aws\"]",
      "instances": [
        {
          "schema_version": 0,
          "attributes": {
            "arn": "arn:aws:ecs:us-east-1:801232946361:cluster/cau-eleitoral-cluster",
            "configuration": [
              {
                "execute_command_configuration": [
                  {
                    "kms_key_id": "arn:aws:kms:us-east-1:801232946361:key/f4d3e684-5cfe-4a07-80e0-f108c385f871",
                    "log_configuration": [
                      {
                        "cloud_watch_encryption_enabled": true,
                        "cloud_watch_log_group_name": "/aws/ecs/cau-eleitoral/exec",
                        "s3_bucket_encryption_enabled": false,
                        "s3_bucket_name": "",
                        "s3_key_prefix": ""
                      }
                    ],
                    "logging": "OVERRIDE"
                  }
                ],
                "managed_storage_configuration": []
              }
            ],
            "id": "arn:aws:ecs:us-east-1:801232946361:cluster/cau-eleitoral-cluster",
            "name": "cau-eleitoral-cluster",
            "service_connect_defaults": [],
            "setting": [
              {
                "name": "containerInsights",
                "value": "enabled"
              }
            ],
            "tags": {
              "Name": "cau-eleitoral-cluster"
            },
            "tags_all": {
              "CostCenter": "Eleitoral",
              "Environment": "production",
              "ManagedBy": "Terraform",
              "Name": "cau-eleitoral-cluster",
              "Owner": "CAU",
              "Project": "CAU-Sistema-Eleitoral"
            }
          },
          "sensitive_attributes": [],
          "private": "bnVsbA==",
          "dependencies": [
            "aws_cloudwatch_log_group.ecs_exec",
            "aws_kms_key.ecs",
            "data.aws_caller_identity.current"
          ]
        }
      ]
    },
    {
      "mode": "managed",
      "type": "aws_ecs_cluster_capacity_providers",
      "name": "main",
      "provider": "provider[\"registry.terraform.io/hashicorp/aws\"]",
      "instances": [
        {
          "schema_version": 0,
          "attributes": {
            "capacity_providers": [
              "FARGATE",
              "FARGATE_SPOT"
            ],
            "cluster_name": "cau-eleitoral-cluster",
            "default_capacity_provider_strategy": [
              {
                "base": 0,
                "capacity_provider": "FARGATE_SPOT",
                "weight": 100
              },
              {
                "base": 1,
                "capacity_provider": "FARGATE",
                "weight": 0
              }
            ],
            "id": "cau-eleitoral-cluster"
          },
          "sensitive_attributes": [],
          "private": "bnVsbA==",
          "dependencies": [
            "aws_cloudwatch_log_group.ecs_exec",
            "aws_ecs_cluster.main",
            "aws_kms_key.ecs",
            "data.aws_caller_identity.current"
          ]
        }
      ]
    },
    {
      "mode": "managed",
      "type": "aws_ecs_service",
      "name": "admin",
      "provider": "provider[\"registry.terraform.io/hashicorp/aws\"]",
      "instances": []
    },
    {
      "mode": "managed",
      "type": "aws_ecs_service",
      "name": "api",
      "provider": "provider[\"registry.terraform.io/hashicorp/aws\"]",
      "instances": []
    },
    {
      "mode": "managed",
      "type": "aws_ecs_service",
      "name": "public",
      "provider": "provider[\"registry.terraform.io/hashicorp/aws\"]",
      "instances": []
    },
    {
      "mode": "managed",
      "type": "aws_ecs_task_definition",
      "name": "admin",
      "provider": "provider[\"registry.terraform.io/hashicorp/aws\"]",
      "instances": [
        {
          "schema_version": 1,
          "attributes": {
            "arn": "arn:aws:ecs:us-east-1:801232946361:task-definition/cau-eleitoral-admin:1",
            "arn_without_revision": "arn:aws:ecs:us-east-1:801232946361:task-definition/cau-eleitoral-admin",
            "container_definitions": "[{\"environment\":[{\"name\":\"API_URL\",\"value\":\"https://api.cau-eleitoral.migrai.com.br\"},{\"name\":\"NODE_ENV\",\"value\":\"production\"}],\"essential\":true,\"healthCheck\":{\"command\":[\"CMD-SHELL\",\"curl -f http://localhost:80/health || exit 1\"],\"interval\":30,\"retries\":3,\"startPeriod\":30,\"timeout\":5},\"image\":\"801232946361.dkr.ecr.us-east-1.amazonaws.com/cau-eleitoral/admin:latest\",\"linuxParameters\":{\"initProcessEnabled\":true},\"logConfiguration\":{\"logDriver\":\"awslogs\",\"options\":{\"awslogs-group\":\"/aws/ecs/cau-eleitoral/admin\",\"awslogs-region\":\"us-east-1\",\"awslogs-stream-prefix\":\"admin\"}},\"mountPoints\":[],\"name\":\"admin\",\"portMappings\":[{\"containerPort\":80,\"hostPort\":80,\"protocol\":\"tcp\"}],\"systemControls\":[],\"volumesFrom\":[]}]",
            "cpu": "256",
            "enable_fault_injection": false,
            "ephemeral_storage": [],
            "execution_role_arn": "arn:aws:iam::801232946361:role/cau-eleitoral-ecs-task-execution-role",
            "family": "cau-eleitoral-admin",
            "id": "cau-eleitoral-admin",
            "inference_accelerator": [],
            "ipc_mode": "",
            "memory": "512",
            "network_mode": "awsvpc",
            "pid_mode": "",
            "placement_constraints": [],
            "proxy_configuration": [],
            "requires_compatibilities": [
              "FARGATE"
            ],
            "revision": 1,
            "runtime_platform": [],
            "skip_destroy": false,
            "tags": {
              "Name": "cau-eleitoral-admin-task"
            },
            "tags_all": {
              "CostCenter": "Eleitoral",
              "Environment": "production",
              "ManagedBy": "Terraform",
              "Name": "cau-eleitoral-admin-task",
              "Owner": "CAU",
              "Project": "CAU-Sistema-Eleitoral"
            },
            "task_role_arn": "arn:aws:iam::801232946361:role/cau-eleitoral-ecs-task-role",
            "track_latest": false,
            "volume": []
          },
          "sensitive_attributes": [],
          "private": "eyJzY2hlbWFfdmVyc2lvbiI6IjEifQ==",
          "dependencies": [
            "aws_cloudwatch_log_group.admin",
            "aws_ecr_repository.admin",
            "aws_iam_role.ecs_task",
            "aws_iam_role.ecs_task_execution",
            "aws_kms_key.ecr",
            "data.aws_caller_identity.current"
          ]
        }
      ]
    },
    {
      "mode": "managed",
      "type": "aws_ecs_task_definition",
      "name": "api",
      "provider": "provider[\"registry.terraform.io/hashicorp/aws\"]",
      "instances": []
    },
    {
      "mode": "managed",
      "type": "aws_ecs_task_definition",
      "name": "public",
      "provider": "provider[\"registry.terraform.io/hashicorp/aws\"]",
      "instances": [
        {
          "schema_version": 1,
          "attributes": {
            "arn": "arn:aws:ecs:us-east-1:801232946361:task-definition/cau-eleitoral-public:1",
            "arn_without_revision": "arn:aws:ecs:us-east-1:801232946361:task-definition/cau-eleitoral-public",
            "container_definitions": "[{\"environment\":[{\"name\":\"API_URL\",\"value\":\"https://api.cau-eleitoral.migrai.com.br\"},{\"name\":\"NODE_ENV\",\"value\":\"production\"}],\"essential\":true,\"healthCheck\":{\"command\":[\"CMD-SHELL\",\"curl -f http://localhost:80/health || exit 1\"],\"interval\":30,\"retries\":3,\"startPeriod\":30,\"timeout\":5},\"image\":\"801232946361.dkr.ecr.us-east-1.amazonaws.com/cau-eleitoral/public:latest\",\"linuxParameters\":{\"initProcessEnabled\":true},\"logConfiguration\":{\"logDriver\":\"awslogs\",\"options\":{\"awslogs-region\":\"us-east-1\",\"awslogs-stream-prefix\":\"public\",\"awslogs-group\":\"/aws/ecs/cau-eleitoral/public\"}},\"mountPoints\":[],\"name\":\"public\",\"portMappings\":[{\"containerPort\":80,\"hostPort\":80,\"protocol\":\"tcp\"}],\"systemControls\":[],\"volumesFrom\":[]}]",
            "cpu": "256",
            "enable_fault_injection": false,
            "ephemeral_storage": [],
            "execution_role_arn": "arn:aws:iam::801232946361:role/cau-eleitoral-ecs-task-execution-role",
            "family": "cau-eleitoral-public",
            "id": "cau-eleitoral-public",
            "inference_accelerator": [],
            "ipc_mode": "",
            "memory": "512",
            "network_mode": "awsvpc",
            "pid_mode": "",
            "placement_constraints": [],
            "proxy_configuration": [],
            "requires_compatibilities": [
              "FARGATE"
            ],
            "revision": 1,
            "runtime_platform": [],
            "skip_destroy": false,
            "tags": {
              "Name": "cau-eleitoral-public-task"
            },
            "tags_all": {
              "CostCenter": "Eleitoral",
              "Environment": "production",
              "ManagedBy": "Terraform",
              "Name": "cau-eleitoral-public-task",
              "Owner": "CAU",
              "Project": "CAU-Sistema-Eleitoral"
            },
            "task_role_arn": "arn:aws:iam::801232946361:role/cau-eleitoral-ecs-task-role",
            "track_latest": false,
            "volume": []
          },
          "sensitive_attributes": [],
          "private": "eyJzY2hlbWFfdmVyc2lvbiI6IjEifQ==",
          "dependencies": [
            "aws_cloudwatch_log_group.public",
            "aws_ecr_repository.public",
            "aws_iam_role.ecs_task",
            "aws_iam_role.ecs_task_execution",
            "aws_kms_key.ecr",
            "data.aws_caller_identity.current"
          ]
        }
      ]
    },
    {
      "mode": "managed",
      "type": "aws_eip",
      "name": "nat",
      "provider": "provider[\"registry.terraform.io/hashicorp/aws\"]",
      "instances": [
        {
          "index_key": 0,
          "schema_version": 0,
          "attributes": {
            "address": null,
            "allocation_id": "eipalloc-0373d0e8c9aa3ce77",
            "arn": "arn:aws:ec2:us-east-1:801232946361:elastic-ip/eipalloc-0373d0e8c9aa3ce77",
            "associate_with_private_ip": null,
            "association_id": "",
            "carrier_ip": "",
            "customer_owned_ip": "",
            "customer_owned_ipv4_pool": "",
            "domain": "vpc",
            "id": "eipalloc-0373d0e8c9aa3ce77",
            "instance": "",
            "ipam_pool_id": null,
            "network_border_group": "us-east-1",
            "network_interface": "",
            "private_dns": null,
            "private_ip": "",
            "ptr_record": "",
            "public_dns": "ec2-54-92-176-240.compute-1.amazonaws.com",
            "public_ip": "54.92.176.240",
            "public_ipv4_pool": "amazon",
            "tags": {
              "Name": "cau-eleitoral-nat-eip-1"
            },
            "tags_all": {
              "CostCenter": "Eleitoral",
              "Environment": "production",
              "ManagedBy": "Terraform",
              "Name": "cau-eleitoral-nat-eip-1",
              "Owner": "CAU",
              "Project": "CAU-Sistema-Eleitoral"
            },
            "timeouts": null,
            "vpc": true
          },
          "sensitive_attributes": [],
          "private": "eyJlMmJmYjczMC1lY2FhLTExZTYtOGY4OC0zNDM2M2JjN2M0YzAiOnsiZGVsZXRlIjoxODAwMDAwMDAwMDAsInJlYWQiOjkwMDAwMDAwMDAwMCwidXBkYXRlIjozMDAwMDAwMDAwMDB9fQ==",
          "dependencies": [
            "aws_internet_gateway.main",
            "aws_vpc.main",
            "data.aws_availability_zones.available"
          ]
        }
      ]
    },
    {
      "mode": "managed",
      "type": "aws_flow_log",
      "name": "main",
      "provider": "provider[\"registry.terraform.io/hashicorp/aws\"]",
      "instances": [
        {
          "schema_version": 0,
          "attributes": {
            "arn": "arn:aws:ec2:us-east-1:801232946361:vpc-flow-log/fl-0988ded1c09bb64f4",
            "deliver_cross_account_role": "",
            "destination_options": [],
            "eni_id": null,
            "iam_role_arn": "arn:aws:iam::801232946361:role/cau-eleitoral-vpc-flow-logs-role",
            "id": "fl-0988ded1c09bb64f4",
            "log_destination": "arn:aws:logs:us-east-1:801232946361:log-group:/aws/vpc/cau-eleitoral-flow-logs",
            "log_destination_type": "cloud-watch-logs",
            "log_format": "${version} ${account-id} ${interface-id} ${srcaddr} ${dstaddr} ${srcport} ${dstport} ${protocol} ${packets} ${bytes} ${start} ${end} ${action} ${log-status}",
            "log_group_name": "/aws/vpc/cau-eleitoral-flow-logs",
            "max_aggregation_interval": 600,
            "subnet_id": null,
            "tags": {
              "Name": "cau-eleitoral-vpc-flow-log"
            },
            "tags_all": {
              "CostCenter": "Eleitoral",
              "Environment": "production",
              "ManagedBy": "Terraform",
              "Name": "cau-eleitoral-vpc-flow-log",
              "Owner": "CAU",
              "Project": "CAU-Sistema-Eleitoral"
            },
            "traffic_type": "ALL",
            "transit_gateway_attachment_id": null,
            "transit_gateway_id": null,
            "vpc_id": "vpc-034bf0c6150887db5"
          },
          "sensitive_attributes": [],
          "private": "bnVsbA==",
          "dependencies": [
            "aws_cloudwatch_log_group.vpc_flow_logs",
            "aws_iam_role.vpc_flow_logs",
            "aws_vpc.main"
          ]
        }
      ]
    },
    {
      "mode": "managed",
      "type": "aws_iam_role",
      "name": "admin",
      "provider": "provider[\"registry.terraform.io/hashicorp/aws\"]",
      "instances": [
        {
          "schema_version": 0,
          "attributes": {
            "arn": "arn:aws:iam::801232946361:role/cau-eleitoral-admin-role",
            "assume_role_policy": "{\"Statement\":[{\"Action\":\"sts:AssumeRole\",\"Condition\":{\"Bool\":{\"aws:MultiFactorAuthPresent\":\"true\"}},\"Effect\":\"Allow\",\"Principal\":{\"AWS\":\"arn:aws:iam::801232946361:root\"}}],\"Version\":\"2012-10-17\"}",
            "create_date": "2026-02-05T13:52:15Z",
            "description": "",
            "force_detach_policies": false,
            "id": "cau-eleitoral-admin-role",
            "inline_policy": [],
            "managed_policy_arns": [],
            "max_session_duration": 3600,
            "name": "cau-eleitoral-admin-role",
            "name_prefix": "",
            "path": "/",
            "permissions_boundary": "",
            "tags": {
              "Name": "cau-eleitoral-admin-role"
            },
            "tags_all": {
              "CostCenter": "Eleitoral",
              "Environment": "production",
              "ManagedBy": "Terraform",
              "Name": "cau-eleitoral-admin-role",
              "Owner": "CAU",
              "Project": "CAU-Sistema-Eleitoral"
            },
            "unique_id": "AROA3VDJUQS4YBST2IGMA"
          },
          "sensitive_attributes": [],
          "private": "bnVsbA==",
          "dependencies": [
            "data.aws_caller_identity.current"
          ]
        }
      ]
    },
    {
      "mode": "managed",
      "type": "aws_iam_role",
      "name": "cicd",
      "provider": "provider[\"registry.terraform.io/hashicorp/aws\"]",
      "instances": [
        {
          "schema_version": 0,
          "attributes": {
            "arn": "arn:aws:iam::801232946361:role/cau-eleitoral-cicd-role",
            "assume_role_policy": "{\"Statement\":[{\"Action\":\"sts:AssumeRoleWithWebIdentity\",\"Condition\":{\"StringLike\":{\"token.actions.githubusercontent.com:sub\":\"repo:*:*\"}},\"Effect\":\"Allow\",\"Principal\":{\"Federated\":\"arn:aws:iam::801232946361:oidc-provider/token.actions.githubusercontent.com\"}}],\"Version\":\"2012-10-17\"}",
            "create_date": "2026-02-05T13:52:09Z",
            "description": "",
            "force_detach_policies": false,
            "id": "cau-eleitoral-cicd-role",
            "inline_policy": [],
            "managed_policy_arns": [],
            "max_session_duration": 3600,
            "name": "cau-eleitoral-cicd-role",
            "name_prefix": "",
            "path": "/",
            "permissions_boundary": "",
            "tags": {
              "Name": "cau-eleitoral-cicd-role"
            },
            "tags_all": {
              "CostCenter": "Eleitoral",
              "Environment": "production",
              "ManagedBy": "Terraform",
              "Name": "cau-eleitoral-cicd-role",
              "Owner": "CAU",
              "Project": "CAU-Sistema-Eleitoral"
            },
            "unique_id": "AROA3VDJUQS4WLMBAAMOJ"
          },
          "sensitive_attributes": [],
          "private": "bnVsbA==",
          "dependencies": [
            "data.aws_caller_identity.current"
          ]
        }
      ]
    },
    {
      "mode": "managed",
      "type": "aws_iam_role",
      "name": "ecs_task",
      "provider": "provider[\"registry.terraform.io/hashicorp/aws\"]",
      "instances": [
        {
          "schema_version": 0,
          "attributes": {
            "arn": "arn:aws:iam::801232946361:role/cau-eleitoral-ecs-task-role",
            "assume_role_policy": "{\"Statement\":[{\"Action\":\"sts:AssumeRole\",\"Effect\":\"Allow\",\"Principal\":{\"Service\":\"ecs-tasks.amazonaws.com\"}}],\"Version\":\"2012-10-17\"}",
            "create_date": "2026-02-05T13:52:14Z",
            "description": "",
            "force_detach_policies": false,
            "id": "cau-eleitoral-ecs-task-role",
            "inline_policy": [],
            "managed_policy_arns": [],
            "max_session_duration": 3600,
            "name": "cau-eleitoral-ecs-task-role",
            "name_prefix": "",
            "path": "/",
            "permissions_boundary": "",
            "tags": {
              "Name": "cau-eleitoral-ecs-task-role"
            },
            "tags_all": {
              "CostCenter": "Eleitoral",
              "Environment": "production",
              "ManagedBy": "Terraform",
              "Name": "cau-eleitoral-ecs-task-role",
              "Owner": "CAU",
              "Project": "CAU-Sistema-Eleitoral"
            },
            "unique_id": "AROA3VDJUQS4XHXZEVKXG"
          },
          "sensitive_attributes": [],
          "private": "bnVsbA=="
        }
      ]
    },
    {
      "mode": "managed",
      "type": "aws_iam_role",
      "name": "ecs_task_execution",
      "provider": "provider[\"registry.terraform.io/hashicorp/aws\"]",
      "instances": [
        {
          "schema_version": 0,
          "attributes": {
            "arn": "arn:aws:iam::801232946361:role/cau-eleitoral-ecs-task-execution-role",
            "assume_role_policy": "{\"Statement\":[{\"Action\":\"sts:AssumeRole\",\"Effect\":\"Allow\",\"Principal\":{\"Service\":\"ecs-tasks.amazonaws.com\"}}],\"Version\":\"2012-10-17\"}",
            "create_date": "2026-02-05T13:52:10Z",
            "description": "",
            "force_detach_policies": false,
            "id": "cau-eleitoral-ecs-task-execution-role",
            "inline_policy": [],
            "managed_policy_arns": [],
            "max_session_duration": 3600,
            "name": "cau-eleitoral-ecs-task-execution-role",
            "name_prefix": "",
            "path": "/",
            "permissions_boundary": "",
            "tags": {
              "Name": "cau-eleitoral-ecs-task-execution-role"
            },
            "tags_all": {
              "CostCenter": "Eleitoral",
              "Environment": "production",
              "ManagedBy": "Terraform",
              "Name": "cau-eleitoral-ecs-task-execution-role",
              "Owner": "CAU",
              "Project": "CAU-Sistema-Eleitoral"
            },
            "unique_id": "AROA3VDJUQS44DX3TLHDE"
          },
          "sensitive_attributes": [],
          "private": "bnVsbA=="
        }
      ]
    },
    {
      "mode": "managed",
      "type": "aws_iam_role",
      "name": "rds_monitoring",
      "provider": "provider[\"registry.terraform.io/hashicorp/aws\"]",
      "instances": [
        {
          "schema_version": 0,
          "attributes": {
            "arn": "arn:aws:iam::801232946361:role/cau-eleitoral-rds-monitoring-role",
            "assume_role_policy": "{\"Statement\":[{\"Action\":\"sts:AssumeRole\",\"Effect\":\"Allow\",\"Principal\":{\"Service\":\"monitoring.rds.amazonaws.com\"}}],\"Version\":\"2012-10-17\"}",
            "create_date": "2026-02-05T13:52:10Z",
            "description": "",
            "force_detach_policies": false,
            "id": "cau-eleitoral-rds-monitoring-role",
            "inline_policy": [],
            "managed_policy_arns": [],
            "max_session_duration": 3600,
            "name": "cau-eleitoral-rds-monitoring-role",
            "name_prefix": "",
            "path": "/",
            "permissions_boundary": "",
            "tags": {
              "Name": "cau-eleitoral-rds-monitoring-role"
            },
            "tags_all": {
              "CostCenter": "Eleitoral",
              "Environment": "production",
              "ManagedBy": "Terraform",
              "Name": "cau-eleitoral-rds-monitoring-role",
              "Owner": "CAU",
              "Project": "CAU-Sistema-Eleitoral"
            },
            "unique_id": "AROA3VDJUQS45NP7ZYYMQ"
          },
          "sensitive_attributes": [],
          "private": "bnVsbA=="
        }
      ]
    },
    {
      "mode": "managed",
      "type": "aws_iam_role",
      "name": "readonly",
      "provider": "provider[\"registry.terraform.io/hashicorp/aws\"]",
      "instances": [
        {
          "schema_version": 0,
          "attributes": {
            "arn": "arn:aws:iam::801232946361:role/cau-eleitoral-readonly-role",
            "assume_role_policy": "{\"Statement\":[{\"Action\":\"sts:AssumeRole\",\"Effect\":\"Allow\",\"Principal\":{\"AWS\":\"arn:aws:iam::801232946361:root\"}}],\"Version\":\"2012-10-17\"}",
            "create_date": "2026-02-05T13:52:09Z",
            "description": "",
            "force_detach_policies": false,
            "id": "cau-eleitoral-readonly-role",
            "inline_policy": [],
            "managed_policy_arns": [],
            "max_session_duration": 3600,
            "name": "cau-eleitoral-readonly-role",
            "name_prefix": "",
            "path": "/",
            "permissions_boundary": "",
            "tags": {
              "Name": "cau-eleitoral-readonly-role"
            },
            "tags_all": {
              "CostCenter": "Eleitoral",
              "Environment": "production",
              "ManagedBy": "Terraform",
              "Name": "cau-eleitoral-readonly-role",
              "Owner": "CAU",
              "Project": "CAU-Sistema-Eleitoral"
            },
            "unique_id": "AROA3VDJUQS4Q2ZBVGIWU"
          },
          "sensitive_attributes": [],
          "private": "bnVsbA==",
          "dependencies": [
            "data.aws_caller_identity.current"
          ]
        }
      ]
    },
    {
      "mode": "managed",
      "type": "aws_iam_role",
      "name": "s3_replication",
      "provider": "provider[\"registry.terraform.io/hashicorp/aws\"]",
      "instances": [
        {
          "index_key": 0,
          "schema_version": 0,
          "attributes": {
            "arn": "arn:aws:iam::801232946361:role/cau-eleitoral-s3-replication-role",
            "assume_role_policy": "{\"Statement\":[{\"Action\":\"sts:AssumeRole\",\"Effect\":\"Allow\",\"Principal\":{\"Service\":\"s3.amazonaws.com\"}}],\"Version\":\"2012-10-17\"}",
            "create_date": "2026-02-05T13:52:09Z",
            "description": "",
            "force_detach_policies": false,
            "id": "cau-eleitoral-s3-replication-role",
            "inline_policy": [],
            "managed_policy_arns": [],
            "max_session_duration": 3600,
            "name": "cau-eleitoral-s3-replication-role",
            "name_prefix": "",
            "path": "/",
            "permissions_boundary": "",
            "tags": {
              "Name": "cau-eleitoral-s3-replication-role"
            },
            "tags_all": {
              "CostCenter": "Eleitoral",
              "Environment": "production",
              "ManagedBy": "Terraform",
              "Name": "cau-eleitoral-s3-replication-role",
              "Owner": "CAU",
              "Project": "CAU-Sistema-Eleitoral"
            },
            "unique_id": "AROA3VDJUQS4UU7L74DA4"
          },
          "sensitive_attributes": [],
          "private": "bnVsbA=="
        }
      ]
    },
    {
      "mode": "managed",
      "type": "aws_iam_role",
      "name": "secrets_rotation",
      "provider": "provider[\"registry.terraform.io/hashicorp/aws\"]",
      "instances": [
        {
          "index_key": 0,
          "schema_version": 0,
          "attributes": {
            "arn": "arn:aws:iam::801232946361:role/cau-eleitoral-secrets-rotation-role",
            "assume_role_policy": "{\"Statement\":[{\"Action\":\"sts:AssumeRole\",\"Effect\":\"Allow\",\"Principal\":{\"Service\":\"lambda.amazonaws.com\"}}],\"Version\":\"2012-10-17\"}",
            "create_date": "2026-02-05T13:52:09Z",
            "description": "",
            "force_detach_policies": false,
            "id": "cau-eleitoral-secrets-rotation-role",
            "inline_policy": [],
            "managed_policy_arns": [],
            "max_session_duration": 3600,
            "name": "cau-eleitoral-secrets-rotation-role",
            "name_prefix": "",
            "path": "/",
            "permissions_boundary": "",
            "tags": {
              "Name": "cau-eleitoral-secrets-rotation-role"
            },
            "tags_all": {
              "CostCenter": "Eleitoral",
              "Environment": "production",
              "ManagedBy": "Terraform",
              "Name": "cau-eleitoral-secrets-rotation-role",
              "Owner": "CAU",
              "Project": "CAU-Sistema-Eleitoral"
            },
            "unique_id": "AROA3VDJUQS45HEYLIB3L"
          },
          "sensitive_attributes": [],
          "private": "bnVsbA=="
        }
      ]
    },
    {
      "mode": "managed",
      "type": "aws_iam_role",
      "name": "vpc_flow_logs",
      "provider": "provider[\"registry.terraform.io/hashicorp/aws\"]",
      "instances": [
        {
          "schema_version": 0,
          "attributes": {
            "arn": "arn:aws:iam::801232946361:role/cau-eleitoral-vpc-flow-logs-role",
            "assume_role_policy": "{\"Statement\":[{\"Action\":\"sts:AssumeRole\",\"Effect\":\"Allow\",\"Principal\":{\"Service\":\"vpc-flow-logs.amazonaws.com\"}}],\"Version\":\"2012-10-17\"}",
            "create_date": "2026-02-05T13:52:14Z",
            "description": "",
            "force_detach_policies": false,
            "id": "cau-eleitoral-vpc-flow-logs-role",
            "inline_policy": [],
            "managed_policy_arns": [],
            "max_session_duration": 3600,
            "name": "cau-eleitoral-vpc-flow-logs-role",
            "name_prefix": "",
            "path": "/",
            "permissions_boundary": "",
            "tags": {
              "Name": "cau-eleitoral-vpc-flow-logs-role"
            },
            "tags_all": {
              "CostCenter": "Eleitoral",
              "Environment": "production",
              "ManagedBy": "Terraform",
              "Name": "cau-eleitoral-vpc-flow-logs-role",
              "Owner": "CAU",
              "Project": "CAU-Sistema-Eleitoral"
            },
            "unique_id": "AROA3VDJUQS442C7ZHESQ"
          },
          "sensitive_attributes": [],
          "private": "bnVsbA=="
        }
      ]
    },
    {
      "mode": "managed",
      "type": "aws_iam_role_policy",
      "name": "admin",
      "provider": "provider[\"registry.terraform.io/hashicorp/aws\"]",
      "instances": [
        {
          "schema_version": 0,
          "attributes": {
            "id": "cau-eleitoral-admin-role:cau-eleitoral-admin-policy",
            "name": "cau-eleitoral-admin-policy",
            "name_prefix": "",
            "policy": "{\"Version\":\"2012-10-17\",\"Statement\":[{\"Action\":[\"ecs:*\",\"ecr:*\",\"rds:Describe*\",\"rds:List*\",\"s3:Get*\",\"s3:List*\",\"cloudfront:Get*\",\"cloudfront:List*\",\"cloudwatch:*\",\"logs:*\",\"secretsmanager:GetSecretValue\",\"secretsmanager:DescribeSecret\",\"secretsmanager:ListSecrets\"],\"Condition\":{\"StringEquals\":{\"aws:ResourceTag/Project\":\"CAU-Sistema-Eleitoral\"}},\"Effect\":\"Allow\",\"Resource\":\"*\"},{\"Action\":[\"ecs:DescribeClusters\",\"ecs:ListClusters\",\"ecs:ListServices\",\"ecs:ListTasks\",\"ecs:ExecuteCommand\",\"ecr:GetAuthorizationToken\",\"cloudwatch:GetMetricData\",\"cloudwatch:ListMetrics\"],\"Effect\":\"Allow\",\"Resource\":\"*\"}]}",
            "role": "cau-eleitoral-admin-role"
          },
          "sensitive_attributes": [],
          "private": "bnVsbA==",
          "dependencies": [
            "aws_iam_role.admin",
            "data.aws_caller_identity.current"
          ]
        }
      ]
    },
    {
      "mode": "managed",
      "type": "aws_iam_role_policy",
      "name": "cicd_cloudfront",
      "provider": "provider[\"registry.terraform.io/hashicorp/aws\"]",
      "instances": []
    },
    {
      "mode": "managed",
      "type": "aws_iam_role_policy",
      "name": "cicd_ecr",
      "provider": "provider[\"registry.terraform.io/hashicorp/aws\"]",
      "instances": [
        {
          "schema_version": 0,
          "attributes": {
            "id": "cau-eleitoral-cicd-role:cau-eleitoral-cicd-ecr",
            "name": "cau-eleitoral-cicd-ecr",
            "name_prefix": "",
            "policy": "{\"Version\":\"2012-10-17\",\"Statement\":[{\"Action\":[\"ecr:GetAuthorizationToken\"],\"Effect\":\"Allow\",\"Resource\":\"*\"},{\"Action\":[\"ecr:BatchCheckLayerAvailability\",\"ecr:GetDownloadUrlForLayer\",\"ecr:GetRepositoryPolicy\",\"ecr:DescribeRepositories\",\"ecr:ListImages\",\"ecr:DescribeImages\",\"ecr:BatchGetImage\",\"ecr:InitiateLayerUpload\",\"ecr:UploadLayerPart\",\"ecr:CompleteLayerUpload\",\"ecr:PutImage\"],\"Effect\":\"Allow\",\"Resource\":[\"arn:aws:ecr:us-east-1:801232946361:repository/cau-eleitoral/api\",\"arn:aws:ecr:us-east-1:801232946361:repository/cau-eleitoral/admin\",\"arn:aws:ecr:us-east-1:801232946361:repository/cau-eleitoral/public\"]}]}",
            "role": "cau-eleitoral-cicd-role"
          },
          "sensitive_attributes": [],
          "private": "bnVsbA==",
          "dependencies": [
            "aws_ecr_repository.admin",
            "aws_ecr_repository.api",
            "aws_ecr_repository.public",
            "aws_iam_role.cicd",
            "aws_kms_key.ecr",
            "data.aws_caller_identity.current"
          ]
        }
      ]
    },
    {
      "mode": "managed",
      "type": "aws_iam_role_policy",
      "name": "cicd_ecs",
      "provider": "provider[\"registry.terraform.io/hashicorp/aws\"]",
      "instances": [
        {
          "schema_version": 0,
          "attributes": {
            "id": "cau-eleitoral-cicd-role:cau-eleitoral-cicd-ecs",
            "name": "cau-eleitoral-cicd-ecs",
            "name_prefix": "",
            "policy": "{\"Version\":\"2012-10-17\",\"Statement\":[{\"Action\":[\"ecs:DescribeServices\",\"ecs:UpdateService\",\"ecs:DescribeTaskDefinition\",\"ecs:RegisterTaskDefinition\",\"ecs:ListTaskDefinitions\",\"ecs:DeregisterTaskDefinition\"],\"Condition\":{\"StringEquals\":{\"ecs:cluster\":\"arn:aws:ecs:us-east-1:801232946361:cluster/cau-eleitoral-cluster\"}},\"Effect\":\"Allow\",\"Resource\":\"*\"},{\"Action\":[\"ecs:DescribeClusters\"],\"Effect\":\"Allow\",\"Resource\":\"arn:aws:ecs:us-east-1:801232946361:cluster/cau-eleitoral-cluster\"},{\"Action\":[\"iam:PassRole\"],\"Effect\":\"Allow\",\"Resource\":[\"arn:aws:iam::801232946361:role/cau-eleitoral-ecs-task-execution-role\",\"arn:aws:iam::801232946361:role/cau-eleitoral-ecs-task-role\"]}]}",
            "role": "cau-eleitoral-cicd-role"
          },
          "sensitive_attributes": [],
          "private": "bnVsbA==",
          "dependencies": [
            "aws_cloudwatch_log_group.ecs_exec",
            "aws_ecs_cluster.main",
            "aws_iam_role.cicd",
            "aws_iam_role.ecs_task",
            "aws_iam_role.ecs_task_execution",
            "aws_kms_key.ecs",
            "data.aws_caller_identity.current"
          ]
        }
      ]
    },
    {
      "mode": "managed",
      "type": "aws_iam_role_policy",
      "name": "ecs_task_cloudwatch",
      "provider": "provider[\"registry.terraform.io/hashicorp/aws\"]",
      "instances": [
        {
          "schema_version": 0,
          "attributes": {
            "id": "cau-eleitoral-ecs-task-role:cau-eleitoral-ecs-task-cloudwatch",
            "name": "cau-eleitoral-ecs-task-cloudwatch",
            "name_prefix": "",
            "policy": "{\"Version\":\"2012-10-17\",\"Statement\":[{\"Action\":[\"cloudwatch:PutMetricData\"],\"Condition\":{\"StringEquals\":{\"cloudwatch:namespace\":\"cau-eleitoral\"}},\"Effect\":\"Allow\",\"Resource\":\"*\"}]}",
            "role": "cau-eleitoral-ecs-task-role"
          },
          "sensitive_attributes": [],
          "private": "bnVsbA==",
          "dependencies": [
            "aws_iam_role.ecs_task"
          ]
        }
      ]
    },
    {
      "mode": "managed",
      "type": "aws_iam_role_policy",
      "name": "ecs_task_execution_secrets",
      "provider": "provider[\"registry.terraform.io/hashicorp/aws\"]",
      "instances": [
        {
          "schema_version": 0,
          "attributes": {
            "id": "cau-eleitoral-ecs-task-execution-role:cau-eleitoral-ecs-task-execution-secrets",
            "name": "cau-eleitoral-ecs-task-execution-secrets",
            "name_prefix": "",
            "policy": "{\"Version\":\"2012-10-17\",\"Statement\":[{\"Action\":[\"secretsmanager:GetSecretValue\"],\"Effect\":\"Allow\",\"Resource\":[\"arn:aws:secretsmanager:us-east-1:801232946361:secret:cau-eleitoral/rds/credentials-1MBBoN\",\"arn:aws:secretsmanager:us-east-1:801232946361:secret:cau-eleitoral/jwt/secret-6SFTeP\",\"arn:aws:secretsmanager:us-east-1:801232946361:secret:cau-eleitoral/app/secrets-hQOIcO\"]},{\"Action\":[\"kms:Decrypt\"],\"Effect\":\"Allow\",\"Resource\":\"arn:aws:kms:us-east-1:801232946361:key/22c96155-d261-4b55-a37b-b749c6692c78\"},{\"Action\":[\"ecr:GetAuthorizationToken\",\"ecr:BatchCheckLayerAvailability\",\"ecr:GetDownloadUrlForLayer\",\"ecr:BatchGetImage\"],\"Effect\":\"Allow\",\"Resource\":\"*\"},{\"Action\":[\"logs:CreateLogStream\",\"logs:PutLogEvents\"],\"Effect\":\"Allow\",\"Resource\":[\"arn:aws:logs:us-east-1:801232946361:log-group:/aws/ecs/cau-eleitoral/api:*\",\"arn:aws:logs:us-east-1:801232946361:log-group:/aws/ecs/cau-eleitoral/admin:*\",\"arn:aws:logs:us-east-1:801232946361:log-group:/aws/ecs/cau-eleitoral/public:*\"]}]}",
            "role": "cau-eleitoral-ecs-task-execution-role"
          },
          "sensitive_attributes": [],
          "private": "bnVsbA==",
          "dependencies": [
            "aws_cloudwatch_log_group.admin",
            "aws_cloudwatch_log_group.api",
            "aws_cloudwatch_log_group.public",
            "aws_iam_role.ecs_task_execution",
            "aws_kms_key.secrets",
            "aws_secretsmanager_secret.app_secrets",
            "aws_secretsmanager_secret.jwt_secret",
            "aws_secretsmanager_secret.rds_credentials",
            "data.aws_caller_identity.current"
          ]
        }
      ]
    },
    {
      "mode": "managed",
      "type": "aws_iam_role_policy",
      "name": "ecs_task_s3",
      "provider": "provider[\"registry.terraform.io/hashicorp/aws\"]",
      "instances": [
        {
          "schema_version": 0,
          "attributes": {
            "id": "cau-eleitoral-ecs-task-role:cau-eleitoral-ecs-task-s3",
            "name": "cau-eleitoral-ecs-task-s3",
            "name_prefix": "",
            "policy": "{\"Version\":\"2012-10-17\",\"Statement\":[{\"Action\":[\"s3:GetObject\",\"s3:PutObject\",\"s3:DeleteObject\",\"s3:ListBucket\"],\"Effect\":\"Allow\",\"Resource\":[\"arn:aws:s3:::cau-eleitoral-documents-801232946361\",\"arn:aws:s3:::cau-eleitoral-documents-801232946361/*\",\"arn:aws:s3:::cau-eleitoral-uploads-801232946361\",\"arn:aws:s3:::cau-eleitoral-uploads-801232946361/*\"]},{\"Action\":[\"s3:GetObject\",\"s3:PutObject\"],\"Effect\":\"Allow\",\"Resource\":[\"arn:aws:s3:::cau-eleitoral-backups-801232946361\",\"arn:aws:s3:::cau-eleitoral-backups-801232946361/*\"]},{\"Action\":[\"kms:Decrypt\",\"kms:GenerateDataKey\"],\"Effect\":\"Allow\",\"Resource\":\"arn:aws:kms:us-east-1:801232946361:key/95cd4684-c5f9-4e82-a6ae-c8b188bf4747\"}]}",
            "role": "cau-eleitoral-ecs-task-role"
          },
          "sensitive_attributes": [],
          "private": "bnVsbA==",
          "dependencies": [
            "aws_iam_role.ecs_task",
            "aws_kms_key.s3",
            "aws_s3_bucket.backups",
            "aws_s3_bucket.documents",
            "aws_s3_bucket.uploads",
            "data.aws_caller_identity.current"
          ]
        }
      ]
    },
    {
      "mode": "managed",
      "type": "aws_iam_role_policy",
      "name": "ecs_task_secrets",
      "provider": "provider[\"registry.terraform.io/hashicorp/aws\"]",
      "instances": [
        {
          "schema_version": 0,
          "attributes": {
            "id": "cau-eleitoral-ecs-task-role:cau-eleitoral-ecs-task-secrets",
            "name": "cau-eleitoral-ecs-task-secrets",
            "name_prefix": "",
            "policy": "{\"Version\":\"2012-10-17\",\"Statement\":[{\"Action\":[\"secretsmanager:GetSecretValue\"],\"Effect\":\"Allow\",\"Resource\":[\"arn:aws:secretsmanager:us-east-1:801232946361:secret:cau-eleitoral/app/secrets-hQOIcO\",\"arn:aws:secretsmanager:us-east-1:801232946361:secret:cau-eleitoral/smtp/credentials-mFzRNE\"]},{\"Action\":[\"kms:Decrypt\"],\"Effect\":\"Allow\",\"Resource\":\"arn:aws:kms:us-east-1:801232946361:key/22c96155-d261-4b55-a37b-b749c6692c78\"}]}",
            "role": "cau-eleitoral-ecs-task-role"
          },
          "sensitive_attributes": [],
          "private": "bnVsbA==",
          "dependencies": [
            "aws_iam_role.ecs_task",
            "aws_iam_role.ecs_task_execution",
            "aws_kms_key.secrets",
            "aws_secretsmanager_secret.app_secrets",
            "aws_secretsmanager_secret.smtp_credentials",
            "data.aws_caller_identity.current"
          ]
        }
      ]
    },
    {
      "mode": "managed",
      "type": "aws_iam_role_policy",
      "name": "ecs_task_ses",
      "provider": "provider[\"registry.terraform.io/hashicorp/aws\"]",
      "instances": [
        {
          "schema_version": 0,
          "attributes": {
            "id": "cau-eleitoral-ecs-task-role:cau-eleitoral-ecs-task-ses",
            "name": "cau-eleitoral-ecs-task-ses",
            "name_prefix": "",
            "policy": "{\"Version\":\"2012-10-17\",\"Statement\":[{\"Action\":[\"ses:SendEmail\",\"ses:SendRawEmail\"],\"Condition\":{\"StringEquals\":{\"ses:FromAddress\":\"noreply@cau-eleitoral.migrai.com.br\"}},\"Effect\":\"Allow\",\"Resource\":\"*\"}]}",
            "role": "cau-eleitoral-ecs-task-role"
          },
          "sensitive_attributes": [],
          "private": "bnVsbA==",
          "dependencies": [
            "aws_iam_role.ecs_task"
          ]
        }
      ]
    },
    {
      "mode": "managed",
      "type": "aws_iam_role_policy",
      "name": "ecs_task_ssm",
      "provider": "provider[\"registry.terraform.io/hashicorp/aws\"]",
      "instances": [
        {
          "schema_version": 0,
          "attributes": {
            "id": "cau-eleitoral-ecs-task-role:cau-eleitoral-ecs-task-ssm",
            "name": "cau-eleitoral-ecs-task-ssm",
            "name_prefix": "",
            "policy": "{\"Version\":\"2012-10-17\",\"Statement\":[{\"Action\":[\"ssmmessages:CreateControlChannel\",\"ssmmessages:CreateDataChannel\",\"ssmmessages:OpenControlChannel\",\"ssmmessages:OpenDataChannel\"],\"Effect\":\"Allow\",\"Resource\":\"*\"},{\"Action\":[\"logs:DescribeLogGroups\"],\"Effect\":\"Allow\",\"Resource\":\"*\"},{\"Action\":[\"logs:CreateLogStream\",\"logs:DescribeLogStreams\",\"logs:PutLogEvents\"],\"Effect\":\"Allow\",\"Resource\":\"arn:aws:logs:us-east-1:801232946361:log-group:/aws/ecs/cau-eleitoral/exec:*\"},{\"Action\":[\"kms:Decrypt\"],\"Effect\":\"Allow\",\"Resource\":\"arn:aws:kms:us-east-1:801232946361:key/f4d3e684-5cfe-4a07-80e0-f108c385f871\"}]}",
            "role": "cau-eleitoral-ecs-task-role"
          },
          "sensitive_attributes": [],
          "private": "bnVsbA==",
          "dependencies": [
            "aws_cloudwatch_log_group.ecs_exec",
            "aws_iam_role.ecs_task",
            "aws_kms_key.ecs",
            "data.aws_caller_identity.current"
          ]
        }
      ]
    },
    {
      "mode": "managed",
      "type": "aws_iam_role_policy",
      "name": "s3_replication",
      "provider": "provider[\"registry.terraform.io/hashicorp/aws\"]",
      "instances": [
        {
          "index_key": 0,
          "schema_version": 0,
          "attributes": {
            "id": "cau-eleitoral-s3-replication-role:cau-eleitoral-s3-replication-policy",
            "name": "cau-eleitoral-s3-replication-policy",
            "name_prefix": "",
            "policy": "{\"Version\":\"2012-10-17\",\"Statement\":[{\"Action\":[\"s3:GetReplicationConfiguration\",\"s3:ListBucket\"],\"Effect\":\"Allow\",\"Resource\":\"arn:aws:s3:::cau-eleitoral-backups-801232946361\"},{\"Action\":[\"s3:GetObjectVersionForReplication\",\"s3:GetObjectVersionAcl\",\"s3:GetObjectVersionTagging\"],\"Effect\":\"Allow\",\"Resource\":\"arn:aws:s3:::cau-eleitoral-backups-801232946361/*\"},{\"Action\":[\"s3:ReplicateObject\",\"s3:ReplicateDelete\",\"s3:ReplicateTags\"],\"Effect\":\"Allow\",\"Resource\":\"*\"},{\"Action\":[\"kms:Decrypt\",\"kms:Encrypt\",\"kms:GenerateDataKey\"],\"Effect\":\"Allow\",\"Resource\":\"arn:aws:kms:us-east-1:801232946361:key/95cd4684-c5f9-4e82-a6ae-c8b188bf4747\"}]}",
            "role": "cau-eleitoral-s3-replication-role"
          },
          "sensitive_attributes": [],
          "private": "bnVsbA==",
          "dependencies": [
            "aws_iam_role.s3_replication",
            "aws_kms_key.s3",
            "aws_s3_bucket.backups",
            "data.aws_caller_identity.current"
          ]
        }
      ]
    },
    {
      "mode": "managed",
      "type": "aws_iam_role_policy",
      "name": "secrets_rotation",
      "provider": "provider[\"registry.terraform.io/hashicorp/aws\"]",
      "instances": [
        {
          "index_key": 0,
          "schema_version": 0,
          "attributes": {
            "id": "cau-eleitoral-secrets-rotation-role:cau-eleitoral-secrets-rotation-policy",
            "name": "cau-eleitoral-secrets-rotation-policy",
            "name_prefix": "",
            "policy": "{\"Version\":\"2012-10-17\",\"Statement\":[{\"Action\":[\"secretsmanager:GetSecretValue\",\"secretsmanager:DescribeSecret\",\"secretsmanager:PutSecretValue\",\"secretsmanager:UpdateSecretVersionStage\"],\"Effect\":\"Allow\",\"Resource\":\"arn:aws:secretsmanager:us-east-1:801232946361:secret:cau-eleitoral/rds/credentials-1MBBoN\"},{\"Action\":[\"kms:Decrypt\",\"kms:GenerateDataKey\"],\"Effect\":\"Allow\",\"Resource\":\"arn:aws:kms:us-east-1:801232946361:key/22c96155-d261-4b55-a37b-b749c6692c78\"},{\"Action\":[\"logs:CreateLogGroup\",\"logs:CreateLogStream\",\"logs:PutLogEvents\"],\"Effect\":\"Allow\",\"Resource\":\"arn:aws:logs:*:*:*\"},{\"Action\":[\"ec2:CreateNetworkInterface\",\"ec2:DeleteNetworkInterface\",\"ec2:DescribeNetworkInterfaces\"],\"Effect\":\"Allow\",\"Resource\":\"*\"}]}",
            "role": "cau-eleitoral-secrets-rotation-role"
          },
          "sensitive_attributes": [],
          "private": "bnVsbA==",
          "dependencies": [
            "aws_iam_role.ecs_task_execution",
            "aws_iam_role.secrets_rotation",
            "aws_kms_key.secrets",
            "aws_secretsmanager_secret.rds_credentials",
            "data.aws_caller_identity.current"
          ]
        }
      ]
    },
    {
      "mode": "managed",
      "type": "aws_iam_role_policy",
      "name": "vpc_flow_logs",
      "provider": "provider[\"registry.terraform.io/hashicorp/aws\"]",
      "instances": [
        {
          "schema_version": 0,
          "attributes": {
            "id": "cau-eleitoral-vpc-flow-logs-role:cau-eleitoral-vpc-flow-logs-policy",
            "name": "cau-eleitoral-vpc-flow-logs-policy",
            "name_prefix": "",
            "policy": "{\"Version\":\"2012-10-17\",\"Statement\":[{\"Action\":[\"logs:CreateLogGroup\",\"logs:CreateLogStream\",\"logs:PutLogEvents\",\"logs:DescribeLogGroups\",\"logs:DescribeLogStreams\"],\"Effect\":\"Allow\",\"Resource\":\"*\"}]}",
            "role": "cau-eleitoral-vpc-flow-logs-role"
          },
          "sensitive_attributes": [],
          "private": "bnVsbA==",
          "dependencies": [
            "aws_iam_role.vpc_flow_logs"
          ]
        }
      ]
    },
    {
      "mode": "managed",
      "type": "aws_iam_role_policy_attachment",
      "name": "ecs_task_execution",
      "provider": "provider[\"registry.terraform.io/hashicorp/aws\"]",
      "instances": [
        {
          "schema_version": 0,
          "attributes": {
            "id": "cau-eleitoral-ecs-task-execution-role-20260205135216244700000007",
            "policy_arn": "arn:aws:iam::aws:policy/service-role/AmazonECSTaskExecutionRolePolicy",
            "role": "cau-eleitoral-ecs-task-execution-role"
          },
          "sensitive_attributes": [],
          "private": "bnVsbA==",
          "dependencies": [
            "aws_iam_role.ecs_task_execution"
          ]
        }
      ]
    },
    {
      "mode": "managed",
      "type": "aws_iam_role_policy_attachment",
      "name": "rds_monitoring",
      "provider": "provider[\"registry.terraform.io/hashicorp/aws\"]",
      "instances": [
        {
          "schema_version": 0,
          "attributes": {
            "id": "cau-eleitoral-rds-monitoring-role-20260205135215917000000006",
            "policy_arn": "arn:aws:iam::aws:policy/service-role/AmazonRDSEnhancedMonitoringRole",
            "role": "cau-eleitoral-rds-monitoring-role"
          },
          "sensitive_attributes": [],
          "private": "bnVsbA==",
          "dependencies": [
            "aws_iam_role.rds_monitoring"
          ]
        }
      ]
    },
    {
      "mode": "managed",
      "type": "aws_iam_role_policy_attachment",
      "name": "readonly",
      "provider": "provider[\"registry.terraform.io/hashicorp/aws\"]",
      "instances": [
        {
          "schema_version": 0,
          "attributes": {
            "id": "cau-eleitoral-readonly-role-20260205135215393200000005",
            "policy_arn": "arn:aws:iam::aws:policy/ReadOnlyAccess",
            "role": "cau-eleitoral-readonly-role"
          },
          "sensitive_attributes": [],
          "private": "bnVsbA==",
          "dependencies": [
            "aws_iam_role.readonly",
            "data.aws_caller_identity.current"
          ]
        }
      ]
    },
    {
      "mode": "managed",
      "type": "aws_internet_gateway",
      "name": "main",
      "provider": "provider[\"registry.terraform.io/hashicorp/aws\"]",
      "instances": [
        {
          "schema_version": 0,
          "attributes": {
            "arn": "arn:aws:ec2:us-east-1:801232946361:internet-gateway/igw-0e06a355fe16746f8",
            "id": "igw-0e06a355fe16746f8",
            "owner_id": "801232946361",
            "tags": {
              "Name": "cau-eleitoral-igw"
            },
            "tags_all": {
              "CostCenter": "Eleitoral",
              "Environment": "production",
              "ManagedBy": "Terraform",
              "Name": "cau-eleitoral-igw",
              "Owner": "CAU",
              "Project": "CAU-Sistema-Eleitoral"
            },
            "timeouts": null,
            "vpc_id": "vpc-034bf0c6150887db5"
          },
          "sensitive_attributes": [],
          "private": "eyJlMmJmYjczMC1lY2FhLTExZTYtOGY4OC0zNDM2M2JjN2M0YzAiOnsiY3JlYXRlIjoxMjAwMDAwMDAwMDAwLCJkZWxldGUiOjEyMDAwMDAwMDAwMDAsInVwZGF0ZSI6MTIwMDAwMDAwMDAwMH19",
          "dependencies": [
            "aws_vpc.main"
          ]
        }
      ]
    },
    {
      "mode": "managed",
      "type": "aws_kms_alias",
      "name": "ecr",
      "provider": "provider[\"registry.terraform.io/hashicorp/aws\"]",
      "instances": [
        {
          "schema_version": 0,
          "attributes": {
            "arn": "arn:aws:kms:us-east-1:801232946361:alias/cau-eleitoral-ecr",
            "id": "alias/cau-eleitoral-ecr",
            "name": "alias/cau-eleitoral-ecr",
            "name_prefix": "",
            "target_key_arn": "arn:aws:kms:us-east-1:801232946361:key/6e7c5b42-a0b5-416d-bb4c-8bbbb2c4ed6b",
            "target_key_id": "6e7c5b42-a0b5-416d-bb4c-8bbbb2c4ed6b"
          },
          "sensitive_attributes": [],
          "private": "bnVsbA==",
          "dependencies": [
            "aws_kms_key.ecr",
            "data.aws_caller_identity.current"
          ]
        }
      ]
    },
    {
      "mode": "managed",
      "type": "aws_kms_alias",
      "name": "ecs",
      "provider": "provider[\"registry.terraform.io/hashicorp/aws\"]",
      "instances": [
        {
          "schema_version": 0,
          "attributes": {
            "arn": "arn:aws:kms:us-east-1:801232946361:alias/cau-eleitoral-ecs",
            "id": "alias/cau-eleitoral-ecs",
            "name": "alias/cau-eleitoral-ecs",
            "name_prefix": "",
            "target_key_arn": "arn:aws:kms:us-east-1:801232946361:key/f4d3e684-5cfe-4a07-80e0-f108c385f871",
            "target_key_id": "f4d3e684-5cfe-4a07-80e0-f108c385f871"
          },
          "sensitive_attributes": [],
          "private": "bnVsbA==",
          "dependencies": [
            "aws_kms_key.ecs",
            "data.aws_caller_identity.current"
          ]
        }
      ]
    },
    {
      "mode": "managed",
      "type": "aws_kms_alias",
      "name": "rds",
      "provider": "provider[\"registry.terraform.io/hashicorp/aws\"]",
      "instances": [
        {
          "schema_version": 0,
          "attributes": {
            "arn": "arn:aws:kms:us-east-1:801232946361:alias/cau-eleitoral-rds",
            "id": "alias/cau-eleitoral-rds",
            "name": "alias/cau-eleitoral-rds",
            "name_prefix": "",
            "target_key_arn": "arn:aws:kms:us-east-1:801232946361:key/cb48a8a0-c55a-4a8f-815f-540681188088",
            "target_key_id": "cb48a8a0-c55a-4a8f-815f-540681188088"
          },
          "sensitive_attributes": [],
          "private": "bnVsbA==",
          "dependencies": [
            "aws_kms_key.rds",
            "data.aws_caller_identity.current"
          ]
        }
      ]
    },
    {
      "mode": "managed",
      "type": "aws_kms_alias",
      "name": "s3",
      "provider": "provider[\"registry.terraform.io/hashicorp/aws\"]",
      "instances": [
        {
          "schema_version": 0,
          "attributes": {
            "arn": "arn:aws:kms:us-east-1:801232946361:alias/cau-eleitoral-s3",
            "id": "alias/cau-eleitoral-s3",
            "name": "alias/cau-eleitoral-s3",
            "name_prefix": "",
            "target_key_arn": "arn:aws:kms:us-east-1:801232946361:key/95cd4684-c5f9-4e82-a6ae-c8b188bf4747",
            "target_key_id": "95cd4684-c5f9-4e82-a6ae-c8b188bf4747"
          },
          "sensitive_attributes": [],
          "private": "bnVsbA==",
          "dependencies": [
            "aws_kms_key.s3",
            "data.aws_caller_identity.current"
          ]
        }
      ]
    },
    {
      "mode": "managed",
      "type": "aws_kms_alias",
      "name": "secrets",
      "provider": "provider[\"registry.terraform.io/hashicorp/aws\"]",
      "instances": [
        {
          "schema_version": 0,
          "attributes": {
            "arn": "arn:aws:kms:us-east-1:801232946361:alias/cau-eleitoral-secrets",
            "id": "alias/cau-eleitoral-secrets",
            "name": "alias/cau-eleitoral-secrets",
            "name_prefix": "",
            "target_key_arn": "arn:aws:kms:us-east-1:801232946361:key/22c96155-d261-4b55-a37b-b749c6692c78",
            "target_key_id": "22c96155-d261-4b55-a37b-b749c6692c78"
          },
          "sensitive_attributes": [],
          "private": "bnVsbA==",
          "dependencies": [
            "aws_iam_role.ecs_task_execution",
            "aws_kms_key.secrets",
            "data.aws_caller_identity.current"
          ]
        }
      ]
    },
    {
      "mode": "managed",
      "type": "aws_kms_key",
      "name": "ecr",
      "provider": "provider[\"registry.terraform.io/hashicorp/aws\"]",
      "instances": [
        {
          "schema_version": 0,
          "attributes": {
            "arn": "arn:aws:kms:us-east-1:801232946361:key/6e7c5b42-a0b5-416d-bb4c-8bbbb2c4ed6b",
            "bypass_policy_lockout_safety_check": false,
            "custom_key_store_id": "",
            "customer_master_key_spec": "SYMMETRIC_DEFAULT",
            "deletion_window_in_days": 30,
            "description": "KMS key for ECR encryption - cau-eleitoral",
            "enable_key_rotation": true,
            "id": "6e7c5b42-a0b5-416d-bb4c-8bbbb2c4ed6b",
            "is_enabled": true,
            "key_id": "6e7c5b42-a0b5-416d-bb4c-8bbbb2c4ed6b",
            "key_usage": "ENCRYPT_DECRYPT",
            "multi_region": false,
            "policy": "{\"Statement\":[{\"Action\":\"kms:*\",\"Effect\":\"Allow\",\"Principal\":{\"AWS\":\"arn:aws:iam::801232946361:root\"},\"Resource\":\"*\",\"Sid\":\"Enable IAM User Permissions\"},{\"Action\":[\"kms:Encrypt\",\"kms:Decrypt\",\"kms:ReEncrypt*\",\"kms:GenerateDataKey*\",\"kms:DescribeKey\"],\"Effect\":\"Allow\",\"Principal\":{\"Service\":\"ecr.amazonaws.com\"},\"Resource\":\"*\",\"Sid\":\"Allow ECR to use the key\"}],\"Version\":\"2012-10-17\"}",
            "rotation_period_in_days": 365,
            "tags": {
              "Name": "cau-eleitoral-ecr-key"
            },
            "tags_all": {
              "CostCenter": "Eleitoral",
              "Environment": "production",
              "ManagedBy": "Terraform",
              "Name": "cau-eleitoral-ecr-key",
              "Owner": "CAU",
              "Project": "CAU-Sistema-Eleitoral"
            },
            "timeouts": null,
            "xks_key_id": ""
          },
          "sensitive_attributes": [],
          "private": "eyJlMmJmYjczMC1lY2FhLTExZTYtOGY4OC0zNDM2M2JjN2M0YzAiOnsiY3JlYXRlIjoxMjAwMDAwMDAwMDB9fQ==",
          "dependencies": [
            "data.aws_caller_identity.current"
          ]
        }
      ]
    },
    {
      "mode": "managed",
      "type": "aws_kms_key",
      "name": "ecs",
      "provider": "provider[\"registry.terraform.io/hashicorp/aws\"]",
      "instances": [
        {
          "schema_version": 0,
          "attributes": {
            "arn": "arn:aws:kms:us-east-1:801232946361:key/f4d3e684-5cfe-4a07-80e0-f108c385f871",
            "bypass_policy_lockout_safety_check": false,
            "custom_key_store_id": "",
            "customer_master_key_spec": "SYMMETRIC_DEFAULT",
            "deletion_window_in_days": 30,
            "description": "KMS key for ECS - cau-eleitoral",
            "enable_key_rotation": true,
            "id": "f4d3e684-5cfe-4a07-80e0-f108c385f871",
            "is_enabled": true,
            "key_id": "f4d3e684-5cfe-4a07-80e0-f108c385f871",
            "key_usage": "ENCRYPT_DECRYPT",
            "multi_region": false,
            "policy": "{\"Statement\":[{\"Action\":\"kms:*\",\"Effect\":\"Allow\",\"Principal\":{\"AWS\":\"arn:aws:iam::801232946361:root\"},\"Resource\":\"*\",\"Sid\":\"Enable IAM User Permissions\"},{\"Action\":[\"kms:Encrypt\",\"kms:Decrypt\",\"kms:ReEncrypt*\",\"kms:GenerateDataKey*\",\"kms:DescribeKey\"],\"Effect\":\"Allow\",\"Principal\":{\"Service\":\"ecs.amazonaws.com\"},\"Resource\":\"*\",\"Sid\":\"Allow ECS to use the key\"},{\"Action\":[\"kms:Encrypt*\",\"kms:Decrypt*\",\"kms:ReEncrypt*\",\"kms:GenerateDataKey*\",\"kms:Describe*\"],\"Effect\":\"Allow\",\"Principal\":{\"Service\":\"logs.us-east-1.amazonaws.com\"},\"Resource\":\"*\",\"Sid\":\"Allow CloudWatch Logs\"}],\"Version\":\"2012-10-17\"}",
            "rotation_period_in_days": 365,
            "tags": {
              "Name": "cau-eleitoral-ecs-key"
            },
            "tags_all": {
              "CostCenter": "Eleitoral",
              "Environment": "production",
              "ManagedBy": "Terraform",
              "Name": "cau-eleitoral-ecs-key",
              "Owner": "CAU",
              "Project": "CAU-Sistema-Eleitoral"
            },
            "timeouts": null,
            "xks_key_id": ""
          },
          "sensitive_attributes": [],
          "private": "eyJlMmJmYjczMC1lY2FhLTExZTYtOGY4OC0zNDM2M2JjN2M0YzAiOnsiY3JlYXRlIjoxMjAwMDAwMDAwMDB9fQ==",
          "dependencies": [
            "data.aws_caller_identity.current"
          ]
        }
      ]
    },
    {
      "mode": "managed",
      "type": "aws_kms_key",
      "name": "rds",
      "provider": "provider[\"registry.terraform.io/hashicorp/aws\"]",
      "instances": [
        {
          "schema_version": 0,
          "attributes": {
            "arn": "arn:aws:kms:us-east-1:801232946361:key/cb48a8a0-c55a-4a8f-815f-540681188088",
            "bypass_policy_lockout_safety_check": false,
            "custom_key_store_id": "",
            "customer_master_key_spec": "SYMMETRIC_DEFAULT",
            "deletion_window_in_days": 30,
            "description": "KMS key for RDS encryption - cau-eleitoral",
            "enable_key_rotation": true,
            "id": "cb48a8a0-c55a-4a8f-815f-540681188088",
            "is_enabled": true,
            "key_id": "cb48a8a0-c55a-4a8f-815f-540681188088",
            "key_usage": "ENCRYPT_DECRYPT",
            "multi_region": false,
            "policy": "{\"Statement\":[{\"Action\":\"kms:*\",\"Effect\":\"Allow\",\"Principal\":{\"AWS\":\"arn:aws:iam::801232946361:root\"},\"Resource\":\"*\",\"Sid\":\"Enable IAM User Permissions\"},{\"Action\":[\"kms:Encrypt\",\"kms:Decrypt\",\"kms:ReEncrypt*\",\"kms:GenerateDataKey*\",\"kms:DescribeKey\"],\"Effect\":\"Allow\",\"Principal\":{\"Service\":\"rds.amazonaws.com\"},\"Resource\":\"*\",\"Sid\":\"Allow RDS to use the key\"}],\"Version\":\"2012-10-17\"}",
            "rotation_period_in_days": 365,
            "tags": {
              "Name": "cau-eleitoral-rds-key"
            },
            "tags_all": {
              "CostCenter": "Eleitoral",
              "Environment": "production",
              "ManagedBy": "Terraform",
              "Name": "cau-eleitoral-rds-key",
              "Owner": "CAU",
              "Project": "CAU-Sistema-Eleitoral"
            },
            "timeouts": null,
            "xks_key_id": ""
          },
          "sensitive_attributes": [],
          "private": "eyJlMmJmYjczMC1lY2FhLTExZTYtOGY4OC0zNDM2M2JjN2M0YzAiOnsiY3JlYXRlIjoxMjAwMDAwMDAwMDB9fQ==",
          "dependencies": [
            "data.aws_caller_identity.current"
          ]
        }
      ]
    },
    {
      "mode": "managed",
      "type": "aws_kms_key",
      "name": "s3",
      "provider": "provider[\"registry.terraform.io/hashicorp/aws\"]",
      "instances": [
        {
          "schema_version": 0,
          "attributes": {
            "arn": "arn:aws:kms:us-east-1:801232946361:key/95cd4684-c5f9-4e82-a6ae-c8b188bf4747",
            "bypass_policy_lockout_safety_check": false,
            "custom_key_store_id": "",
            "customer_master_key_spec": "SYMMETRIC_DEFAULT",
            "deletion_window_in_days": 30,
            "description": "KMS key for S3 encryption - cau-eleitoral",
            "enable_key_rotation": true,
            "id": "95cd4684-c5f9-4e82-a6ae-c8b188bf4747",
            "is_enabled": true,
            "key_id": "95cd4684-c5f9-4e82-a6ae-c8b188bf4747",
            "key_usage": "ENCRYPT_DECRYPT",
            "multi_region": false,
            "policy": "{\"Statement\":[{\"Action\":\"kms:*\",\"Effect\":\"Allow\",\"Principal\":{\"AWS\":\"arn:aws:iam::801232946361:root\"},\"Resource\":\"*\",\"Sid\":\"Enable IAM User Permissions\"},{\"Action\":[\"kms:Encrypt\",\"kms:Decrypt\",\"kms:ReEncrypt*\",\"kms:GenerateDataKey*\",\"kms:DescribeKey\"],\"Effect\":\"Allow\",\"Principal\":{\"Service\":\"s3.amazonaws.com\"},\"Resource\":\"*\",\"Sid\":\"Allow S3 to use the key\"},{\"Action\":[\"kms:Decrypt\",\"kms:GenerateDataKey*\"],\"Condition\":{\"StringEquals\":{\"AWS:SourceArn\":[\"arn:aws:cloudfront::801232946361:distribution/*\"]}},\"Effect\":\"Allow\",\"Principal\":{\"Service\":\"cloudfront.amazonaws.com\"},\"Resource\":\"*\",\"Sid\":\"Allow CloudFront to use the key\"}],\"Version\":\"2012-10-17\"}",
            "rotation_period_in_days": 365,
            "tags": {
              "Name": "cau-eleitoral-s3-key"
            },
            "tags_all": {
              "CostCenter": "Eleitoral",
              "Environment": "production",
              "ManagedBy": "Terraform",
              "Name": "cau-eleitoral-s3-key",
              "Owner": "CAU",
              "Project": "CAU-Sistema-Eleitoral"
            },
            "timeouts": null,
            "xks_key_id": ""
          },
          "sensitive_attributes": [],
          "private": "eyJlMmJmYjczMC1lY2FhLTExZTYtOGY4OC0zNDM2M2JjN2M0YzAiOnsiY3JlYXRlIjoxMjAwMDAwMDAwMDB9fQ==",
          "dependencies": [
            "data.aws_caller_identity.current"
          ]
        }
      ]
    },
    {
      "mode": "managed",
      "type": "aws_kms_key",
      "name": "secrets",
      "provider": "provider[\"registry.terraform.io/hashicorp/aws\"]",
      "instances": [
        {
          "schema_version": 0,
          "attributes": {
            "arn": "arn:aws:kms:us-east-1:801232946361:key/22c96155-d261-4b55-a37b-b749c6692c78",
            "bypass_policy_lockout_safety_check": false,
            "custom_key_store_id": "",
            "customer_master_key_spec": "SYMMETRIC_DEFAULT",
            "deletion_window_in_days": 30,
            "description": "KMS key for Secrets Manager - cau-eleitoral",
            "enable_key_rotation": true,
            "id": "22c96155-d261-4b55-a37b-b749c6692c78",
            "is_enabled": true,
            "key_id": "22c96155-d261-4b55-a37b-b749c6692c78",
            "key_usage": "ENCRYPT_DECRYPT",
            "multi_region": false,
            "policy": "{\"Statement\":[{\"Action\":\"kms:*\",\"Effect\":\"Allow\",\"Principal\":{\"AWS\":\"arn:aws:iam::801232946361:root\"},\"Resource\":\"*\",\"Sid\":\"Enable IAM User Permissions\"},{\"Action\":[\"kms:Encrypt\",\"kms:Decrypt\",\"kms:ReEncrypt*\",\"kms:GenerateDataKey*\",\"kms:DescribeKey\"],\"Effect\":\"Allow\",\"Principal\":{\"Service\":\"secretsmanager.amazonaws.com\"},\"Resource\":\"*\",\"Sid\":\"Allow Secrets Manager to use the key\"},{\"Action\":[\"kms:Decrypt\",\"kms:DescribeKey\"],\"Effect\":\"Allow\",\"Principal\":{\"AWS\":\"arn:aws:iam::801232946361:role/cau-eleitoral-ecs-task-execution-role\"},\"Resource\":\"*\",\"Sid\":\"Allow ECS Tasks to decrypt\"}],\"Version\":\"2012-10-17\"}",
            "rotation_period_in_days": 365,
            "tags": {
              "Name": "cau-eleitoral-secrets-key"
            },
            "tags_all": {
              "CostCenter": "Eleitoral",
              "Environment": "production",
              "ManagedBy": "Terraform",
              "Name": "cau-eleitoral-secrets-key",
              "Owner": "CAU",
              "Project": "CAU-Sistema-Eleitoral"
            },
            "timeouts": null,
            "xks_key_id": ""
          },
          "sensitive_attributes": [],
          "private": "eyJlMmJmYjczMC1lY2FhLTExZTYtOGY4OC0zNDM2M2JjN2M0YzAiOnsiY3JlYXRlIjoxMjAwMDAwMDAwMDB9fQ==",
          "dependencies": [
            "aws_iam_role.ecs_task_execution",
            "data.aws_caller_identity.current"
          ]
        }
      ]
    },
    {
      "mode": "managed",
      "type": "aws_lambda_function",
      "name": "rds_rotation",
      "provider": "provider[\"registry.terraform.io/hashicorp/aws\"]",
      "instances": [
        {
          "index_key": 0,
          "schema_version": 0,
          "attributes": {
            "architectures": [
              "x86_64"
            ],
            "arn": "arn:aws:lambda:us-east-1:801232946361:function:cau-eleitoral-rds-secret-rotation",
            "code_sha256": "NMaUz/7nK925kLIJmbzxj9YXsQxn6NbMzlEG/bGI4s4=",
            "code_signing_config_arn": "",
            "dead_letter_config": [],
            "description": "Rotates RDS password in Secrets Manager",
            "environment": [
              {
                "variables": {
                  "SECRETS_MANAGER_ENDPOINT": "https://secretsmanager.us-east-1.amazonaws.com"
                }
              }
            ],
            "ephemeral_storage": [
              {
                "size": 512
              }
            ],
            "file_system_config": [],
            "filename": "./rotation_placeholder.zip",
            "function_name": "cau-eleitoral-rds-secret-rotation",
            "handler": "lambda_function.lambda_handler",
            "id": "cau-eleitoral-rds-secret-rotation",
            "image_config": [],
            "image_uri": "",
            "invoke_arn": "arn:aws:apigateway:us-east-1:lambda:path/2015-03-31/functions/arn:aws:lambda:us-east-1:801232946361:function:cau-eleitoral-rds-secret-rotation/invocations",
            "kms_key_arn": "",
            "last_modified": "2026-02-05T13:54:11.007+0000",
            "layers": null,
            "logging_config": [
              {
                "application_log_level": "",
                "log_format": "Text",
                "log_group": "/aws/lambda/cau-eleitoral-rds-secret-rotation",
                "system_log_level": ""
              }
            ],
            "memory_size": 128,
            "package_type": "Zip",
            "publish": false,
            "qualified_arn": "arn:aws:lambda:us-east-1:801232946361:function:cau-eleitoral-rds-secret-rotation:$LATEST",
            "qualified_invoke_arn": "arn:aws:apigateway:us-east-1:lambda:path/2015-03-31/functions/arn:aws:lambda:us-east-1:801232946361:function:cau-eleitoral-rds-secret-rotation:$LATEST/invocations",
            "replace_security_groups_on_destroy": null,
            "replacement_security_group_ids": null,
            "reserved_concurrent_executions": -1,
            "role": "arn:aws:iam::801232946361:role/cau-eleitoral-secrets-rotation-role",
            "runtime": "python3.11",
            "s3_bucket": null,
            "s3_key": null,
            "s3_object_version": null,
            "signing_job_arn": "",
            "signing_profile_version_arn": "",
            "skip_destroy": false,
            "snap_start": [],
            "source_code_hash": "NMaUz/7nK925kLIJmbzxj9YXsQxn6NbMzlEG/bGI4s4=",
            "source_code_size": 189,
            "tags": {
              "Name": "cau-eleitoral-rds-rotation"
            },
            "tags_all": {
              "CostCenter": "Eleitoral",
              "Environment": "production",
              "ManagedBy": "Terraform",
              "Name": "cau-eleitoral-rds-rotation",
              "Owner": "CAU",
              "Project": "CAU-Sistema-Eleitoral"
            },
            "timeout": 30,
            "timeouts": null,
            "tracing_config": [
              {
                "mode": "PassThrough"
              }
            ],
            "version": "$LATEST",
            "vpc_config": [
              {
                "ipv6_allowed_for_dual_stack": false,
                "security_group_ids": [
                  "sg-086d192490354aae5"
                ],
                "subnet_ids": [
                  "subnet-01568568a84248c7d",
                  "subnet-0167b599750ba915d",
                  "subnet-06ceb9f0d50113c08"
                ],
                "vpc_id": "vpc-034bf0c6150887db5"
              }
            ]
          },
          "sensitive_attributes": [],
          "private": "eyJlMmJmYjczMC1lY2FhLTExZTYtOGY4OC0zNDM2M2JjN2M0YzAiOnsiY3JlYXRlIjo2MDAwMDAwMDAwMDAsImRlbGV0ZSI6NjAwMDAwMDAwMDAwLCJ1cGRhdGUiOjYwMDAwMDAwMDAwMH19",
          "dependencies": [
            "aws_iam_role.secrets_rotation",
            "aws_security_group.secrets_rotation",
            "aws_subnet.private",
            "aws_vpc.main",
            "data.archive_file.rotation_placeholder",
            "data.aws_availability_zones.available"
          ]
        }
      ]
    },
    {
      "mode": "managed",
      "type": "aws_lb",
      "name": "main",
      "provider": "provider[\"registry.terraform.io/hashicorp/aws\"]",
      "instances": [
        {
          "schema_version": 0,
          "attributes": {
            "access_logs": [
              {
                "bucket": "cau-eleitoral-alb-logs-801232946361",
                "enabled": true,
                "prefix": "alb"
              }
            ],
            "arn": "arn:aws:elasticloadbalancing:us-east-1:801232946361:loadbalancer/app/cau-eleitoral-alb/9a263e9957a1bea1",
            "arn_suffix": "app/cau-eleitoral-alb/9a263e9957a1bea1",
            "client_keep_alive": 3600,
            "connection_logs": [
              {
                "bucket": "",
                "enabled": false,
                "prefix": ""
              }
            ],
            "customer_owned_ipv4_pool": "",
            "desync_mitigation_mode": "defensive",
            "dns_name": "cau-eleitoral-alb-99613689.us-east-1.elb.amazonaws.com",
            "dns_record_client_routing_policy": null,
            "drop_invalid_header_fields": false,
            "enable_cross_zone_load_balancing": true,
            "enable_deletion_protection": true,
            "enable_http2": true,
            "enable_tls_version_and_cipher_suite_headers": false,
            "enable_waf_fail_open": false,
            "enable_xff_client_port": false,
            "enable_zonal_shift": false,
            "enforce_security_group_inbound_rules_on_private_link_traffic": "",
            "id": "arn:aws:elasticloadbalancing:us-east-1:801232946361:loadbalancer/app/cau-eleitoral-alb/9a263e9957a1bea1",
            "idle_timeout": 60,
            "internal": false,
            "ip_address_type": "ipv4",
            "ipam_pools": [],
            "load_balancer_type": "application",
            "minimum_load_balancer_capacity": [],
            "name": "cau-eleitoral-alb",
            "name_prefix": "",
            "preserve_host_header": false,
            "security_groups": [
              "sg-094b3d1f4d9bbc996"
            ],
            "subnet_mapping": [
              {
                "allocation_id": "",
                "ipv6_address": "",
                "outpost_id": "",
                "private_ipv4_address": "",
                "subnet_id": "subnet-09190401b67769f8b"
              },
              {
                "allocation_id": "",
                "ipv6_address": "",
                "outpost_id": "",
                "private_ipv4_address": "",
                "subnet_id": "subnet-0c3fdd518fc73901c"
              },
              {
                "allocation_id": "",
                "ipv6_address": "",
                "outpost_id": "",
                "private_ipv4_address": "",
                "subnet_id": "subnet-0fcda5c87157f9ea0"
              }
            ],
            "subnets": [
              "subnet-09190401b67769f8b",
              "subnet-0c3fdd518fc73901c",
              "subnet-0fcda5c87157f9ea0"
            ],
            "tags": {
              "Name": "cau-eleitoral-alb"
            },
            "tags_all": {
              "CostCenter": "Eleitoral",
              "Environment": "production",
              "ManagedBy": "Terraform",
              "Name": "cau-eleitoral-alb",
              "Owner": "CAU",
              "Project": "CAU-Sistema-Eleitoral"
            },
            "timeouts": null,
            "vpc_id": "vpc-034bf0c6150887db5",
            "xff_header_processing_mode": "append",
            "zone_id": "Z35SXDOTRQ7X7K"
          },
          "sensitive_attributes": [],
          "private": "eyJlMmJmYjczMC1lY2FhLTExZTYtOGY4OC0zNDM2M2JjN2M0YzAiOnsiY3JlYXRlIjo2MDAwMDAwMDAwMDAsImRlbGV0ZSI6NjAwMDAwMDAwMDAwLCJ1cGRhdGUiOjYwMDAwMDAwMDAwMH19",
          "dependencies": [
            "aws_s3_bucket.alb_logs",
            "aws_security_group.alb",
            "aws_subnet.public",
            "aws_vpc.main",
            "data.aws_availability_zones.available",
            "data.aws_caller_identity.current"
          ]
        }
      ]
    },
    {
      "mode": "managed",
      "type": "aws_lb_listener",
      "name": "http",
      "provider": "provider[\"registry.terraform.io/hashicorp/aws\"]",
      "instances": [
        {
          "schema_version": 0,
          "attributes": {
            "alpn_policy": null,
            "arn": "arn:aws:elasticloadbalancing:us-east-1:801232946361:listener/app/cau-eleitoral-alb/9a263e9957a1bea1/9271a46b782ef370",
            "certificate_arn": null,
            "default_action": [
              {
                "authenticate_cognito": [],
                "authenticate_oidc": [],
                "fixed_response": [],
                "forward": [],
                "order": 1,
                "redirect": [
                  {
                    "host": "#{host}",
                    "path": "/#{path}",
                    "port": "443",
                    "protocol": "HTTPS",
                    "query": "#{query}",
                    "status_code": "HTTP_301"
                  }
                ],
                "target_group_arn": "",
                "type": "redirect"
              }
            ],
            "id": "arn:aws:elasticloadbalancing:us-east-1:801232946361:listener/app/cau-eleitoral-alb/9a263e9957a1bea1/9271a46b782ef370",
            "load_balancer_arn": "arn:aws:elasticloadbalancing:us-east-1:801232946361:loadbalancer/app/cau-eleitoral-alb/9a263e9957a1bea1",
            "mutual_authentication": [],
            "port": 80,
            "protocol": "HTTP",
            "routing_http_request_x_amzn_mtls_clientcert_header_name": null,
            "routing_http_request_x_amzn_mtls_clientcert_issuer_header_name": null,
            "routing_http_request_x_amzn_mtls_clientcert_leaf_header_name": null,
            "routing_http_request_x_amzn_mtls_clientcert_serial_number_header_name": null,
            "routing_http_request_x_amzn_mtls_clientcert_subject_header_name": null,
            "routing_http_request_x_amzn_mtls_clientcert_validity_header_name": null,
            "routing_http_request_x_amzn_tls_cipher_suite_header_name": null,
            "routing_http_request_x_amzn_tls_version_header_name": null,
            "routing_http_response_access_control_allow_credentials_header_value": "",
            "routing_http_response_access_control_allow_headers_header_value": "",
            "routing_http_response_access_control_allow_methods_header_value": "",
            "routing_http_response_access_control_allow_origin_header_value": "",
            "routing_http_response_access_control_expose_headers_header_value": "",
            "routing_http_response_access_control_max_age_header_value": "",
            "routing_http_response_content_security_policy_header_value": "",
            "routing_http_response_server_enabled": true,
            "routing_http_response_strict_transport_security_header_value": "",
            "routing_http_response_x_content_type_options_header_value": "",
            "routing_http_response_x_frame_options_header_value": "",
            "ssl_policy": "",
            "tags": {
              "Name": "cau-eleitoral-http-listener"
            },
            "tags_all": {
              "CostCenter": "Eleitoral",
              "Environment": "production",
              "ManagedBy": "Terraform",
              "Name": "cau-eleitoral-http-listener",
              "Owner": "CAU",
              "Project": "CAU-Sistema-Eleitoral"
            },
            "tcp_idle_timeout_seconds": null,
            "timeouts": null
          },
          "sensitive_attributes": [],
          "private": "eyJlMmJmYjczMC1lY2FhLTExZTYtOGY4OC0zNDM2M2JjN2M0YzAiOnsiY3JlYXRlIjozMDAwMDAwMDAwMDAsInVwZGF0ZSI6MzAwMDAwMDAwMDAwfX0=",
          "dependencies": [
            "aws_lb.main",
            "aws_s3_bucket.alb_logs",
            "aws_security_group.alb",
            "aws_subnet.public",
            "aws_vpc.main",
            "data.aws_availability_zones.available",
            "data.aws_caller_identity.current"
          ]
        }
      ]
    },
    {
      "mode": "managed",
      "type": "aws_lb_listener_rule",
      "name": "admin",
      "provider": "provider[\"registry.terraform.io/hashicorp/aws\"]",
      "instances": []
    },
    {
      "mode": "managed",
      "type": "aws_lb_listener_rule",
      "name": "api",
      "provider": "provider[\"registry.terraform.io/hashicorp/aws\"]",
      "instances": []
    },
    {
      "mode": "managed",
      "type": "aws_lb_listener_rule",
      "name": "public",
      "provider": "provider[\"registry.terraform.io/hashicorp/aws\"]",
      "instances": []
    },
    {
      "mode": "managed",
      "type": "aws_lb_target_group",
      "name": "admin",
      "provider": "provider[\"registry.terraform.io/hashicorp/aws\"]",
      "instances": [
        {
          "schema_version": 0,
          "attributes": {
            "arn": "arn:aws:elasticloadbalancing:us-east-1:801232946361:targetgroup/cau-eleitoral-admin-tg/ec0da772ed822ca9",
            "arn_suffix": "targetgroup/cau-eleitoral-admin-tg/ec0da772ed822ca9",
            "connection_termination": null,
            "deregistration_delay": "30",
            "health_check": [
              {
                "enabled": true,
                "healthy_threshold": 2,
                "interval": 30,
                "matcher": "200",
                "path": "/health",
                "port": "traffic-port",
                "protocol": "HTTP",
                "timeout": 5,
                "unhealthy_threshold": 3
              }
            ],
            "id": "arn:aws:elasticloadbalancing:us-east-1:801232946361:targetgroup/cau-eleitoral-admin-tg/ec0da772ed822ca9",
            "ip_address_type": "ipv4",
            "lambda_multi_value_headers_enabled": false,
            "load_balancer_arns": [],
            "load_balancing_algorithm_type": "round_robin",
            "load_balancing_anomaly_mitigation": "off",
            "load_balancing_cross_zone_enabled": "use_load_balancer_configuration",
            "name": "cau-eleitoral-admin-tg",
            "name_prefix": "",
            "port": 80,
            "preserve_client_ip": null,
            "protocol": "HTTP",
            "protocol_version": "HTTP1",
            "proxy_protocol_v2": false,
            "slow_start": 0,
            "stickiness": [
              {
                "cookie_duration": 86400,
                "cookie_name": "",
                "enabled": true,
                "type": "lb_cookie"
              }
            ],
            "tags": {
              "Name": "cau-eleitoral-admin-tg"
            },
            "tags_all": {
              "CostCenter": "Eleitoral",
              "Environment": "production",
              "ManagedBy": "Terraform",
              "Name": "cau-eleitoral-admin-tg",
              "Owner": "CAU",
              "Project": "CAU-Sistema-Eleitoral"
            },
            "target_failover": [
              {
                "on_deregistration": null,
                "on_unhealthy": null
              }
            ],
            "target_group_health": [
              {
                "dns_failover": [
                  {
                    "minimum_healthy_targets_count": "1",
                    "minimum_healthy_targets_percentage": "off"
                  }
                ],
                "unhealthy_state_routing": [
                  {
                    "minimum_healthy_targets_count": 1,
                    "minimum_healthy_targets_percentage": "off"
                  }
                ]
              }
            ],
            "target_health_state": [
              {
                "enable_unhealthy_connection_termination": null,
                "unhealthy_draining_interval": null
              }
            ],
            "target_type": "ip",
            "vpc_id": "vpc-034bf0c6150887db5"
          },
          "sensitive_attributes": [],
          "private": "bnVsbA==",
          "dependencies": [
            "aws_vpc.main"
          ]
        }
      ]
    },
    {
      "mode": "managed",
      "type": "aws_lb_target_group",
      "name": "api",
      "provider": "provider[\"registry.terraform.io/hashicorp/aws\"]",
      "instances": [
        {
          "schema_version": 0,
          "attributes": {
            "arn": "arn:aws:elasticloadbalancing:us-east-1:801232946361:targetgroup/cau-eleitoral-api-tg/eaaa1e74701fdf18",
            "arn_suffix": "targetgroup/cau-eleitoral-api-tg/eaaa1e74701fdf18",
            "connection_termination": null,
            "deregistration_delay": "30",
            "health_check": [
              {
                "enabled": true,
                "healthy_threshold": 2,
                "interval": 30,
                "matcher": "200",
                "path": "/actuator/health",
                "port": "traffic-port",
                "protocol": "HTTP",
                "timeout": 5,
                "unhealthy_threshold": 3
              }
            ],
            "id": "arn:aws:elasticloadbalancing:us-east-1:801232946361:targetgroup/cau-eleitoral-api-tg/eaaa1e74701fdf18",
            "ip_address_type": "ipv4",
            "lambda_multi_value_headers_enabled": false,
            "load_balancer_arns": [],
            "load_balancing_algorithm_type": "round_robin",
            "load_balancing_anomaly_mitigation": "off",
            "load_balancing_cross_zone_enabled": "use_load_balancer_configuration",
            "name": "cau-eleitoral-api-tg",
            "name_prefix": "",
            "port": 8080,
            "preserve_client_ip": null,
            "protocol": "HTTP",
            "protocol_version": "HTTP1",
            "proxy_protocol_v2": false,
            "slow_start": 0,
            "stickiness": [
              {
                "cookie_duration": 86400,
                "cookie_name": "",
                "enabled": false,
                "type": "lb_cookie"
              }
            ],
            "tags": {
              "Name": "cau-eleitoral-api-tg"
            },
            "tags_all": {
              "CostCenter": "Eleitoral",
              "Environment": "production",
              "ManagedBy": "Terraform",
              "Name": "cau-eleitoral-api-tg",
              "Owner": "CAU",
              "Project": "CAU-Sistema-Eleitoral"
            },
            "target_failover": [
              {
                "on_deregistration": null,
                "on_unhealthy": null
              }
            ],
            "target_group_health": [
              {
                "dns_failover": [
                  {
                    "minimum_healthy_targets_count": "1",
                    "minimum_healthy_targets_percentage": "off"
                  }
                ],
                "unhealthy_state_routing": [
                  {
                    "minimum_healthy_targets_count": 1,
                    "minimum_healthy_targets_percentage": "off"
                  }
                ]
              }
            ],
            "target_health_state": [
              {
                "enable_unhealthy_connection_termination": null,
                "unhealthy_draining_interval": null
              }
            ],
            "target_type": "ip",
            "vpc_id": "vpc-034bf0c6150887db5"
          },
          "sensitive_attributes": [],
          "private": "bnVsbA==",
          "dependencies": [
            "aws_vpc.main"
          ]
        }
      ]
    },
    {
      "mode": "managed",
      "type": "aws_lb_target_group",
      "name": "public",
      "provider": "provider[\"registry.terraform.io/hashicorp/aws\"]",
      "instances": [
        {
          "schema_version": 0,
          "attributes": {
            "arn": "arn:aws:elasticloadbalancing:us-east-1:801232946361:targetgroup/cau-eleitoral-public-tg/90699ac6a160d060",
            "arn_suffix": "targetgroup/cau-eleitoral-public-tg/90699ac6a160d060",
            "connection_termination": null,
            "deregistration_delay": "30",
            "health_check": [
              {
                "enabled": true,
                "healthy_threshold": 2,
                "interval": 30,
                "matcher": "200",
                "path": "/health",
                "port": "traffic-port",
                "protocol": "HTTP",
                "timeout": 5,
                "unhealthy_threshold": 3
              }
            ],
            "id": "arn:aws:elasticloadbalancing:us-east-1:801232946361:targetgroup/cau-eleitoral-public-tg/90699ac6a160d060",
            "ip_address_type": "ipv4",
            "lambda_multi_value_headers_enabled": false,
            "load_balancer_arns": [],
            "load_balancing_algorithm_type": "round_robin",
            "load_balancing_anomaly_mitigation": "off",
            "load_balancing_cross_zone_enabled": "use_load_balancer_configuration",
            "name": "cau-eleitoral-public-tg",
            "name_prefix": "",
            "port": 80,
            "preserve_client_ip": null,
            "protocol": "HTTP",
            "protocol_version": "HTTP1",
            "proxy_protocol_v2": false,
            "slow_start": 0,
            "stickiness": [
              {
                "cookie_duration": 86400,
                "cookie_name": "",
                "enabled": false,
                "type": "lb_cookie"
              }
            ],
            "tags": {
              "Name": "cau-eleitoral-public-tg"
            },
            "tags_all": {
              "CostCenter": "Eleitoral",
              "Environment": "production",
              "ManagedBy": "Terraform",
              "Name": "cau-eleitoral-public-tg",
              "Owner": "CAU",
              "Project": "CAU-Sistema-Eleitoral"
            },
            "target_failover": [
              {
                "on_deregistration": null,
                "on_unhealthy": null
              }
            ],
            "target_group_health": [
              {
                "dns_failover": [
                  {
                    "minimum_healthy_targets_count": "1",
                    "minimum_healthy_targets_percentage": "off"
                  }
                ],
                "unhealthy_state_routing": [
                  {
                    "minimum_healthy_targets_count": 1,
                    "minimum_healthy_targets_percentage": "off"
                  }
                ]
              }
            ],
            "target_health_state": [
              {
                "enable_unhealthy_connection_termination": null,
                "unhealthy_draining_interval": null
              }
            ],
            "target_type": "ip",
            "vpc_id": "vpc-034bf0c6150887db5"
          },
          "sensitive_attributes": [],
          "private": "bnVsbA==",
          "dependencies": [
            "aws_vpc.main"
          ]
        }
      ]
    },
    {
      "mode": "managed",
      "type": "aws_nat_gateway",
      "name": "main",
      "provider": "provider[\"registry.terraform.io/hashicorp/aws\"]",
      "instances": [
        {
          "index_key": 0,
          "schema_version": 0,
          "attributes": {
            "allocation_id": "eipalloc-0373d0e8c9aa3ce77",
            "association_id": "eipassoc-0f82932c48657826f",
            "connectivity_type": "public",
            "id": "nat-0d6743f16e595cbf9",
            "network_interface_id": "eni-0197ade00198f3583",
            "private_ip": "10.0.10.195",
            "public_ip": "54.92.176.240",
            "secondary_allocation_ids": null,
            "secondary_private_ip_address_count": 0,
            "secondary_private_ip_addresses": [],
            "subnet_id": "subnet-09190401b67769f8b",
            "tags": {
              "Name": "cau-eleitoral-nat-1"
            },
            "tags_all": {
              "CostCenter": "Eleitoral",
              "Environment": "production",
              "ManagedBy": "Terraform",
              "Name": "cau-eleitoral-nat-1",
              "Owner": "CAU",
              "Project": "CAU-Sistema-Eleitoral"
            },
            "timeouts": null
          },
          "sensitive_attributes": [],
          "private": "eyJlMmJmYjczMC1lY2FhLTExZTYtOGY4OC0zNDM2M2JjN2M0YzAiOnsiY3JlYXRlIjo2MDAwMDAwMDAwMDAsImRlbGV0ZSI6MTgwMDAwMDAwMDAwMCwidXBkYXRlIjo2MDAwMDAwMDAwMDB9fQ==",
          "dependencies": [
            "aws_eip.nat",
            "aws_internet_gateway.main",
            "aws_subnet.public",
            "aws_vpc.main",
            "data.aws_availability_zones.available"
          ]
        }
      ]
    },
    {
      "mode": "managed",
      "type": "aws_route",
      "name": "private_nat",
      "provider": "provider[\"registry.terraform.io/hashicorp/aws\"]",
      "instances": [
        {
          "index_key": 0,
          "schema_version": 0,
          "attributes": {
            "carrier_gateway_id": "",
            "core_network_arn": "",
            "destination_cidr_block": "0.0.0.0/0",
            "destination_ipv6_cidr_block": "",
            "destination_prefix_list_id": "",
            "egress_only_gateway_id": "",
            "gateway_id": "",
            "id": "r-rtb-058517222c380e2ad1080289494",
            "instance_id": "",
            "instance_owner_id": "",
            "local_gateway_id": "",
            "nat_gateway_id": "nat-0d6743f16e595cbf9",
            "network_interface_id": "",
            "origin": "CreateRoute",
            "route_table_id": "rtb-058517222c380e2ad",
            "state": "active",
            "timeouts": null,
            "transit_gateway_id": "",
            "vpc_endpoint_id": "",
            "vpc_peering_connection_id": ""
          },
          "sensitive_attributes": [],
          "private": "eyJlMmJmYjczMC1lY2FhLTExZTYtOGY4OC0zNDM2M2JjN2M0YzAiOnsiY3JlYXRlIjozMDAwMDAwMDAwMDAsImRlbGV0ZSI6MzAwMDAwMDAwMDAwLCJ1cGRhdGUiOjEyMDAwMDAwMDAwMH19",
          "dependencies": [
            "aws_eip.nat",
            "aws_internet_gateway.main",
            "aws_nat_gateway.main",
            "aws_route_table.private",
            "aws_subnet.public",
            "aws_vpc.main",
            "data.aws_availability_zones.available"
          ]
        }
      ]
    },
    {
      "mode": "managed",
      "type": "aws_route53_health_check",
      "name": "admin",
      "provider": "provider[\"registry.terraform.io/hashicorp/aws\"]",
      "instances": [
        {
          "schema_version": 0,
          "attributes": {
            "arn": "arn:aws:route53:::healthcheck/22c4eaef-4fdc-4dbd-b21d-d01ee7ac6e3a",
            "child_health_threshold": 0,
            "child_healthchecks": null,
            "cloudwatch_alarm_name": null,
            "cloudwatch_alarm_region": null,
            "disabled": false,
            "enable_sni": true,
            "failure_threshold": 3,
            "fqdn": "cau-eleitoral.migrai.com.br",
            "id": "22c4eaef-4fdc-4dbd-b21d-d01ee7ac6e3a",
            "insufficient_data_health_status": "",
            "invert_healthcheck": false,
            "ip_address": "",
            "measure_latency": true,
            "port": 443,
            "reference_name": null,
            "regions": null,
            "request_interval": 30,
            "resource_path": "/health",
            "routing_control_arn": "",
            "search_string": "",
            "tags": {
              "Name": "cau-eleitoral-admin-health-check"
            },
            "tags_all": {
              "CostCenter": "Eleitoral",
              "Environment": "production",
              "ManagedBy": "Terraform",
              "Name": "cau-eleitoral-admin-health-check",
              "Owner": "CAU",
              "Project": "CAU-Sistema-Eleitoral"
            },
            "triggers": {},
            "type": "HTTPS"
          },
          "sensitive_attributes": [],
          "private": "bnVsbA=="
        }
      ]
    },
    {
      "mode": "managed",
      "type": "aws_route53_health_check",
      "name": "api",
      "provider": "provider[\"registry.terraform.io/hashicorp/aws\"]",
      "instances": [
        {
          "schema_version": 0,
          "attributes": {
            "arn": "arn:aws:route53:::healthcheck/da9dd7c2-56da-4937-a9a1-d5d7425165dc",
            "child_health_threshold": 0,
            "child_healthchecks": null,
            "cloudwatch_alarm_name": null,
            "cloudwatch_alarm_region": null,
            "disabled": false,
            "enable_sni": true,
            "failure_threshold": 3,
            "fqdn": "api.cau-eleitoral.migrai.com.br",
            "id": "da9dd7c2-56da-4937-a9a1-d5d7425165dc",
            "insufficient_data_health_status": "",
            "invert_healthcheck": false,
            "ip_address": "",
            "measure_latency": true,
            "port": 443,
            "reference_name": null,
            "regions": null,
            "request_interval": 30,
            "resource_path": "/actuator/health",
            "routing_control_arn": "",
            "search_string": "",
            "tags": {
              "Name": "cau-eleitoral-api-health-check"
            },
            "tags_all": {
              "CostCenter": "Eleitoral",
              "Environment": "production",
              "ManagedBy": "Terraform",
              "Name": "cau-eleitoral-api-health-check",
              "Owner": "CAU",
              "Project": "CAU-Sistema-Eleitoral"
            },
            "triggers": {},
            "type": "HTTPS"
          },
          "sensitive_attributes": [],
          "private": "bnVsbA=="
        }
      ]
    },
    {
      "mode": "managed",
      "type": "aws_route53_health_check",
      "name": "public",
      "provider": "provider[\"registry.terraform.io/hashicorp/aws\"]",
      "instances": [
        {
          "schema_version": 0,
          "attributes": {
            "arn": "arn:aws:route53:::healthcheck/3c4ac730-ed8e-4349-9921-36dc6d1f8cff",
            "child_health_threshold": 0,
            "child_healthchecks": null,
            "cloudwatch_alarm_name": null,
            "cloudwatch_alarm_region": null,
            "disabled": false,
            "enable_sni": true,
            "failure_threshold": 3,
            "fqdn": "public.cau-eleitoral.migrai.com.br",
            "id": "3c4ac730-ed8e-4349-9921-36dc6d1f8cff",
            "insufficient_data_health_status": "",
            "invert_healthcheck": false,
            "ip_address": "",
            "measure_latency": true,
            "port": 443,
            "reference_name": null,
            "regions": null,
            "request_interval": 30,
            "resource_path": "/health",
            "routing_control_arn": "",
            "search_string": "",
            "tags": {
              "Name": "cau-eleitoral-public-health-check"
            },
            "tags_all": {
              "CostCenter": "Eleitoral",
              "Environment": "production",
              "ManagedBy": "Terraform",
              "Name": "cau-eleitoral-public-health-check",
              "Owner": "CAU",
              "Project": "CAU-Sistema-Eleitoral"
            },
            "triggers": {},
            "type": "HTTPS"
          },
          "sensitive_attributes": [],
          "private": "bnVsbA=="
        }
      ]
    },
    {
      "mode": "managed",
      "type": "aws_route53_record",
      "name": "admin",
      "provider": "provider[\"registry.terraform.io/hashicorp/aws\"]",
      "instances": []
    },
    {
      "mode": "managed",
      "type": "aws_route53_record",
      "name": "admin_ipv6",
      "provider": "provider[\"registry.terraform.io/hashicorp/aws\"]",
      "instances": []
    },
    {
      "mode": "managed",
      "type": "aws_route53_record",
      "name": "alb_cert_validation",
      "provider": "provider[\"registry.terraform.io/hashicorp/aws\"]",
      "instances": [
        {
          "index_key": "*.cau-eleitoral.migrai.com.br",
          "schema_version": 2,
          "attributes": {
            "alias": [],
            "allow_overwrite": true,
            "cidr_routing_policy": [],
            "failover_routing_policy": [],
            "fqdn": "_d17a18731a3475c2424926d378500fa5.cau-eleitoral.migrai.com.br",
            "geolocation_routing_policy": [],
            "geoproximity_routing_policy": [],
            "health_check_id": "",
            "id": "Z03226741ORFK2FENPY4T__d17a18731a3475c2424926d378500fa5.cau-eleitoral.migrai.com.br._CNAME",
            "latency_routing_policy": [],
            "multivalue_answer_routing_policy": false,
            "name": "_d17a18731a3475c2424926d378500fa5.cau-eleitoral.migrai.com.br",
            "records": [
              "_8f52c4ea928215e30055c42f7a6ca250.jkddzztszm.acm-validations.aws."
            ],
            "set_identifier": "",
            "timeouts": null,
            "ttl": 60,
            "type": "CNAME",
            "weighted_routing_policy": [],
            "zone_id": "Z03226741ORFK2FENPY4T"
          },
          "sensitive_attributes": [],
          "private": "eyJlMmJmYjczMC1lY2FhLTExZTYtOGY4OC0zNDM2M2JjN2M0YzAiOnsiY3JlYXRlIjoxODAwMDAwMDAwMDAwLCJkZWxldGUiOjE4MDAwMDAwMDAwMDAsInVwZGF0ZSI6MTgwMDAwMDAwMDAwMH0sInNjaGVtYV92ZXJzaW9uIjoiMiJ9",
          "dependencies": [
            "aws_acm_certificate.alb",
            "aws_route53_zone.main"
          ]
        },
        {
          "index_key": "cau-eleitoral.migrai.com.br",
          "schema_version": 2,
          "attributes": {
            "alias": [],
            "allow_overwrite": true,
            "cidr_routing_policy": [],
            "failover_routing_policy": [],
            "fqdn": "_d17a18731a3475c2424926d378500fa5.cau-eleitoral.migrai.com.br",
            "geolocation_routing_policy": [],
            "geoproximity_routing_policy": [],
            "health_check_id": "",
            "id": "Z03226741ORFK2FENPY4T__d17a18731a3475c2424926d378500fa5.cau-eleitoral.migrai.com.br._CNAME",
            "latency_routing_policy": [],
            "multivalue_answer_routing_policy": false,
            "name": "_d17a18731a3475c2424926d378500fa5.cau-eleitoral.migrai.com.br",
            "records": [
              "_8f52c4ea928215e30055c42f7a6ca250.jkddzztszm.acm-validations.aws."
            ],
            "set_identifier": "",
            "timeouts": null,
            "ttl": 60,
            "type": "CNAME",
            "weighted_routing_policy": [],
            "zone_id": "Z03226741ORFK2FENPY4T"
          },
          "sensitive_attributes": [],
          "private": "eyJlMmJmYjczMC1lY2FhLTExZTYtOGY4OC0zNDM2M2JjN2M0YzAiOnsiY3JlYXRlIjoxODAwMDAwMDAwMDAwLCJkZWxldGUiOjE4MDAwMDAwMDAwMDAsInVwZGF0ZSI6MTgwMDAwMDAwMDAwMH0sInNjaGVtYV92ZXJzaW9uIjoiMiJ9",
          "dependencies": [
            "aws_acm_certificate.alb",
            "aws_route53_zone.main"
          ]
        }
      ]
    },
    {
      "mode": "managed",
      "type": "aws_route53_record",
      "name": "alb_direct",
      "provider": "provider[\"registry.terraform.io/hashicorp/aws\"]",
      "instances": [
        {
          "schema_version": 2,
          "attributes": {
            "alias": [
              {
                "evaluate_target_health": true,
                "name": "cau-eleitoral-alb-99613689.us-east-1.elb.amazonaws.com",
                "zone_id": "Z35SXDOTRQ7X7K"
              }
            ],
            "allow_overwrite": null,
            "cidr_routing_policy": [],
            "failover_routing_policy": [],
            "fqdn": "alb.cau-eleitoral.migrai.com.br",
            "geolocation_routing_policy": [],
            "geoproximity_routing_policy": [],
            "health_check_id": "",
            "id": "Z03226741ORFK2FENPY4T_alb.cau-eleitoral.migrai.com.br_A",
            "latency_routing_policy": [],
            "multivalue_answer_routing_policy": false,
            "name": "alb.cau-eleitoral.migrai.com.br",
            "records": null,
            "set_identifier": "",
            "timeouts": null,
            "ttl": 0,
            "type": "A",
            "weighted_routing_policy": [],
            "zone_id": "Z03226741ORFK2FENPY4T"
          },
          "sensitive_attributes": [],
          "private": "eyJlMmJmYjczMC1lY2FhLTExZTYtOGY4OC0zNDM2M2JjN2M0YzAiOnsiY3JlYXRlIjoxODAwMDAwMDAwMDAwLCJkZWxldGUiOjE4MDAwMDAwMDAwMDAsInVwZGF0ZSI6MTgwMDAwMDAwMDAwMH0sInNjaGVtYV92ZXJzaW9uIjoiMiJ9",
          "dependencies": [
            "aws_lb.main",
            "aws_route53_zone.main",
            "aws_s3_bucket.alb_logs",
            "aws_security_group.alb",
            "aws_subnet.public",
            "aws_vpc.main",
            "data.aws_availability_zones.available",
            "data.aws_caller_identity.current"
          ]
        }
      ]
    },
    {
      "mode": "managed",
      "type": "aws_route53_record",
      "name": "api",
      "provider": "provider[\"registry.terraform.io/hashicorp/aws\"]",
      "instances": []
    },
    {
      "mode": "managed",
      "type": "aws_route53_record",
      "name": "api_ipv6",
      "provider": "provider[\"registry.terraform.io/hashicorp/aws\"]",
      "instances": []
    },
    {
      "mode": "managed",
      "type": "aws_route53_record",
      "name": "cert_validation",
      "provider": "provider[\"registry.terraform.io/hashicorp/aws\"]",
      "instances": [
        {
          "index_key": "*.cau-eleitoral.migrai.com.br",
          "schema_version": 2,
          "attributes": {
            "alias": [],
            "allow_overwrite": true,
            "cidr_routing_policy": [],
            "failover_routing_policy": [],
            "fqdn": "_d17a18731a3475c2424926d378500fa5.cau-eleitoral.migrai.com.br",
            "geolocation_routing_policy": [],
            "geoproximity_routing_policy": [],
            "health_check_id": "",
            "id": "Z03226741ORFK2FENPY4T__d17a18731a3475c2424926d378500fa5.cau-eleitoral.migrai.com.br._CNAME",
            "latency_routing_policy": [],
            "multivalue_answer_routing_policy": false,
            "name": "_d17a18731a3475c2424926d378500fa5.cau-eleitoral.migrai.com.br",
            "records": [
              "_8f52c4ea928215e30055c42f7a6ca250.jkddzztszm.acm-validations.aws."
            ],
            "set_identifier": "",
            "timeouts": null,
            "ttl": 60,
            "type": "CNAME",
            "weighted_routing_policy": [],
            "zone_id": "Z03226741ORFK2FENPY4T"
          },
          "sensitive_attributes": [],
          "private": "eyJlMmJmYjczMC1lY2FhLTExZTYtOGY4OC0zNDM2M2JjN2M0YzAiOnsiY3JlYXRlIjoxODAwMDAwMDAwMDAwLCJkZWxldGUiOjE4MDAwMDAwMDAwMDAsInVwZGF0ZSI6MTgwMDAwMDAwMDAwMH0sInNjaGVtYV92ZXJzaW9uIjoiMiJ9",
          "dependencies": [
            "aws_acm_certificate.main",
            "aws_route53_zone.main"
          ]
        },
        {
          "index_key": "cau-eleitoral.migrai.com.br",
          "schema_version": 2,
          "attributes": {
            "alias": [],
            "allow_overwrite": true,
            "cidr_routing_policy": [],
            "failover_routing_policy": [],
            "fqdn": "_d17a18731a3475c2424926d378500fa5.cau-eleitoral.migrai.com.br",
            "geolocation_routing_policy": [],
            "geoproximity_routing_policy": [],
            "health_check_id": "",
            "id": "Z03226741ORFK2FENPY4T__d17a18731a3475c2424926d378500fa5.cau-eleitoral.migrai.com.br._CNAME",
            "latency_routing_policy": [],
            "multivalue_answer_routing_policy": false,
            "name": "_d17a18731a3475c2424926d378500fa5.cau-eleitoral.migrai.com.br",
            "records": [
              "_8f52c4ea928215e30055c42f7a6ca250.jkddzztszm.acm-validations.aws."
            ],
            "set_identifier": "",
            "timeouts": null,
            "ttl": 60,
            "type": "CNAME",
            "weighted_routing_policy": [],
            "zone_id": "Z03226741ORFK2FENPY4T"
          },
          "sensitive_attributes": [],
          "private": "eyJlMmJmYjczMC1lY2FhLTExZTYtOGY4OC0zNDM2M2JjN2M0YzAiOnsiY3JlYXRlIjoxODAwMDAwMDAwMDAwLCJkZWxldGUiOjE4MDAwMDAwMDAwMDAsInVwZGF0ZSI6MTgwMDAwMDAwMDAwMH0sInNjaGVtYV92ZXJzaW9uIjoiMiJ9",
          "dependencies": [
            "aws_acm_certificate.main",
            "aws_route53_zone.main"
          ]
        }
      ]
    },
    {
      "mode": "managed",
      "type": "aws_route53_record",
      "name": "public",
      "provider": "provider[\"registry.terraform.io/hashicorp/aws\"]",
      "instances": []
    },
    {
      "mode": "managed",
      "type": "aws_route53_record",
      "name": "public_ipv6",
      "provider": "provider[\"registry.terraform.io/hashicorp/aws\"]",
      "instances": []
    },
    {
      "mode": "managed",
      "type": "aws_route53_zone",
      "name": "main",
      "provider": "provider[\"registry.terraform.io/hashicorp/aws\"]",
      "instances": []
    },
    {
      "mode": "managed",
      "type": "aws_route_table",
      "name": "database",
      "provider": "provider[\"registry.terraform.io/hashicorp/aws\"]",
      "instances": [
        {
          "schema_version": 0,
          "attributes": {
            "arn": "arn:aws:ec2:us-east-1:801232946361:route-table/rtb-0301e8ee4d76361fb",
            "id": "rtb-0301e8ee4d76361fb",
            "owner_id": "801232946361",
            "propagating_vgws": [],
            "route": [],
            "tags": {
              "Name": "cau-eleitoral-database-rt"
            },
            "tags_all": {
              "CostCenter": "Eleitoral",
              "Environment": "production",
              "ManagedBy": "Terraform",
              "Name": "cau-eleitoral-database-rt",
              "Owner": "CAU",
              "Project": "CAU-Sistema-Eleitoral"
            },
            "timeouts": null,
            "vpc_id": "vpc-034bf0c6150887db5"
          },
          "sensitive_attributes": [],
          "private": "eyJlMmJmYjczMC1lY2FhLTExZTYtOGY4OC0zNDM2M2JjN2M0YzAiOnsiY3JlYXRlIjozMDAwMDAwMDAwMDAsImRlbGV0ZSI6MzAwMDAwMDAwMDAwLCJ1cGRhdGUiOjEyMDAwMDAwMDAwMH19",
          "dependencies": [
            "aws_vpc.main"
          ]
        }
      ]
    },
    {
      "mode": "managed",
      "type": "aws_route_table",
      "name": "private",
      "provider": "provider[\"registry.terraform.io/hashicorp/aws\"]",
      "instances": [
        {
          "index_key": 0,
          "schema_version": 0,
          "attributes": {
            "arn": "arn:aws:ec2:us-east-1:801232946361:route-table/rtb-058517222c380e2ad",
            "id": "rtb-058517222c380e2ad",
            "owner_id": "801232946361",
            "propagating_vgws": [],
            "route": [],
            "tags": {
              "Name": "cau-eleitoral-private-rt"
            },
            "tags_all": {
              "CostCenter": "Eleitoral",
              "Environment": "production",
              "ManagedBy": "Terraform",
              "Name": "cau-eleitoral-private-rt",
              "Owner": "CAU",
              "Project": "CAU-Sistema-Eleitoral"
            },
            "timeouts": null,
            "vpc_id": "vpc-034bf0c6150887db5"
          },
          "sensitive_attributes": [],
          "private": "eyJlMmJmYjczMC1lY2FhLTExZTYtOGY4OC0zNDM2M2JjN2M0YzAiOnsiY3JlYXRlIjozMDAwMDAwMDAwMDAsImRlbGV0ZSI6MzAwMDAwMDAwMDAwLCJ1cGRhdGUiOjEyMDAwMDAwMDAwMH19",
          "dependencies": [
            "aws_vpc.main",
            "data.aws_availability_zones.available"
          ]
        }
      ]
    },
    {
      "mode": "managed",
      "type": "aws_route_table",
      "name": "public",
      "provider": "provider[\"registry.terraform.io/hashicorp/aws\"]",
      "instances": [
        {
          "schema_version": 0,
          "attributes": {
            "arn": "arn:aws:ec2:us-east-1:801232946361:route-table/rtb-0a4f6fffb06cf64dd",
            "id": "rtb-0a4f6fffb06cf64dd",
            "owner_id": "801232946361",
            "propagating_vgws": [],
            "route": [
              {
                "carrier_gateway_id": "",
                "cidr_block": "0.0.0.0/0",
                "core_network_arn": "",
                "destination_prefix_list_id": "",
                "egress_only_gateway_id": "",
                "gateway_id": "igw-0e06a355fe16746f8",
                "ipv6_cidr_block": "",
                "local_gateway_id": "",
                "nat_gateway_id": "",
                "network_interface_id": "",
                "transit_gateway_id": "",
                "vpc_endpoint_id": "",
                "vpc_peering_connection_id": ""
              }
            ],
            "tags": {
              "Name": "cau-eleitoral-public-rt"
            },
            "tags_all": {
              "CostCenter": "Eleitoral",
              "Environment": "production",
              "ManagedBy": "Terraform",
              "Name": "cau-eleitoral-public-rt",
              "Owner": "CAU",
              "Project": "CAU-Sistema-Eleitoral"
            },
            "timeouts": null,
            "vpc_id": "vpc-034bf0c6150887db5"
          },
          "sensitive_attributes": [],
          "private": "eyJlMmJmYjczMC1lY2FhLTExZTYtOGY4OC0zNDM2M2JjN2M0YzAiOnsiY3JlYXRlIjozMDAwMDAwMDAwMDAsImRlbGV0ZSI6MzAwMDAwMDAwMDAwLCJ1cGRhdGUiOjEyMDAwMDAwMDAwMH19",
          "dependencies": [
            "aws_internet_gateway.main",
            "aws_vpc.main"
          ]
        }
      ]
    },
    {
      "mode": "managed",
      "type": "aws_route_table_association",
      "name": "database",
      "provider": "provider[\"registry.terraform.io/hashicorp/aws\"]",
      "instances": [
        {
          "index_key": 0,
          "schema_version": 0,
          "attributes": {
            "gateway_id": "",
            "id": "rtbassoc-06f79a744140e1eae",
            "route_table_id": "rtb-0301e8ee4d76361fb",
            "subnet_id": "subnet-001fca4f56b4a26d4",
            "timeouts": null
          },
          "sensitive_attributes": [],
          "private": "eyJlMmJmYjczMC1lY2FhLTExZTYtOGY4OC0zNDM2M2JjN2M0YzAiOnsiY3JlYXRlIjozMDAwMDAwMDAwMDAsImRlbGV0ZSI6MzAwMDAwMDAwMDAwLCJ1cGRhdGUiOjEyMDAwMDAwMDAwMH19",
          "dependencies": [
            "aws_route_table.database",
            "aws_subnet.database",
            "aws_vpc.main",
            "data.aws_availability_zones.available"
          ]
        },
        {
          "index_key": 1,
          "schema_version": 0,
          "attributes": {
            "gateway_id": "",
            "id": "rtbassoc-092beb7bdc666c21d",
            "route_table_id": "rtb-0301e8ee4d76361fb",
            "subnet_id": "subnet-0123e1841ac8a08e4",
            "timeouts": null
          },
          "sensitive_attributes": [],
          "private": "eyJlMmJmYjczMC1lY2FhLTExZTYtOGY4OC0zNDM2M2JjN2M0YzAiOnsiY3JlYXRlIjozMDAwMDAwMDAwMDAsImRlbGV0ZSI6MzAwMDAwMDAwMDAwLCJ1cGRhdGUiOjEyMDAwMDAwMDAwMH19",
          "dependencies": [
            "aws_route_table.database",
            "aws_subnet.database",
            "aws_vpc.main",
            "data.aws_availability_zones.available"
          ]
        },
        {
          "index_key": 2,
          "schema_version": 0,
          "attributes": {
            "gateway_id": "",
            "id": "rtbassoc-08107276de8558f8d",
            "route_table_id": "rtb-0301e8ee4d76361fb",
            "subnet_id": "subnet-047e4fa3249387c1b",
            "timeouts": null
          },
          "sensitive_attributes": [],
          "private": "eyJlMmJmYjczMC1lY2FhLTExZTYtOGY4OC0zNDM2M2JjN2M0YzAiOnsiY3JlYXRlIjozMDAwMDAwMDAwMDAsImRlbGV0ZSI6MzAwMDAwMDAwMDAwLCJ1cGRhdGUiOjEyMDAwMDAwMDAwMH19",
          "dependencies": [
            "aws_route_table.database",
            "aws_subnet.database",
            "aws_vpc.main",
            "data.aws_availability_zones.available"
          ]
        }
      ]
    },
    {
      "mode": "managed",
      "type": "aws_route_table_association",
      "name": "private",
      "provider": "provider[\"registry.terraform.io/hashicorp/aws\"]",
      "instances": [
        {
          "index_key": 0,
          "schema_version": 0,
          "attributes": {
            "gateway_id": "",
            "id": "rtbassoc-0860802f74567d0ba",
            "route_table_id": "rtb-058517222c380e2ad",
            "subnet_id": "subnet-01568568a84248c7d",
            "timeouts": null
          },
          "sensitive_attributes": [],
          "private": "eyJlMmJmYjczMC1lY2FhLTExZTYtOGY4OC0zNDM2M2JjN2M0YzAiOnsiY3JlYXRlIjozMDAwMDAwMDAwMDAsImRlbGV0ZSI6MzAwMDAwMDAwMDAwLCJ1cGRhdGUiOjEyMDAwMDAwMDAwMH19",
          "dependencies": [
            "aws_route_table.private",
            "aws_subnet.private",
            "aws_vpc.main",
            "data.aws_availability_zones.available"
          ]
        },
        {
          "index_key": 1,
          "schema_version": 0,
          "attributes": {
            "gateway_id": "",
            "id": "rtbassoc-07e607ef5eba63e56",
            "route_table_id": "rtb-058517222c380e2ad",
            "subnet_id": "subnet-0167b599750ba915d",
            "timeouts": null
          },
          "sensitive_attributes": [],
          "private": "eyJlMmJmYjczMC1lY2FhLTExZTYtOGY4OC0zNDM2M2JjN2M0YzAiOnsiY3JlYXRlIjozMDAwMDAwMDAwMDAsImRlbGV0ZSI6MzAwMDAwMDAwMDAwLCJ1cGRhdGUiOjEyMDAwMDAwMDAwMH19",
          "dependencies": [
            "aws_route_table.private",
            "aws_subnet.private",
            "aws_vpc.main",
            "data.aws_availability_zones.available"
          ]
        },
        {
          "index_key": 2,
          "schema_version": 0,
          "attributes": {
            "gateway_id": "",
            "id": "rtbassoc-0a62b21c03c055890",
            "route_table_id": "rtb-058517222c380e2ad",
            "subnet_id": "subnet-06ceb9f0d50113c08",
            "timeouts": null
          },
          "sensitive_attributes": [],
          "private": "eyJlMmJmYjczMC1lY2FhLTExZTYtOGY4OC0zNDM2M2JjN2M0YzAiOnsiY3JlYXRlIjozMDAwMDAwMDAwMDAsImRlbGV0ZSI6MzAwMDAwMDAwMDAwLCJ1cGRhdGUiOjEyMDAwMDAwMDAwMH19",
          "dependencies": [
            "aws_route_table.private",
            "aws_subnet.private",
            "aws_vpc.main",
            "data.aws_availability_zones.available"
          ]
        }
      ]
    },
    {
      "mode": "managed",
      "type": "aws_route_table_association",
      "name": "public",
      "provider": "provider[\"registry.terraform.io/hashicorp/aws\"]",
      "instances": [
        {
          "index_key": 0,
          "schema_version": 0,
          "attributes": {
            "gateway_id": "",
            "id": "rtbassoc-0c934a4ac5ceff491",
            "route_table_id": "rtb-0a4f6fffb06cf64dd",
            "subnet_id": "subnet-09190401b67769f8b",
            "timeouts": null
          },
          "sensitive_attributes": [],
          "private": "eyJlMmJmYjczMC1lY2FhLTExZTYtOGY4OC0zNDM2M2JjN2M0YzAiOnsiY3JlYXRlIjozMDAwMDAwMDAwMDAsImRlbGV0ZSI6MzAwMDAwMDAwMDAwLCJ1cGRhdGUiOjEyMDAwMDAwMDAwMH19",
          "dependencies": [
            "aws_internet_gateway.main",
            "aws_route_table.public",
            "aws_subnet.public",
            "aws_vpc.main",
            "data.aws_availability_zones.available"
          ]
        },
        {
          "index_key": 1,
          "schema_version": 0,
          "attributes": {
            "gateway_id": "",
            "id": "rtbassoc-0dbaadc933732b92a",
            "route_table_id": "rtb-0a4f6fffb06cf64dd",
            "subnet_id": "subnet-0c3fdd518fc73901c",
            "timeouts": null
          },
          "sensitive_attributes": [],
          "private": "eyJlMmJmYjczMC1lY2FhLTExZTYtOGY4OC0zNDM2M2JjN2M0YzAiOnsiY3JlYXRlIjozMDAwMDAwMDAwMDAsImRlbGV0ZSI6MzAwMDAwMDAwMDAwLCJ1cGRhdGUiOjEyMDAwMDAwMDAwMH19",
          "dependencies": [
            "aws_internet_gateway.main",
            "aws_route_table.public",
            "aws_subnet.public",
            "aws_vpc.main",
            "data.aws_availability_zones.available"
          ]
        },
        {
          "index_key": 2,
          "schema_version": 0,
          "attributes": {
            "gateway_id": "",
            "id": "rtbassoc-00b01943619d53ef2",
            "route_table_id": "rtb-0a4f6fffb06cf64dd",
            "subnet_id": "subnet-0fcda5c87157f9ea0",
            "timeouts": null
          },
          "sensitive_attributes": [],
          "private": "eyJlMmJmYjczMC1lY2FhLTExZTYtOGY4OC0zNDM2M2JjN2M0YzAiOnsiY3JlYXRlIjozMDAwMDAwMDAwMDAsImRlbGV0ZSI6MzAwMDAwMDAwMDAwLCJ1cGRhdGUiOjEyMDAwMDAwMDAwMH19",
          "dependencies": [
            "aws_internet_gateway.main",
            "aws_route_table.public",
            "aws_subnet.public",
            "aws_vpc.main",
            "data.aws_availability_zones.available"
          ]
        }
      ]
    },
    {
      "mode": "managed",
      "type": "aws_s3_bucket",
      "name": "alb_logs",
      "provider": "provider[\"registry.terraform.io/hashicorp/aws\"]",
      "instances": [
        {
          "schema_version": 0,
          "attributes": {
            "acceleration_status": "",
            "acl": null,
            "arn": "arn:aws:s3:::cau-eleitoral-alb-logs-801232946361",
            "bucket": "cau-eleitoral-alb-logs-801232946361",
            "bucket_domain_name": "cau-eleitoral-alb-logs-801232946361.s3.amazonaws.com",
            "bucket_prefix": "",
            "bucket_regional_domain_name": "cau-eleitoral-alb-logs-801232946361.s3.us-east-1.amazonaws.com",
            "cors_rule": [],
            "force_destroy": false,
            "grant": [
              {
                "id": "9df423956a2b9d512d04c1ff25fcd73cdc4fb8375bee175c766a5a10e26f03bb",
                "permissions": [
                  "FULL_CONTROL"
                ],
                "type": "CanonicalUser",
                "uri": ""
              }
            ],
            "hosted_zone_id": "Z3AQBSTGFYJSTF",
            "id": "cau-eleitoral-alb-logs-801232946361",
            "lifecycle_rule": [],
            "logging": [],
            "object_lock_configuration": [],
            "object_lock_enabled": false,
            "policy": "",
            "region": "us-east-1",
            "replication_configuration": [],
            "request_payer": "BucketOwner",
            "server_side_encryption_configuration": [
              {
                "rule": [
                  {
                    "apply_server_side_encryption_by_default": [
                      {
                        "kms_master_key_id": "",
                        "sse_algorithm": "AES256"
                      }
                    ],
                    "bucket_key_enabled": false
                  }
                ]
              }
            ],
            "tags": {
              "Name": "cau-eleitoral-alb-logs"
            },
            "tags_all": {
              "CostCenter": "Eleitoral",
              "Environment": "production",
              "ManagedBy": "Terraform",
              "Name": "cau-eleitoral-alb-logs",
              "Owner": "CAU",
              "Project": "CAU-Sistema-Eleitoral"
            },
            "timeouts": null,
            "versioning": [
              {
                "enabled": false,
                "mfa_delete": false
              }
            ],
            "website": [],
            "website_domain": null,
            "website_endpoint": null
          },
          "sensitive_attributes": [],
          "private": "eyJlMmJmYjczMC1lY2FhLTExZTYtOGY4OC0zNDM2M2JjN2M0YzAiOnsiY3JlYXRlIjoxMjAwMDAwMDAwMDAwLCJkZWxldGUiOjM2MDAwMDAwMDAwMDAsInJlYWQiOjEyMDAwMDAwMDAwMDAsInVwZGF0ZSI6MTIwMDAwMDAwMDAwMH19",
          "dependencies": [
            "data.aws_caller_identity.current"
          ]
        }
      ]
    },
    {
      "mode": "managed",
      "type": "aws_s3_bucket",
      "name": "backups",
      "provider": "provider[\"registry.terraform.io/hashicorp/aws\"]",
      "instances": [
        {
          "schema_version": 0,
          "attributes": {
            "acceleration_status": "",
            "acl": null,
            "arn": "arn:aws:s3:::cau-eleitoral-backups-801232946361",
            "bucket": "cau-eleitoral-backups-801232946361",
            "bucket_domain_name": "cau-eleitoral-backups-801232946361.s3.amazonaws.com",
            "bucket_prefix": "",
            "bucket_regional_domain_name": "cau-eleitoral-backups-801232946361.s3.us-east-1.amazonaws.com",
            "cors_rule": [],
            "force_destroy": false,
            "grant": [
              {
                "id": "9df423956a2b9d512d04c1ff25fcd73cdc4fb8375bee175c766a5a10e26f03bb",
                "permissions": [
                  "FULL_CONTROL"
                ],
                "type": "CanonicalUser",
                "uri": ""
              }
            ],
            "hosted_zone_id": "Z3AQBSTGFYJSTF",
            "id": "cau-eleitoral-backups-801232946361",
            "lifecycle_rule": [],
            "logging": [],
            "object_lock_configuration": [],
            "object_lock_enabled": false,
            "policy": "",
            "region": "us-east-1",
            "replication_configuration": [],
            "request_payer": "BucketOwner",
            "server_side_encryption_configuration": [
              {
                "rule": [
                  {
                    "apply_server_side_encryption_by_default": [
                      {
                        "kms_master_key_id": "",
                        "sse_algorithm": "AES256"
                      }
                    ],
                    "bucket_key_enabled": false
                  }
                ]
              }
            ],
            "tags": {
              "Name": "cau-eleitoral-backups",
              "Purpose": "Database and application backups"
            },
            "tags_all": {
              "CostCenter": "Eleitoral",
              "Environment": "production",
              "ManagedBy": "Terraform",
              "Name": "cau-eleitoral-backups",
              "Owner": "CAU",
              "Project": "CAU-Sistema-Eleitoral",
              "Purpose": "Database and application backups"
            },
            "timeouts": null,
            "versioning": [
              {
                "enabled": false,
                "mfa_delete": false
              }
            ],
            "website": [],
            "website_domain": null,
            "website_endpoint": null
          },
          "sensitive_attributes": [],
          "private": "eyJlMmJmYjczMC1lY2FhLTExZTYtOGY4OC0zNDM2M2JjN2M0YzAiOnsiY3JlYXRlIjoxMjAwMDAwMDAwMDAwLCJkZWxldGUiOjM2MDAwMDAwMDAwMDAsInJlYWQiOjEyMDAwMDAwMDAwMDAsInVwZGF0ZSI6MTIwMDAwMDAwMDAwMH19",
          "dependencies": [
            "data.aws_caller_identity.current"
          ]
        }
      ]
    },
    {
      "mode": "managed",
      "type": "aws_s3_bucket",
      "name": "cloudfront_logs",
      "provider": "provider[\"registry.terraform.io/hashicorp/aws\"]",
      "instances": [
        {
          "schema_version": 0,
          "attributes": {
            "acceleration_status": "",
            "acl": null,
            "arn": "arn:aws:s3:::cau-eleitoral-cloudfront-logs-801232946361",
            "bucket": "cau-eleitoral-cloudfront-logs-801232946361",
            "bucket_domain_name": "cau-eleitoral-cloudfront-logs-801232946361.s3.amazonaws.com",
            "bucket_prefix": "",
            "bucket_regional_domain_name": "cau-eleitoral-cloudfront-logs-801232946361.s3.us-east-1.amazonaws.com",
            "cors_rule": [],
            "force_destroy": false,
            "grant": [
              {
                "id": "9df423956a2b9d512d04c1ff25fcd73cdc4fb8375bee175c766a5a10e26f03bb",
                "permissions": [
                  "FULL_CONTROL"
                ],
                "type": "CanonicalUser",
                "uri": ""
              }
            ],
            "hosted_zone_id": "Z3AQBSTGFYJSTF",
            "id": "cau-eleitoral-cloudfront-logs-801232946361",
            "lifecycle_rule": [],
            "logging": [],
            "object_lock_configuration": [],
            "object_lock_enabled": false,
            "policy": "",
            "region": "us-east-1",
            "replication_configuration": [],
            "request_payer": "BucketOwner",
            "server_side_encryption_configuration": [
              {
                "rule": [
                  {
                    "apply_server_side_encryption_by_default": [
                      {
                        "kms_master_key_id": "",
                        "sse_algorithm": "AES256"
                      }
                    ],
                    "bucket_key_enabled": false
                  }
                ]
              }
            ],
            "tags": {
              "Name": "cau-eleitoral-cloudfront-logs"
            },
            "tags_all": {
              "CostCenter": "Eleitoral",
              "Environment": "production",
              "ManagedBy": "Terraform",
              "Name": "cau-eleitoral-cloudfront-logs",
              "Owner": "CAU",
              "Project": "CAU-Sistema-Eleitoral"
            },
            "timeouts": null,
            "versioning": [
              {
                "enabled": false,
                "mfa_delete": false
              }
            ],
            "website": [],
            "website_domain": null,
            "website_endpoint": null
          },
          "sensitive_attributes": [],
          "private": "eyJlMmJmYjczMC1lY2FhLTExZTYtOGY4OC0zNDM2M2JjN2M0YzAiOnsiY3JlYXRlIjoxMjAwMDAwMDAwMDAwLCJkZWxldGUiOjM2MDAwMDAwMDAwMDAsInJlYWQiOjEyMDAwMDAwMDAwMDAsInVwZGF0ZSI6MTIwMDAwMDAwMDAwMH19",
          "dependencies": [
            "data.aws_caller_identity.current"
          ]
        }
      ]
    },
    {
      "mode": "managed",
      "type": "aws_s3_bucket",
      "name": "documents",
      "provider": "provider[\"registry.terraform.io/hashicorp/aws\"]",
      "instances": [
        {
          "schema_version": 0,
          "attributes": {
            "acceleration_status": "",
            "acl": null,
            "arn": "arn:aws:s3:::cau-eleitoral-documents-801232946361",
            "bucket": "cau-eleitoral-documents-801232946361",
            "bucket_domain_name": "cau-eleitoral-documents-801232946361.s3.amazonaws.com",
            "bucket_prefix": "",
            "bucket_regional_domain_name": "cau-eleitoral-documents-801232946361.s3.us-east-1.amazonaws.com",
            "cors_rule": [],
            "force_destroy": false,
            "grant": [
              {
                "id": "9df423956a2b9d512d04c1ff25fcd73cdc4fb8375bee175c766a5a10e26f03bb",
                "permissions": [
                  "FULL_CONTROL"
                ],
                "type": "CanonicalUser",
                "uri": ""
              }
            ],
            "hosted_zone_id": "Z3AQBSTGFYJSTF",
            "id": "cau-eleitoral-documents-801232946361",
            "lifecycle_rule": [],
            "logging": [],
            "object_lock_configuration": [],
            "object_lock_enabled": false,
            "policy": "",
            "region": "us-east-1",
            "replication_configuration": [],
            "request_payer": "BucketOwner",
            "server_side_encryption_configuration": [
              {
                "rule": [
                  {
                    "apply_server_side_encryption_by_default": [
                      {
                        "kms_master_key_id": "",
                        "sse_algorithm": "AES256"
                      }
                    ],
                    "bucket_key_enabled": false
                  }
                ]
              }
            ],
            "tags": {
              "Name": "cau-eleitoral-documents",
              "Purpose": "Election documents storage"
            },
            "tags_all": {
              "CostCenter": "Eleitoral",
              "Environment": "production",
              "ManagedBy": "Terraform",
              "Name": "cau-eleitoral-documents",
              "Owner": "CAU",
              "Project": "CAU-Sistema-Eleitoral",
              "Purpose": "Election documents storage"
            },
            "timeouts": null,
            "versioning": [
              {
                "enabled": false,
                "mfa_delete": false
              }
            ],
            "website": [],
            "website_domain": null,
            "website_endpoint": null
          },
          "sensitive_attributes": [],
          "private": "eyJlMmJmYjczMC1lY2FhLTExZTYtOGY4OC0zNDM2M2JjN2M0YzAiOnsiY3JlYXRlIjoxMjAwMDAwMDAwMDAwLCJkZWxldGUiOjM2MDAwMDAwMDAwMDAsInJlYWQiOjEyMDAwMDAwMDAwMDAsInVwZGF0ZSI6MTIwMDAwMDAwMDAwMH19",
          "dependencies": [
            "data.aws_caller_identity.current"
          ]
        }
      ]
    },
    {
      "mode": "managed",
      "type": "aws_s3_bucket",
      "name": "uploads",
      "provider": "provider[\"registry.terraform.io/hashicorp/aws\"]",
      "instances": [
        {
          "schema_version": 0,
          "attributes": {
            "acceleration_status": "",
            "acl": null,
            "arn": "arn:aws:s3:::cau-eleitoral-uploads-801232946361",
            "bucket": "cau-eleitoral-uploads-801232946361",
            "bucket_domain_name": "cau-eleitoral-uploads-801232946361.s3.amazonaws.com",
            "bucket_prefix": "",
            "bucket_regional_domain_name": "cau-eleitoral-uploads-801232946361.s3.us-east-1.amazonaws.com",
            "cors_rule": [],
            "force_destroy": false,
            "grant": [
              {
                "id": "9df423956a2b9d512d04c1ff25fcd73cdc4fb8375bee175c766a5a10e26f03bb",
                "permissions": [
                  "FULL_CONTROL"
                ],
                "type": "CanonicalUser",
                "uri": ""
              }
            ],
            "hosted_zone_id": "Z3AQBSTGFYJSTF",
            "id": "cau-eleitoral-uploads-801232946361",
            "lifecycle_rule": [],
            "logging": [],
            "object_lock_configuration": [],
            "object_lock_enabled": false,
            "policy": "",
            "region": "us-east-1",
            "replication_configuration": [],
            "request_payer": "BucketOwner",
            "server_side_encryption_configuration": [
              {
                "rule": [
                  {
                    "apply_server_side_encryption_by_default": [
                      {
                        "kms_master_key_id": "",
                        "sse_algorithm": "AES256"
                      }
                    ],
                    "bucket_key_enabled": false
                  }
                ]
              }
            ],
            "tags": {
              "Name": "cau-eleitoral-uploads",
              "Purpose": "Temporary file uploads"
            },
            "tags_all": {
              "CostCenter": "Eleitoral",
              "Environment": "production",
              "ManagedBy": "Terraform",
              "Name": "cau-eleitoral-uploads",
              "Owner": "CAU",
              "Project": "CAU-Sistema-Eleitoral",
              "Purpose": "Temporary file uploads"
            },
            "timeouts": null,
            "versioning": [
              {
                "enabled": false,
                "mfa_delete": false
              }
            ],
            "website": [],
            "website_domain": null,
            "website_endpoint": null
          },
          "sensitive_attributes": [],
          "private": "eyJlMmJmYjczMC1lY2FhLTExZTYtOGY4OC0zNDM2M2JjN2M0YzAiOnsiY3JlYXRlIjoxMjAwMDAwMDAwMDAwLCJkZWxldGUiOjM2MDAwMDAwMDAwMDAsInJlYWQiOjEyMDAwMDAwMDAwMDAsInVwZGF0ZSI6MTIwMDAwMDAwMDAwMH19",
          "dependencies": [
            "data.aws_caller_identity.current"
          ]
        }
      ]
    },
    {
      "mode": "managed",
      "type": "aws_s3_bucket_acl",
      "name": "cloudfront_logs",
      "provider": "provider[\"registry.terraform.io/hashicorp/aws\"]",
      "instances": [
        {
          "schema_version": 0,
          "attributes": {
            "access_control_policy": [
              {
                "grant": [
                  {
                    "grantee": [
                      {
                        "display_name": "",
                        "email_address": "",
                        "id": "9df423956a2b9d512d04c1ff25fcd73cdc4fb8375bee175c766a5a10e26f03bb",
                        "type": "CanonicalUser",
                        "uri": ""
                      }
                    ],
                    "permission": "FULL_CONTROL"
                  }
                ],
                "owner": [
                  {
                    "display_name": "",
                    "id": "9df423956a2b9d512d04c1ff25fcd73cdc4fb8375bee175c766a5a10e26f03bb"
                  }
                ]
              }
            ],
            "acl": "private",
            "bucket": "cau-eleitoral-cloudfront-logs-801232946361",
            "expected_bucket_owner": "",
            "id": "cau-eleitoral-cloudfront-logs-801232946361,private"
          },
          "sensitive_attributes": [],
          "private": "bnVsbA==",
          "dependencies": [
            "aws_s3_bucket.cloudfront_logs",
            "aws_s3_bucket_ownership_controls.cloudfront_logs",
            "data.aws_caller_identity.current"
          ]
        }
      ]
    },
    {
      "mode": "managed",
      "type": "aws_s3_bucket_cors_configuration",
      "name": "documents",
      "provider": "provider[\"registry.terraform.io/hashicorp/aws\"]",
      "instances": [
        {
          "schema_version": 0,
          "attributes": {
            "bucket": "cau-eleitoral-documents-801232946361",
            "cors_rule": [
              {
                "allowed_headers": [
                  "*"
                ],
                "allowed_methods": [
                  "GET",
                  "POST",
                  "PUT"
                ],
                "allowed_origins": [
                  "https://*.cau-eleitoral.migrai.com.br",
                  "https://cau-eleitoral.migrai.com.br"
                ],
                "expose_headers": [
                  "ETag"
                ],
                "id": "",
                "max_age_seconds": 3600
              }
            ],
            "expected_bucket_owner": "",
            "id": "cau-eleitoral-documents-801232946361"
          },
          "sensitive_attributes": [],
          "private": "bnVsbA==",
          "dependencies": [
            "aws_s3_bucket.documents",
            "data.aws_caller_identity.current"
          ]
        }
      ]
    },
    {
      "mode": "managed",
      "type": "aws_s3_bucket_cors_configuration",
      "name": "uploads",
      "provider": "provider[\"registry.terraform.io/hashicorp/aws\"]",
      "instances": [
        {
          "schema_version": 0,
          "attributes": {
            "bucket": "cau-eleitoral-uploads-801232946361",
            "cors_rule": [
              {
                "allowed_headers": [
                  "*"
                ],
                "allowed_methods": [
                  "DELETE",
                  "GET",
                  "POST",
                  "PUT"
                ],
                "allowed_origins": [
                  "https://*.cau-eleitoral.migrai.com.br",
                  "https://cau-eleitoral.migrai.com.br"
                ],
                "expose_headers": [
                  "ETag"
                ],
                "id": "",
                "max_age_seconds": 3600
              }
            ],
            "expected_bucket_owner": "",
            "id": "cau-eleitoral-uploads-801232946361"
          },
          "sensitive_attributes": [],
          "private": "bnVsbA==",
          "dependencies": [
            "aws_s3_bucket.uploads",
            "data.aws_caller_identity.current"
          ]
        }
      ]
    },
    {
      "mode": "managed",
      "type": "aws_s3_bucket_lifecycle_configuration",
      "name": "alb_logs",
      "provider": "provider[\"registry.terraform.io/hashicorp/aws\"]",
      "instances": [
        {
          "schema_version": 1,
          "attributes": {
            "bucket": "cau-eleitoral-alb-logs-801232946361",
            "expected_bucket_owner": "",
            "id": "cau-eleitoral-alb-logs-801232946361",
            "rule": [
              {
                "abort_incomplete_multipart_upload": [],
                "expiration": [
                  {
                    "date": null,
                    "days": 90,
                    "expired_object_delete_marker": false
                  }
                ],
                "filter": [
                  {
                    "and": [],
                    "object_size_greater_than": null,
                    "object_size_less_than": null,
                    "prefix": "",
                    "tag": []
                  }
                ],
                "id": "expire-old-logs",
                "noncurrent_version_expiration": [],
                "noncurrent_version_transition": [],
                "prefix": "",
                "status": "Enabled",
                "transition": [
                  {
                    "date": null,
                    "days": 30,
                    "storage_class": "STANDARD_IA"
                  }
                ]
              }
            ],
            "timeouts": null,
            "transition_default_minimum_object_size": "all_storage_classes_128K"
          },
          "sensitive_attributes": [],
          "dependencies": [
            "aws_s3_bucket.alb_logs",
            "data.aws_caller_identity.current"
          ]
        }
      ]
    },
    {
      "mode": "managed",
      "type": "aws_s3_bucket_lifecycle_configuration",
      "name": "backups",
      "provider": "provider[\"registry.terraform.io/hashicorp/aws\"]",
      "instances": [
        {
          "schema_version": 1,
          "attributes": {
            "bucket": "cau-eleitoral-backups-801232946361",
            "expected_bucket_owner": "",
            "id": "cau-eleitoral-backups-801232946361",
            "rule": [
              {
                "abort_incomplete_multipart_upload": [],
                "expiration": [],
                "filter": [
                  {
                    "and": [],
                    "object_size_greater_than": null,
                    "object_size_less_than": null,
                    "prefix": "",
                    "tag": []
                  }
                ],
                "id": "transition-to-glacier",
                "noncurrent_version_expiration": [
                  {
                    "newer_noncurrent_versions": null,
                    "noncurrent_days": 730
                  }
                ],
                "noncurrent_version_transition": [
                  {
                    "newer_noncurrent_versions": null,
                    "noncurrent_days": 30,
                    "storage_class": "GLACIER"
                  }
                ],
                "prefix": "",
                "status": "Enabled",
                "transition": [
                  {
                    "date": null,
                    "days": 30,
                    "storage_class": "STANDARD_IA"
                  },
                  {
                    "date": null,
                    "days": 365,
                    "storage_class": "DEEP_ARCHIVE"
                  },
                  {
                    "date": null,
                    "days": 90,
                    "storage_class": "GLACIER"
                  }
                ]
              }
            ],
            "timeouts": null,
            "transition_default_minimum_object_size": "all_storage_classes_128K"
          },
          "sensitive_attributes": [],
          "dependencies": [
            "aws_s3_bucket.backups",
            "data.aws_caller_identity.current"
          ]
        }
      ]
    },
    {
      "mode": "managed",
      "type": "aws_s3_bucket_lifecycle_configuration",
      "name": "cloudfront_logs",
      "provider": "provider[\"registry.terraform.io/hashicorp/aws\"]",
      "instances": [
        {
          "schema_version": 1,
          "attributes": {
            "bucket": "cau-eleitoral-cloudfront-logs-801232946361",
            "expected_bucket_owner": "",
            "id": "cau-eleitoral-cloudfront-logs-801232946361",
            "rule": [
              {
                "abort_incomplete_multipart_upload": [],
                "expiration": [
                  {
                    "date": null,
                    "days": 90,
                    "expired_object_delete_marker": false
                  }
                ],
                "filter": [
                  {
                    "and": [],
                    "object_size_greater_than": null,
                    "object_size_less_than": null,
                    "prefix": "",
                    "tag": []
                  }
                ],
                "id": "expire-old-logs",
                "noncurrent_version_expiration": [],
                "noncurrent_version_transition": [],
                "prefix": "",
                "status": "Enabled",
                "transition": [
                  {
                    "date": null,
                    "days": 30,
                    "storage_class": "STANDARD_IA"
                  }
                ]
              }
            ],
            "timeouts": null,
            "transition_default_minimum_object_size": "all_storage_classes_128K"
          },
          "sensitive_attributes": [],
          "dependencies": [
            "aws_s3_bucket.cloudfront_logs",
            "data.aws_caller_identity.current"
          ]
        }
      ]
    },
    {
      "mode": "managed",
      "type": "aws_s3_bucket_lifecycle_configuration",
      "name": "documents",
      "provider": "provider[\"registry.terraform.io/hashicorp/aws\"]",
      "instances": [
        {
          "schema_version": 1,
          "attributes": {
            "bucket": "cau-eleitoral-documents-801232946361",
            "expected_bucket_owner": "",
            "id": "cau-eleitoral-documents-801232946361",
            "rule": [
              {
                "abort_incomplete_multipart_upload": [],
                "expiration": [],
                "filter": [
                  {
                    "and": [],
                    "object_size_greater_than": null,
                    "object_size_less_than": null,
                    "prefix": "",
                    "tag": []
                  }
                ],
                "id": "archive-old-documents",
                "noncurrent_version_expiration": [
                  {
                    "newer_noncurrent_versions": null,
                    "noncurrent_days": 365
                  }
                ],
                "noncurrent_version_transition": [
                  {
                    "newer_noncurrent_versions": null,
                    "noncurrent_days": 30,
                    "storage_class": "GLACIER"
                  }
                ],
                "prefix": "",
                "status": "Enabled",
                "transition": [
                  {
                    "date": null,
                    "days": 90,
                    "storage_class": "GLACIER"
                  }
                ]
              }
            ],
            "timeouts": null,
            "transition_default_minimum_object_size": "all_storage_classes_128K"
          },
          "sensitive_attributes": [],
          "dependencies": [
            "aws_s3_bucket.documents",
            "data.aws_caller_identity.current"
          ]
        }
      ]
    },
    {
      "mode": "managed",
      "type": "aws_s3_bucket_lifecycle_configuration",
      "name": "uploads",
      "provider": "provider[\"registry.terraform.io/hashicorp/aws\"]",
      "instances": [
        {
          "schema_version": 1,
          "attributes": {
            "bucket": "cau-eleitoral-uploads-801232946361",
            "expected_bucket_owner": "",
            "id": "cau-eleitoral-uploads-801232946361",
            "rule": [
              {
                "abort_incomplete_multipart_upload": [
                  {
                    "days_after_initiation": 1
                  }
                ],
                "expiration": [
                  {
                    "date": null,
                    "days": 7,
                    "expired_object_delete_marker": false
                  }
                ],
                "filter": [
                  {
                    "and": [],
                    "object_size_greater_than": null,
                    "object_size_less_than": null,
                    "prefix": "",
                    "tag": []
                  }
                ],
                "id": "cleanup-uploads",
                "noncurrent_version_expiration": [],
                "noncurrent_version_transition": [],
                "prefix": "",
                "status": "Enabled",
                "transition": []
              }
            ],
            "timeouts": null,
            "transition_default_minimum_object_size": "all_storage_classes_128K"
          },
          "sensitive_attributes": [],
          "dependencies": [
            "aws_s3_bucket.uploads",
            "data.aws_caller_identity.current"
          ]
        }
      ]
    },
    {
      "mode": "managed",
      "type": "aws_s3_bucket_object_lock_configuration",
      "name": "backups",
      "provider": "provider[\"registry.terraform.io/hashicorp/aws\"]",
      "instances": [
        {
          "schema_version": 0,
          "attributes": {
            "bucket": "cau-eleitoral-backups-801232946361",
            "expected_bucket_owner": "",
            "id": "cau-eleitoral-backups-801232946361",
            "object_lock_enabled": "Enabled",
            "rule": [
              {
                "default_retention": [
                  {
                    "days": 35,
                    "mode": "GOVERNANCE",
                    "years": 0
                  }
                ]
              }
            ],
            "token": null
          },
          "sensitive_attributes": [],
          "private": "bnVsbA==",
          "dependencies": [
            "aws_s3_bucket.backups",
            "aws_s3_bucket_versioning.backups",
            "data.aws_caller_identity.current"
          ]
        }
      ]
    },
    {
      "mode": "managed",
      "type": "aws_s3_bucket_ownership_controls",
      "name": "cloudfront_logs",
      "provider": "provider[\"registry.terraform.io/hashicorp/aws\"]",
      "instances": [
        {
          "schema_version": 0,
          "attributes": {
            "bucket": "cau-eleitoral-cloudfront-logs-801232946361",
            "id": "cau-eleitoral-cloudfront-logs-801232946361",
            "rule": [
              {
                "object_ownership": "BucketOwnerPreferred"
              }
            ]
          },
          "sensitive_attributes": [],
          "private": "bnVsbA==",
          "dependencies": [
            "aws_s3_bucket.cloudfront_logs",
            "data.aws_caller_identity.current"
          ]
        }
      ]
    },
    {
      "mode": "managed",
      "type": "aws_s3_bucket_policy",
      "name": "alb_logs",
      "provider": "provider[\"registry.terraform.io/hashicorp/aws\"]",
      "instances": [
        {
          "schema_version": 0,
          "attributes": {
            "bucket": "cau-eleitoral-alb-logs-801232946361",
            "id": "cau-eleitoral-alb-logs-801232946361",
            "policy": "{\"Statement\":[{\"Action\":\"s3:PutObject\",\"Effect\":\"Allow\",\"Principal\":{\"AWS\":\"arn:aws:iam::127311923021:root\"},\"Resource\":\"arn:aws:s3:::cau-eleitoral-alb-logs-801232946361/alb/*\"},{\"Action\":\"s3:PutObject\",\"Condition\":{\"StringEquals\":{\"s3:x-amz-acl\":\"bucket-owner-full-control\"}},\"Effect\":\"Allow\",\"Principal\":{\"Service\":\"delivery.logs.amazonaws.com\"},\"Resource\":\"arn:aws:s3:::cau-eleitoral-alb-logs-801232946361/alb/*\"},{\"Action\":\"s3:GetBucketAcl\",\"Effect\":\"Allow\",\"Principal\":{\"Service\":\"delivery.logs.amazonaws.com\"},\"Resource\":\"arn:aws:s3:::cau-eleitoral-alb-logs-801232946361\"}],\"Version\":\"2012-10-17\"}"
          },
          "sensitive_attributes": [],
          "private": "bnVsbA==",
          "dependencies": [
            "aws_s3_bucket.alb_logs",
            "data.aws_caller_identity.current"
          ]
        }
      ]
    },
    {
      "mode": "managed",
      "type": "aws_s3_bucket_policy",
      "name": "backups",
      "provider": "provider[\"registry.terraform.io/hashicorp/aws\"]",
      "instances": [
        {
          "schema_version": 0,
          "attributes": {
            "bucket": "cau-eleitoral-backups-801232946361",
            "id": "cau-eleitoral-backups-801232946361",
            "policy": "{\"Statement\":[{\"Action\":\"s3:*\",\"Condition\":{\"Bool\":{\"aws:SecureTransport\":\"false\"}},\"Effect\":\"Deny\",\"Principal\":\"*\",\"Resource\":[\"arn:aws:s3:::cau-eleitoral-backups-801232946361\",\"arn:aws:s3:::cau-eleitoral-backups-801232946361/*\"],\"Sid\":\"EnforceSSLOnly\"},{\"Action\":[\"s3:DeleteObject\",\"s3:DeleteObjectVersion\"],\"Condition\":{\"Bool\":{\"aws:MultiFactorAuthPresent\":\"false\"}},\"Effect\":\"Deny\",\"Principal\":\"*\",\"Resource\":\"arn:aws:s3:::cau-eleitoral-backups-801232946361/*\",\"Sid\":\"DenyDeleteWithoutMFA\"}],\"Version\":\"2012-10-17\"}"
          },
          "sensitive_attributes": [],
          "private": "bnVsbA==",
          "dependencies": [
            "aws_s3_bucket.backups",
            "data.aws_caller_identity.current"
          ]
        }
      ]
    },
    {
      "mode": "managed",
      "type": "aws_s3_bucket_policy",
      "name": "documents",
      "provider": "provider[\"registry.terraform.io/hashicorp/aws\"]",
      "instances": []
    },
    {
      "mode": "managed",
      "type": "aws_s3_bucket_policy",
      "name": "uploads",
      "provider": "provider[\"registry.terraform.io/hashicorp/aws\"]",
      "instances": [
        {
          "schema_version": 0,
          "attributes": {
            "bucket": "cau-eleitoral-uploads-801232946361",
            "id": "cau-eleitoral-uploads-801232946361",
            "policy": "{\"Statement\":[{\"Action\":\"s3:*\",\"Condition\":{\"Bool\":{\"aws:SecureTransport\":\"false\"}},\"Effect\":\"Deny\",\"Principal\":\"*\",\"Resource\":[\"arn:aws:s3:::cau-eleitoral-uploads-801232946361\",\"arn:aws:s3:::cau-eleitoral-uploads-801232946361/*\"],\"Sid\":\"EnforceSSLOnly\"}],\"Version\":\"2012-10-17\"}"
          },
          "sensitive_attributes": [],
          "private": "bnVsbA==",
          "dependencies": [
            "aws_s3_bucket.uploads",
            "data.aws_caller_identity.current"
          ]
        }
      ]
    },
    {
      "mode": "managed",
      "type": "aws_s3_bucket_public_access_block",
      "name": "backups",
      "provider": "provider[\"registry.terraform.io/hashicorp/aws\"]",
      "instances": [
        {
          "schema_version": 0,
          "attributes": {
            "block_public_acls": true,
            "block_public_policy": true,
            "bucket": "cau-eleitoral-backups-801232946361",
            "id": "cau-eleitoral-backups-801232946361",
            "ignore_public_acls": true,
            "restrict_public_buckets": true
          },
          "sensitive_attributes": [],
          "private": "bnVsbA==",
          "dependencies": [
            "aws_s3_bucket.backups",
            "data.aws_caller_identity.current"
          ]
        }
      ]
    },
    {
      "mode": "managed",
      "type": "aws_s3_bucket_public_access_block",
      "name": "cloudfront_logs",
      "provider": "provider[\"registry.terraform.io/hashicorp/aws\"]",
      "instances": [
        {
          "schema_version": 0,
          "attributes": {
            "block_public_acls": true,
            "block_public_policy": true,
            "bucket": "cau-eleitoral-cloudfront-logs-801232946361",
            "id": "cau-eleitoral-cloudfront-logs-801232946361",
            "ignore_public_acls": true,
            "restrict_public_buckets": true
          },
          "sensitive_attributes": [],
          "private": "bnVsbA==",
          "dependencies": [
            "aws_s3_bucket.cloudfront_logs",
            "data.aws_caller_identity.current"
          ]
        }
      ]
    },
    {
      "mode": "managed",
      "type": "aws_s3_bucket_public_access_block",
      "name": "documents",
      "provider": "provider[\"registry.terraform.io/hashicorp/aws\"]",
      "instances": [
        {
          "schema_version": 0,
          "attributes": {
            "block_public_acls": true,
            "block_public_policy": true,
            "bucket": "cau-eleitoral-documents-801232946361",
            "id": "cau-eleitoral-documents-801232946361",
            "ignore_public_acls": true,
            "restrict_public_buckets": true
          },
          "sensitive_attributes": [],
          "private": "bnVsbA==",
          "dependencies": [
            "aws_s3_bucket.documents",
            "data.aws_caller_identity.current"
          ]
        }
      ]
    },
    {
      "mode": "managed",
      "type": "aws_s3_bucket_public_access_block",
      "name": "uploads",
      "provider": "provider[\"registry.terraform.io/hashicorp/aws\"]",
      "instances": [
        {
          "schema_version": 0,
          "attributes": {
            "block_public_acls": true,
            "block_public_policy": true,
            "bucket": "cau-eleitoral-uploads-801232946361",
            "id": "cau-eleitoral-uploads-801232946361",
            "ignore_public_acls": true,
            "restrict_public_buckets": true
          },
          "sensitive_attributes": [],
          "private": "bnVsbA==",
          "dependencies": [
            "aws_s3_bucket.uploads",
            "data.aws_caller_identity.current"
          ]
        }
      ]
    },
    {
      "mode": "managed",
      "type": "aws_s3_bucket_server_side_encryption_configuration",
      "name": "backups",
      "provider": "provider[\"registry.terraform.io/hashicorp/aws\"]",
      "instances": [
        {
          "schema_version": 0,
          "attributes": {
            "bucket": "cau-eleitoral-backups-801232946361",
            "expected_bucket_owner": "",
            "id": "cau-eleitoral-backups-801232946361",
            "rule": [
              {
                "apply_server_side_encryption_by_default": [
                  {
                    "kms_master_key_id": "arn:aws:kms:us-east-1:801232946361:key/95cd4684-c5f9-4e82-a6ae-c8b188bf4747",
                    "sse_algorithm": "aws:kms"
                  }
                ],
                "bucket_key_enabled": true
              }
            ]
          },
          "sensitive_attributes": [],
          "private": "bnVsbA==",
          "dependencies": [
            "aws_kms_key.s3",
            "aws_s3_bucket.backups",
            "data.aws_caller_identity.current"
          ]
        }
      ]
    },
    {
      "mode": "managed",
      "type": "aws_s3_bucket_server_side_encryption_configuration",
      "name": "documents",
      "provider": "provider[\"registry.terraform.io/hashicorp/aws\"]",
      "instances": [
        {
          "schema_version": 0,
          "attributes": {
            "bucket": "cau-eleitoral-documents-801232946361",
            "expected_bucket_owner": "",
            "id": "cau-eleitoral-documents-801232946361",
            "rule": [
              {
                "apply_server_side_encryption_by_default": [
                  {
                    "kms_master_key_id": "arn:aws:kms:us-east-1:801232946361:key/95cd4684-c5f9-4e82-a6ae-c8b188bf4747",
                    "sse_algorithm": "aws:kms"
                  }
                ],
                "bucket_key_enabled": true
              }
            ]
          },
          "sensitive_attributes": [],
          "private": "bnVsbA==",
          "dependencies": [
            "aws_kms_key.s3",
            "aws_s3_bucket.documents",
            "data.aws_caller_identity.current"
          ]
        }
      ]
    },
    {
      "mode": "managed",
      "type": "aws_s3_bucket_server_side_encryption_configuration",
      "name": "uploads",
      "provider": "provider[\"registry.terraform.io/hashicorp/aws\"]",
      "instances": [
        {
          "schema_version": 0,
          "attributes": {
            "bucket": "cau-eleitoral-uploads-801232946361",
            "expected_bucket_owner": "",
            "id": "cau-eleitoral-uploads-801232946361",
            "rule": [
              {
                "apply_server_side_encryption_by_default": [
                  {
                    "kms_master_key_id": "arn:aws:kms:us-east-1:801232946361:key/95cd4684-c5f9-4e82-a6ae-c8b188bf4747",
                    "sse_algorithm": "aws:kms"
                  }
                ],
                "bucket_key_enabled": true
              }
            ]
          },
          "sensitive_attributes": [],
          "private": "bnVsbA==",
          "dependencies": [
            "aws_kms_key.s3",
            "aws_s3_bucket.uploads",
            "data.aws_caller_identity.current"
          ]
        }
      ]
    },
    {
      "mode": "managed",
      "type": "aws_s3_bucket_versioning",
      "name": "backups",
      "provider": "provider[\"registry.terraform.io/hashicorp/aws\"]",
      "instances": [
        {
          "schema_version": 0,
          "attributes": {
            "bucket": "cau-eleitoral-backups-801232946361",
            "expected_bucket_owner": "",
            "id": "cau-eleitoral-backups-801232946361",
            "mfa": null,
            "versioning_configuration": [
              {
                "mfa_delete": "",
                "status": "Enabled"
              }
            ]
          },
          "sensitive_attributes": [],
          "private": "bnVsbA==",
          "dependencies": [
            "aws_s3_bucket.backups",
            "data.aws_caller_identity.current"
          ]
        }
      ]
    },
    {
      "mode": "managed",
      "type": "aws_s3_bucket_versioning",
      "name": "documents",
      "provider": "provider[\"registry.terraform.io/hashicorp/aws\"]",
      "instances": [
        {
          "schema_version": 0,
          "attributes": {
            "bucket": "cau-eleitoral-documents-801232946361",
            "expected_bucket_owner": "",
            "id": "cau-eleitoral-documents-801232946361",
            "mfa": null,
            "versioning_configuration": [
              {
                "mfa_delete": "",
                "status": "Enabled"
              }
            ]
          },
          "sensitive_attributes": [],
          "private": "bnVsbA==",
          "dependencies": [
            "aws_s3_bucket.documents",
            "data.aws_caller_identity.current"
          ]
        }
      ]
    },
    {
      "mode": "managed",
      "type": "aws_s3_bucket_versioning",
      "name": "uploads",
      "provider": "provider[\"registry.terraform.io/hashicorp/aws\"]",
      "instances": [
        {
          "schema_version": 0,
          "attributes": {
            "bucket": "cau-eleitoral-uploads-801232946361",
            "expected_bucket_owner": "",
            "id": "cau-eleitoral-uploads-801232946361",
            "mfa": null,
            "versioning_configuration": [
              {
                "mfa_delete": "",
                "status": "Suspended"
              }
            ]
          },
          "sensitive_attributes": [],
          "private": "bnVsbA==",
          "dependencies": [
            "aws_s3_bucket.uploads",
            "data.aws_caller_identity.current"
          ]
        }
      ]
    },
    {
      "mode": "managed",
      "type": "aws_secretsmanager_secret",
      "name": "app_secrets",
      "provider": "provider[\"registry.terraform.io/hashicorp/aws\"]",
      "instances": [
        {
          "schema_version": 0,
          "attributes": {
            "arn": "arn:aws:secretsmanager:us-east-1:801232946361:secret:cau-eleitoral/app/secrets-hQOIcO",
            "description": "Application secrets for cau-eleitoral",
            "force_overwrite_replica_secret": false,
            "id": "arn:aws:secretsmanager:us-east-1:801232946361:secret:cau-eleitoral/app/secrets-hQOIcO",
            "kms_key_id": "arn:aws:kms:us-east-1:801232946361:key/22c96155-d261-4b55-a37b-b749c6692c78",
            "name": "cau-eleitoral/app/secrets",
            "name_prefix": "",
            "policy": "",
            "recovery_window_in_days": 30,
            "replica": [],
            "tags": {
              "Name": "cau-eleitoral-app-secrets"
            },
            "tags_all": {
              "CostCenter": "Eleitoral",
              "Environment": "production",
              "ManagedBy": "Terraform",
              "Name": "cau-eleitoral-app-secrets",
              "Owner": "CAU",
              "Project": "CAU-Sistema-Eleitoral"
            }
          },
          "sensitive_attributes": [],
          "private": "bnVsbA==",
          "dependencies": [
            "aws_iam_role.ecs_task_execution",
            "aws_kms_key.secrets",
            "data.aws_caller_identity.current"
          ]
        }
      ]
    },
    {
      "mode": "managed",
      "type": "aws_secretsmanager_secret",
      "name": "jwt_secret",
      "provider": "provider[\"registry.terraform.io/hashicorp/aws\"]",
      "instances": [
        {
          "schema_version": 0,
          "attributes": {
            "arn": "arn:aws:secretsmanager:us-east-1:801232946361:secret:cau-eleitoral/jwt/secret-6SFTeP",
            "description": "JWT signing secret for cau-eleitoral",
            "force_overwrite_replica_secret": false,
            "id": "arn:aws:secretsmanager:us-east-1:801232946361:secret:cau-eleitoral/jwt/secret-6SFTeP",
            "kms_key_id": "arn:aws:kms:us-east-1:801232946361:key/22c96155-d261-4b55-a37b-b749c6692c78",
            "name": "cau-eleitoral/jwt/secret",
            "name_prefix": "",
            "policy": "",
            "recovery_window_in_days": 30,
            "replica": [],
            "tags": {
              "Name": "cau-eleitoral-jwt-secret"
            },
            "tags_all": {
              "CostCenter": "Eleitoral",
              "Environment": "production",
              "ManagedBy": "Terraform",
              "Name": "cau-eleitoral-jwt-secret",
              "Owner": "CAU",
              "Project": "CAU-Sistema-Eleitoral"
            }
          },
          "sensitive_attributes": [],
          "private": "bnVsbA==",
          "dependencies": [
            "aws_iam_role.ecs_task_execution",
            "aws_kms_key.secrets",
            "data.aws_caller_identity.current"
          ]
        }
      ]
    },
    {
      "mode": "managed",
      "type": "aws_secretsmanager_secret",
      "name": "rds_credentials",
      "provider": "provider[\"registry.terraform.io/hashicorp/aws\"]",
      "instances": [
        {
          "schema_version": 0,
          "attributes": {
            "arn": "arn:aws:secretsmanager:us-east-1:801232946361:secret:cau-eleitoral/rds/credentials-1MBBoN",
            "description": "RDS database credentials for cau-eleitoral",
            "force_overwrite_replica_secret": false,
            "id": "arn:aws:secretsmanager:us-east-1:801232946361:secret:cau-eleitoral/rds/credentials-1MBBoN",
            "kms_key_id": "arn:aws:kms:us-east-1:801232946361:key/22c96155-d261-4b55-a37b-b749c6692c78",
            "name": "cau-eleitoral/rds/credentials",
            "name_prefix": "",
            "policy": "",
            "recovery_window_in_days": 30,
            "replica": [],
            "tags": {
              "Name": "cau-eleitoral-rds-credentials"
            },
            "tags_all": {
              "CostCenter": "Eleitoral",
              "Environment": "production",
              "ManagedBy": "Terraform",
              "Name": "cau-eleitoral-rds-credentials",
              "Owner": "CAU",
              "Project": "CAU-Sistema-Eleitoral"
            }
          },
          "sensitive_attributes": [],
          "private": "bnVsbA==",
          "dependencies": [
            "aws_iam_role.ecs_task_execution",
            "aws_kms_key.secrets",
            "data.aws_caller_identity.current"
          ]
        }
      ]
    },
    {
      "mode": "managed",
      "type": "aws_secretsmanager_secret",
      "name": "smtp_credentials",
      "provider": "provider[\"registry.terraform.io/hashicorp/aws\"]",
      "instances": [
        {
          "schema_version": 0,
          "attributes": {
            "arn": "arn:aws:secretsmanager:us-east-1:801232946361:secret:cau-eleitoral/smtp/credentials-mFzRNE",
            "description": "SMTP credentials for cau-eleitoral",
            "force_overwrite_replica_secret": false,
            "id": "arn:aws:secretsmanager:us-east-1:801232946361:secret:cau-eleitoral/smtp/credentials-mFzRNE",
            "kms_key_id": "arn:aws:kms:us-east-1:801232946361:key/22c96155-d261-4b55-a37b-b749c6692c78",
            "name": "cau-eleitoral/smtp/credentials",
            "name_prefix": "",
            "policy": "",
            "recovery_window_in_days": 30,
            "replica": [],
            "tags": {
              "Name": "cau-eleitoral-smtp-credentials"
            },
            "tags_all": {
              "CostCenter": "Eleitoral",
              "Environment": "production",
              "ManagedBy": "Terraform",
              "Name": "cau-eleitoral-smtp-credentials",
              "Owner": "CAU",
              "Project": "CAU-Sistema-Eleitoral"
            }
          },
          "sensitive_attributes": [],
          "private": "bnVsbA==",
          "dependencies": [
            "aws_iam_role.ecs_task_execution",
            "aws_kms_key.secrets",
            "data.aws_caller_identity.current"
          ]
        }
      ]
    },
    {
      "mode": "managed",
      "type": "aws_secretsmanager_secret_version",
      "name": "app_secrets",
      "provider": "provider[\"registry.terraform.io/hashicorp/aws\"]",
      "instances": [
        {
          "schema_version": 0,
          "attributes": {
            "arn": "arn:aws:secretsmanager:us-east-1:801232946361:secret:cau-eleitoral/app/secrets-hQOIcO",
            "has_secret_string_wo": null,
            "id": "arn:aws:secretsmanager:us-east-1:801232946361:secret:cau-eleitoral/app/secrets-hQOIcO|terraform-20260205135354307500000017",
            "secret_binary": "",
            "secret_id": "arn:aws:secretsmanager:us-east-1:801232946361:secret:cau-eleitoral/app/secrets-hQOIcO",
            "secret_string": "{\"admin_url\":\"https://cau-eleitoral.migrai.com.br\",\"api_key\":\"bXJAKcM7Zk8CNf44gZQYpuiHAJmCTLq2xBftZqRTEohTy9b1\",\"api_url\":\"https://api.cau-eleitoral.migrai.com.br\",\"aws_region\":\"us-east-1\",\"cloudfront_header\":\"mp16xjHbbtQVNZZxZJGxXQD6i4jF869O\",\"domain\":\"cau-eleitoral.migrai.com.br\",\"encryption_key\":\"t1aump6YqFRxY0huzNcAMTRaMO9ONAcw\",\"public_url\":\"https://public.cau-eleitoral.migrai.com.br\",\"s3_backups_bucket\":\"cau-eleitoral-backups-801232946361\",\"s3_documents_bucket\":\"cau-eleitoral-documents-801232946361\",\"s3_uploads_bucket\":\"cau-eleitoral-uploads-801232946361\",\"webhook_secret\":\"cbI1Jgdb9QNZI8MXU7pIgBjSidFGjK5a\"}",
            "secret_string_wo": null,
            "secret_string_wo_version": null,
            "version_id": "terraform-20260205135354307500000017",
            "version_stages": [
              "AWSCURRENT"
            ]
          },
          "sensitive_attributes": [
            [
              {
                "type": "get_attr",
                "value": "secret_string"
              }
            ]
          ],
          "private": "bnVsbA==",
          "dependencies": [
            "aws_iam_role.ecs_task_execution",
            "aws_kms_key.secrets",
            "aws_s3_bucket.backups",
            "aws_s3_bucket.documents",
            "aws_s3_bucket.uploads",
            "aws_secretsmanager_secret.app_secrets",
            "data.aws_caller_identity.current",
            "random_password.api_key",
            "random_password.app_encryption_key",
            "random_password.cloudfront_header",
            "random_password.webhook_secret"
          ]
        }
      ]
    },
    {
      "mode": "managed",
      "type": "aws_secretsmanager_secret_version",
      "name": "jwt_secret",
      "provider": "provider[\"registry.terraform.io/hashicorp/aws\"]",
      "instances": [
        {
          "schema_version": 0,
          "attributes": {
            "arn": "arn:aws:secretsmanager:us-east-1:801232946361:secret:cau-eleitoral/jwt/secret-6SFTeP",
            "has_secret_string_wo": null,
            "id": "arn:aws:secretsmanager:us-east-1:801232946361:secret:cau-eleitoral/jwt/secret-6SFTeP|terraform-20260205135354874400000018",
            "secret_binary": "",
            "secret_id": "arn:aws:secretsmanager:us-east-1:801232946361:secret:cau-eleitoral/jwt/secret-6SFTeP",
            "secret_string": "CvhfrMzP1JGGUQQs80JOfshQp3uCzZZYH2AskLDh30SQZAuDm8iRo5yFqNuKxn8n",
            "secret_string_wo": null,
            "secret_string_wo_version": null,
            "version_id": "terraform-20260205135354874400000018",
            "version_stages": [
              "AWSCURRENT"
            ]
          },
          "sensitive_attributes": [
            [
              {
                "type": "get_attr",
                "value": "secret_string"
              }
            ]
          ],
          "private": "bnVsbA==",
          "dependencies": [
            "aws_iam_role.ecs_task_execution",
            "aws_kms_key.secrets",
            "aws_secretsmanager_secret.jwt_secret",
            "data.aws_caller_identity.current",
            "random_password.jwt_secret"
          ]
        }
      ]
    },
    {
      "mode": "managed",
      "type": "aws_secretsmanager_secret_version",
      "name": "rds_credentials",
      "provider": "provider[\"registry.terraform.io/hashicorp/aws\"]",
      "instances": []
    },
    {
      "mode": "managed",
      "type": "aws_secretsmanager_secret_version",
      "name": "smtp_credentials",
      "provider": "provider[\"registry.terraform.io/hashicorp/aws\"]",
      "instances": [
        {
          "schema_version": 0,
          "attributes": {
            "arn": "arn:aws:secretsmanager:us-east-1:801232946361:secret:cau-eleitoral/smtp/credentials-mFzRNE",
            "has_secret_string_wo": null,
            "id": "arn:aws:secretsmanager:us-east-1:801232946361:secret:cau-eleitoral/smtp/credentials-mFzRNE|terraform-20260205135354875400000019",
            "secret_binary": "",
            "secret_id": "arn:aws:secretsmanager:us-east-1:801232946361:secret:cau-eleitoral/smtp/credentials-mFzRNE",
            "secret_string": "{\"from\":\"noreply@cau-eleitoral.migrai.com.br\",\"host\":\"email-smtp.us-east-1.amazonaws.com\",\"password\":\"\",\"port\":587,\"username\":\"\"}",
            "secret_string_wo": null,
            "secret_string_wo_version": null,
            "version_id": "terraform-20260205135354875400000019",
            "version_stages": [
              "AWSCURRENT"
            ]
          },
          "sensitive_attributes": [],
          "private": "bnVsbA==",
          "dependencies": [
            "aws_iam_role.ecs_task_execution",
            "aws_kms_key.secrets",
            "aws_secretsmanager_secret.smtp_credentials",
            "data.aws_caller_identity.current"
          ]
        }
      ]
    },
    {
      "mode": "managed",
      "type": "aws_security_group",
      "name": "alb",
      "provider": "provider[\"registry.terraform.io/hashicorp/aws\"]",
      "instances": [
        {
          "schema_version": 1,
          "attributes": {
            "arn": "arn:aws:ec2:us-east-1:801232946361:security-group/sg-094b3d1f4d9bbc996",
            "description": "Security group for Application Load Balancer",
            "egress": [
              {
                "cidr_blocks": [
                  "0.0.0.0/0"
                ],
                "description": "",
                "from_port": 0,
                "ipv6_cidr_blocks": [],
                "prefix_list_ids": [],
                "protocol": "-1",
                "security_groups": [],
                "self": false,
                "to_port": 0
              }
            ],
            "id": "sg-094b3d1f4d9bbc996",
            "ingress": [
              {
                "cidr_blocks": [
                  "0.0.0.0/0"
                ],
                "description": "HTTP",
                "from_port": 80,
                "ipv6_cidr_blocks": [],
                "prefix_list_ids": [],
                "protocol": "tcp",
                "security_groups": [],
                "self": false,
                "to_port": 80
              },
              {
                "cidr_blocks": [
                  "0.0.0.0/0"
                ],
                "description": "HTTPS",
                "from_port": 443,
                "ipv6_cidr_blocks": [],
                "prefix_list_ids": [],
                "protocol": "tcp",
                "security_groups": [],
                "self": false,
                "to_port": 443
              }
            ],
            "name": "cau-eleitoral-alb-sg",
            "name_prefix": "",
            "owner_id": "801232946361",
            "revoke_rules_on_delete": false,
            "tags": {
              "Name": "cau-eleitoral-alb-sg"
            },
            "tags_all": {
              "CostCenter": "Eleitoral",
              "Environment": "production",
              "ManagedBy": "Terraform",
              "Name": "cau-eleitoral-alb-sg",
              "Owner": "CAU",
              "Project": "CAU-Sistema-Eleitoral"
            },
            "timeouts": null,
            "vpc_id": "vpc-034bf0c6150887db5"
          },
          "sensitive_attributes": [],
          "private": "eyJlMmJmYjczMC1lY2FhLTExZTYtOGY4OC0zNDM2M2JjN2M0YzAiOnsiY3JlYXRlIjo2MDAwMDAwMDAwMDAsImRlbGV0ZSI6OTAwMDAwMDAwMDAwfSwic2NoZW1hX3ZlcnNpb24iOiIxIn0=",
          "dependencies": [
            "aws_vpc.main"
          ]
        }
      ]
    },
    {
      "mode": "managed",
      "type": "aws_security_group",
      "name": "ecs_tasks",
      "provider": "provider[\"registry.terraform.io/hashicorp/aws\"]",
      "instances": [
        {
          "status": "tainted",
          "schema_version": 1,
          "attributes": {
            "arn": null,
            "description": "Security group for ECS tasks",
            "egress": [
              {
                "cidr_blocks": [
                  "0.0.0.0/0"
                ],
                "description": "",
                "from_port": 0,
                "ipv6_cidr_blocks": [],
                "prefix_list_ids": [],
                "protocol": "-1",
                "security_groups": [],
                "self": false,
                "to_port": 0
              }
            ],
            "id": "sg-0edabc9b33b61fece",
            "ingress": [
              {
                "cidr_blocks": [],
                "description": "API port from ALB",
                "from_port": 8080,
                "ipv6_cidr_blocks": [],
                "prefix_list_ids": [],
                "protocol": "tcp",
                "security_groups": [
                  "sg-094b3d1f4d9bbc996"
                ],
                "self": false,
                "to_port": 8080
              },
              {
                "cidr_blocks": [],
                "description": "Admin port from ALB",
                "from_port": 80,
                "ipv6_cidr_blocks": [],
                "prefix_list_ids": [],
                "protocol": "tcp",
                "security_groups": [
                  "sg-094b3d1f4d9bbc996"
                ],
                "self": false,
                "to_port": 80
              },
              {
                "cidr_blocks": [],
                "description": "Public port from ALB",
                "from_port": 80,
                "ipv6_cidr_blocks": [],
                "prefix_list_ids": [],
                "protocol": "tcp",
                "security_groups": [
                  "sg-094b3d1f4d9bbc996"
                ],
                "self": false,
                "to_port": 80
              }
            ],
            "name": "cau-eleitoral-ecs-tasks-sg",
            "name_prefix": null,
            "owner_id": null,
            "revoke_rules_on_delete": false,
            "tags": {
              "Name": "cau-eleitoral-ecs-tasks-sg"
            },
            "tags_all": {
              "CostCenter": "Eleitoral",
              "Environment": "production",
              "ManagedBy": "Terraform",
              "Name": "cau-eleitoral-ecs-tasks-sg",
              "Owner": "CAU",
              "Project": "CAU-Sistema-Eleitoral"
            },
            "timeouts": null,
            "vpc_id": "vpc-034bf0c6150887db5"
          },
          "sensitive_attributes": [],
          "private": "eyJlMmJmYjczMC1lY2FhLTExZTYtOGY4OC0zNDM2M2JjN2M0YzAiOnsiY3JlYXRlIjo2MDAwMDAwMDAwMDAsImRlbGV0ZSI6OTAwMDAwMDAwMDAwfSwic2NoZW1hX3ZlcnNpb24iOiIxIn0=",
          "dependencies": [
            "aws_security_group.alb",
            "aws_vpc.main"
          ]
        }
      ]
    },
    {
      "mode": "managed",
      "type": "aws_security_group",
      "name": "rds",
      "provider": "provider[\"registry.terraform.io/hashicorp/aws\"]",
      "instances": []
    },
    {
      "mode": "managed",
      "type": "aws_security_group",
      "name": "secrets_rotation",
      "provider": "provider[\"registry.terraform.io/hashicorp/aws\"]",
      "instances": [
        {
          "index_key": 0,
          "schema_version": 1,
          "attributes": {
            "arn": "arn:aws:ec2:us-east-1:801232946361:security-group/sg-086d192490354aae5",
            "description": "Security group for secrets rotation lambda",
            "egress": [
              {
                "cidr_blocks": [
                  "0.0.0.0/0"
                ],
                "description": "",
                "from_port": 0,
                "ipv6_cidr_blocks": [],
                "prefix_list_ids": [],
                "protocol": "-1",
                "security_groups": [],
                "self": false,
                "to_port": 0
              }
            ],
            "id": "sg-086d192490354aae5",
            "ingress": [],
            "name": "cau-eleitoral-secrets-rotation-sg",
            "name_prefix": "",
            "owner_id": "801232946361",
            "revoke_rules_on_delete": false,
            "tags": {
              "Name": "cau-eleitoral-secrets-rotation-sg"
            },
            "tags_all": {
              "CostCenter": "Eleitoral",
              "Environment": "production",
              "ManagedBy": "Terraform",
              "Name": "cau-eleitoral-secrets-rotation-sg",
              "Owner": "CAU",
              "Project": "CAU-Sistema-Eleitoral"
            },
            "timeouts": null,
            "vpc_id": "vpc-034bf0c6150887db5"
          },
          "sensitive_attributes": [],
          "private": "eyJlMmJmYjczMC1lY2FhLTExZTYtOGY4OC0zNDM2M2JjN2M0YzAiOnsiY3JlYXRlIjo2MDAwMDAwMDAwMDAsImRlbGV0ZSI6OTAwMDAwMDAwMDAwfSwic2NoZW1hX3ZlcnNpb24iOiIxIn0=",
          "dependencies": [
            "aws_vpc.main"
          ]
        }
      ]
    },
    {
      "mode": "managed",
      "type": "aws_security_group",
      "name": "vpc_endpoints",
      "provider": "provider[\"registry.terraform.io/hashicorp/aws\"]",
      "instances": [
        {
          "schema_version": 1,
          "attributes": {
            "arn": "arn:aws:ec2:us-east-1:801232946361:security-group/sg-075e46cc62c6c70c9",
            "description": "Security group for VPC endpoints",
            "egress": [
              {
                "cidr_blocks": [
                  "0.0.0.0/0"
                ],
                "description": "",
                "from_port": 0,
                "ipv6_cidr_blocks": [],
                "prefix_list_ids": [],
                "protocol": "-1",
                "security_groups": [],
                "self": false,
                "to_port": 0
              }
            ],
            "id": "sg-075e46cc62c6c70c9",
            "ingress": [
              {
                "cidr_blocks": [
                  "10.0.0.0/16"
                ],
                "description": "HTTPS from VPC",
                "from_port": 443,
                "ipv6_cidr_blocks": [],
                "prefix_list_ids": [],
                "protocol": "tcp",
                "security_groups": [],
                "self": false,
                "to_port": 443
              }
            ],
            "name": "cau-eleitoral-vpc-endpoints-sg",
            "name_prefix": "",
            "owner_id": "801232946361",
            "revoke_rules_on_delete": false,
            "tags": {
              "Name": "cau-eleitoral-vpc-endpoints-sg"
            },
            "tags_all": {
              "CostCenter": "Eleitoral",
              "Environment": "production",
              "ManagedBy": "Terraform",
              "Name": "cau-eleitoral-vpc-endpoints-sg",
              "Owner": "CAU",
              "Project": "CAU-Sistema-Eleitoral"
            },
            "timeouts": null,
            "vpc_id": "vpc-034bf0c6150887db5"
          },
          "sensitive_attributes": [],
          "private": "eyJlMmJmYjczMC1lY2FhLTExZTYtOGY4OC0zNDM2M2JjN2M0YzAiOnsiY3JlYXRlIjo2MDAwMDAwMDAwMDAsImRlbGV0ZSI6OTAwMDAwMDAwMDAwfSwic2NoZW1hX3ZlcnNpb24iOiIxIn0=",
          "dependencies": [
            "aws_vpc.main"
          ]
        }
      ]
    },
    {
      "mode": "managed",
      "type": "aws_service_discovery_private_dns_namespace",
      "name": "main",
      "provider": "provider[\"registry.terraform.io/hashicorp/aws\"]",
      "instances": [
        {
          "schema_version": 0,
          "attributes": {
            "arn": "arn:aws:servicediscovery:us-east-1:801232946361:namespace/ns-wpldbj2vwfld24r6",
            "description": "Private DNS namespace for cau-eleitoral",
            "hosted_zone": "Z06359185ME83PPAT4VJ",
            "id": "ns-wpldbj2vwfld24r6",
            "name": "cau-eleitoral.local",
            "tags": {
              "Name": "cau-eleitoral-namespace"
            },
            "tags_all": {
              "CostCenter": "Eleitoral",
              "Environment": "production",
              "ManagedBy": "Terraform",
              "Name": "cau-eleitoral-namespace",
              "Owner": "CAU",
              "Project": "CAU-Sistema-Eleitoral"
            },
            "vpc": "vpc-034bf0c6150887db5"
          },
          "sensitive_attributes": [],
          "private": "bnVsbA==",
          "dependencies": [
            "aws_vpc.main"
          ]
        }
      ]
    },
    {
      "mode": "managed",
      "type": "aws_service_discovery_service",
      "name": "admin",
      "provider": "provider[\"registry.terraform.io/hashicorp/aws\"]",
      "instances": [
        {
          "schema_version": 0,
          "attributes": {
            "arn": "arn:aws:servicediscovery:us-east-1:801232946361:service/srv-7ryofq5vryicwogs",
            "description": "",
            "dns_config": [
              {
                "dns_records": [
                  {
                    "ttl": 10,
                    "type": "A"
                  }
                ],
                "namespace_id": "ns-wpldbj2vwfld24r6",
                "routing_policy": "MULTIVALUE"
              }
            ],
            "force_destroy": false,
            "health_check_config": [],
            "health_check_custom_config": [
              {
                "failure_threshold": 1
              }
            ],
            "id": "srv-7ryofq5vryicwogs",
            "name": "admin",
            "namespace_id": "ns-wpldbj2vwfld24r6",
            "tags": {
              "Name": "cau-eleitoral-admin-discovery"
            },
            "tags_all": {
              "CostCenter": "Eleitoral",
              "Environment": "production",
              "ManagedBy": "Terraform",
              "Name": "cau-eleitoral-admin-discovery",
              "Owner": "CAU",
              "Project": "CAU-Sistema-Eleitoral"
            },
            "type": "DNS_HTTP"
          },
          "sensitive_attributes": [],
          "private": "bnVsbA==",
          "dependencies": [
            "aws_service_discovery_private_dns_namespace.main",
            "aws_vpc.main"
          ]
        }
      ]
    },
    {
      "mode": "managed",
      "type": "aws_service_discovery_service",
      "name": "api",
      "provider": "provider[\"registry.terraform.io/hashicorp/aws\"]",
      "instances": [
        {
          "schema_version": 0,
          "attributes": {
            "arn": "arn:aws:servicediscovery:us-east-1:801232946361:service/srv-rea3r5euwnkzxm42",
            "description": "",
            "dns_config": [
              {
                "dns_records": [
                  {
                    "ttl": 10,
                    "type": "A"
                  }
                ],
                "namespace_id": "ns-wpldbj2vwfld24r6",
                "routing_policy": "MULTIVALUE"
              }
            ],
            "force_destroy": false,
            "health_check_config": [],
            "health_check_custom_config": [
              {
                "failure_threshold": 1
              }
            ],
            "id": "srv-rea3r5euwnkzxm42",
            "name": "api",
            "namespace_id": "ns-wpldbj2vwfld24r6",
            "tags": {
              "Name": "cau-eleitoral-api-discovery"
            },
            "tags_all": {
              "CostCenter": "Eleitoral",
              "Environment": "production",
              "ManagedBy": "Terraform",
              "Name": "cau-eleitoral-api-discovery",
              "Owner": "CAU",
              "Project": "CAU-Sistema-Eleitoral"
            },
            "type": "DNS_HTTP"
          },
          "sensitive_attributes": [],
          "private": "bnVsbA==",
          "dependencies": [
            "aws_service_discovery_private_dns_namespace.main",
            "aws_vpc.main"
          ]
        }
      ]
    },
    {
      "mode": "managed",
      "type": "aws_service_discovery_service",
      "name": "public",
      "provider": "provider[\"registry.terraform.io/hashicorp/aws\"]",
      "instances": [
        {
          "schema_version": 0,
          "attributes": {
            "arn": "arn:aws:servicediscovery:us-east-1:801232946361:service/srv-aroxk4zpbdwlezcg",
            "description": "",
            "dns_config": [
              {
                "dns_records": [
                  {
                    "ttl": 10,
                    "type": "A"
                  }
                ],
                "namespace_id": "ns-wpldbj2vwfld24r6",
                "routing_policy": "MULTIVALUE"
              }
            ],
            "force_destroy": false,
            "health_check_config": [],
            "health_check_custom_config": [
              {
                "failure_threshold": 1
              }
            ],
            "id": "srv-aroxk4zpbdwlezcg",
            "name": "public",
            "namespace_id": "ns-wpldbj2vwfld24r6",
            "tags": {
              "Name": "cau-eleitoral-public-discovery"
            },
            "tags_all": {
              "CostCenter": "Eleitoral",
              "Environment": "production",
              "ManagedBy": "Terraform",
              "Name": "cau-eleitoral-public-discovery",
              "Owner": "CAU",
              "Project": "CAU-Sistema-Eleitoral"
            },
            "type": "DNS_HTTP"
          },
          "sensitive_attributes": [],
          "private": "bnVsbA==",
          "dependencies": [
            "aws_service_discovery_private_dns_namespace.main",
            "aws_vpc.main"
          ]
        }
      ]
    },
    {
      "mode": "managed",
      "type": "aws_sns_topic",
      "name": "alarms",
      "provider": "provider[\"registry.terraform.io/hashicorp/aws\"]",
      "instances": []
    },
    {
      "mode": "managed",
      "type": "aws_sns_topic",
      "name": "alarms_us_east_1",
      "provider": "provider[\"registry.terraform.io/hashicorp/aws\"].us_east_1",
      "instances": []
    },
    {
      "mode": "managed",
      "type": "aws_subnet",
      "name": "database",
      "provider": "provider[\"registry.terraform.io/hashicorp/aws\"]",
      "instances": [
        {
          "index_key": 0,
          "schema_version": 1,
          "attributes": {
            "arn": "arn:aws:ec2:us-east-1:801232946361:subnet/subnet-001fca4f56b4a26d4",
            "assign_ipv6_address_on_creation": false,
            "availability_zone": "us-east-1a",
            "availability_zone_id": "use1-az1",
            "cidr_block": "10.0.96.0/20",
            "customer_owned_ipv4_pool": "",
            "enable_dns64": false,
            "enable_lni_at_device_index": 0,
            "enable_resource_name_dns_a_record_on_launch": false,
            "enable_resource_name_dns_aaaa_record_on_launch": false,
            "id": "subnet-001fca4f56b4a26d4",
            "ipv6_cidr_block": "",
            "ipv6_cidr_block_association_id": "",
            "ipv6_native": false,
            "map_customer_owned_ip_on_launch": false,
            "map_public_ip_on_launch": false,
            "outpost_arn": "",
            "owner_id": "801232946361",
            "private_dns_hostname_type_on_launch": "ip-name",
            "tags": {
              "Name": "cau-eleitoral-database-us-east-1a",
              "Type": "database"
            },
            "tags_all": {
              "CostCenter": "Eleitoral",
              "Environment": "production",
              "ManagedBy": "Terraform",
              "Name": "cau-eleitoral-database-us-east-1a",
              "Owner": "CAU",
              "Project": "CAU-Sistema-Eleitoral",
              "Type": "database"
            },
            "timeouts": null,
            "vpc_id": "vpc-034bf0c6150887db5"
          },
          "sensitive_attributes": [],
          "private": "eyJlMmJmYjczMC1lY2FhLTExZTYtOGY4OC0zNDM2M2JjN2M0YzAiOnsiY3JlYXRlIjo2MDAwMDAwMDAwMDAsImRlbGV0ZSI6MTIwMDAwMDAwMDAwMH0sInNjaGVtYV92ZXJzaW9uIjoiMSJ9",
          "dependencies": [
            "aws_vpc.main",
            "data.aws_availability_zones.available"
          ]
        },
        {
          "index_key": 1,
          "schema_version": 1,
          "attributes": {
            "arn": "arn:aws:ec2:us-east-1:801232946361:subnet/subnet-0123e1841ac8a08e4",
            "assign_ipv6_address_on_creation": false,
            "availability_zone": "us-east-1b",
            "availability_zone_id": "use1-az2",
            "cidr_block": "10.0.112.0/20",
            "customer_owned_ipv4_pool": "",
            "enable_dns64": false,
            "enable_lni_at_device_index": 0,
            "enable_resource_name_dns_a_record_on_launch": false,
            "enable_resource_name_dns_aaaa_record_on_launch": false,
            "id": "subnet-0123e1841ac8a08e4",
            "ipv6_cidr_block": "",
            "ipv6_cidr_block_association_id": "",
            "ipv6_native": false,
            "map_customer_owned_ip_on_launch": false,
            "map_public_ip_on_launch": false,
            "outpost_arn": "",
            "owner_id": "801232946361",
            "private_dns_hostname_type_on_launch": "ip-name",
            "tags": {
              "Name": "cau-eleitoral-database-us-east-1b",
              "Type": "database"
            },
            "tags_all": {
              "CostCenter": "Eleitoral",
              "Environment": "production",
              "ManagedBy": "Terraform",
              "Name": "cau-eleitoral-database-us-east-1b",
              "Owner": "CAU",
              "Project": "CAU-Sistema-Eleitoral",
              "Type": "database"
            },
            "timeouts": null,
            "vpc_id": "vpc-034bf0c6150887db5"
          },
          "sensitive_attributes": [],
          "private": "eyJlMmJmYjczMC1lY2FhLTExZTYtOGY4OC0zNDM2M2JjN2M0YzAiOnsiY3JlYXRlIjo2MDAwMDAwMDAwMDAsImRlbGV0ZSI6MTIwMDAwMDAwMDAwMH0sInNjaGVtYV92ZXJzaW9uIjoiMSJ9",
          "dependencies": [
            "aws_vpc.main",
            "data.aws_availability_zones.available"
          ]
        },
        {
          "index_key": 2,
          "schema_version": 1,
          "attributes": {
            "arn": "arn:aws:ec2:us-east-1:801232946361:subnet/subnet-047e4fa3249387c1b",
            "assign_ipv6_address_on_creation": false,
            "availability_zone": "us-east-1c",
            "availability_zone_id": "use1-az4",
            "cidr_block": "10.0.128.0/20",
            "customer_owned_ipv4_pool": "",
            "enable_dns64": false,
            "enable_lni_at_device_index": 0,
            "enable_resource_name_dns_a_record_on_launch": false,
            "enable_resource_name_dns_aaaa_record_on_launch": false,
            "id": "subnet-047e4fa3249387c1b",
            "ipv6_cidr_block": "",
            "ipv6_cidr_block_association_id": "",
            "ipv6_native": false,
            "map_customer_owned_ip_on_launch": false,
            "map_public_ip_on_launch": false,
            "outpost_arn": "",
            "owner_id": "801232946361",
            "private_dns_hostname_type_on_launch": "ip-name",
            "tags": {
              "Name": "cau-eleitoral-database-us-east-1c",
              "Type": "database"
            },
            "tags_all": {
              "CostCenter": "Eleitoral",
              "Environment": "production",
              "ManagedBy": "Terraform",
              "Name": "cau-eleitoral-database-us-east-1c",
              "Owner": "CAU",
              "Project": "CAU-Sistema-Eleitoral",
              "Type": "database"
            },
            "timeouts": null,
            "vpc_id": "vpc-034bf0c6150887db5"
          },
          "sensitive_attributes": [],
          "private": "eyJlMmJmYjczMC1lY2FhLTExZTYtOGY4OC0zNDM2M2JjN2M0YzAiOnsiY3JlYXRlIjo2MDAwMDAwMDAwMDAsImRlbGV0ZSI6MTIwMDAwMDAwMDAwMH0sInNjaGVtYV92ZXJzaW9uIjoiMSJ9",
          "dependencies": [
            "aws_vpc.main",
            "data.aws_availability_zones.available"
          ]
        }
      ]
    },
    {
      "mode": "managed",
      "type": "aws_subnet",
      "name": "private",
      "provider": "provider[\"registry.terraform.io/hashicorp/aws\"]",
      "instances": [
        {
          "index_key": 0,
          "schema_version": 1,
          "attributes": {
            "arn": "arn:aws:ec2:us-east-1:801232946361:subnet/subnet-01568568a84248c7d",
            "assign_ipv6_address_on_creation": false,
            "availability_zone": "us-east-1a",
            "availability_zone_id": "use1-az1",
            "cidr_block": "10.0.48.0/20",
            "customer_owned_ipv4_pool": "",
            "enable_dns64": false,
            "enable_lni_at_device_index": 0,
            "enable_resource_name_dns_a_record_on_launch": false,
            "enable_resource_name_dns_aaaa_record_on_launch": false,
            "id": "subnet-01568568a84248c7d",
            "ipv6_cidr_block": "",
            "ipv6_cidr_block_association_id": "",
            "ipv6_native": false,
            "map_customer_owned_ip_on_launch": false,
            "map_public_ip_on_launch": false,
            "outpost_arn": "",
            "owner_id": "801232946361",
            "private_dns_hostname_type_on_launch": "ip-name",
            "tags": {
              "Name": "cau-eleitoral-private-us-east-1a",
              "Type": "private"
            },
            "tags_all": {
              "CostCenter": "Eleitoral",
              "Environment": "production",
              "ManagedBy": "Terraform",
              "Name": "cau-eleitoral-private-us-east-1a",
              "Owner": "CAU",
              "Project": "CAU-Sistema-Eleitoral",
              "Type": "private"
            },
            "timeouts": null,
            "vpc_id": "vpc-034bf0c6150887db5"
          },
          "sensitive_attributes": [],
          "private": "eyJlMmJmYjczMC1lY2FhLTExZTYtOGY4OC0zNDM2M2JjN2M0YzAiOnsiY3JlYXRlIjo2MDAwMDAwMDAwMDAsImRlbGV0ZSI6MTIwMDAwMDAwMDAwMH0sInNjaGVtYV92ZXJzaW9uIjoiMSJ9",
          "dependencies": [
            "aws_vpc.main",
            "data.aws_availability_zones.available"
          ]
        },
        {
          "index_key": 1,
          "schema_version": 1,
          "attributes": {
            "arn": "arn:aws:ec2:us-east-1:801232946361:subnet/subnet-0167b599750ba915d",
            "assign_ipv6_address_on_creation": false,
            "availability_zone": "us-east-1b",
            "availability_zone_id": "use1-az2",
            "cidr_block": "10.0.64.0/20",
            "customer_owned_ipv4_pool": "",
            "enable_dns64": false,
            "enable_lni_at_device_index": 0,
            "enable_resource_name_dns_a_record_on_launch": false,
            "enable_resource_name_dns_aaaa_record_on_launch": false,
            "id": "subnet-0167b599750ba915d",
            "ipv6_cidr_block": "",
            "ipv6_cidr_block_association_id": "",
            "ipv6_native": false,
            "map_customer_owned_ip_on_launch": false,
            "map_public_ip_on_launch": false,
            "outpost_arn": "",
            "owner_id": "801232946361",
            "private_dns_hostname_type_on_launch": "ip-name",
            "tags": {
              "Name": "cau-eleitoral-private-us-east-1b",
              "Type": "private"
            },
            "tags_all": {
              "CostCenter": "Eleitoral",
              "Environment": "production",
              "ManagedBy": "Terraform",
              "Name": "cau-eleitoral-private-us-east-1b",
              "Owner": "CAU",
              "Project": "CAU-Sistema-Eleitoral",
              "Type": "private"
            },
            "timeouts": null,
            "vpc_id": "vpc-034bf0c6150887db5"
          },
          "sensitive_attributes": [],
          "private": "eyJlMmJmYjczMC1lY2FhLTExZTYtOGY4OC0zNDM2M2JjN2M0YzAiOnsiY3JlYXRlIjo2MDAwMDAwMDAwMDAsImRlbGV0ZSI6MTIwMDAwMDAwMDAwMH0sInNjaGVtYV92ZXJzaW9uIjoiMSJ9",
          "dependencies": [
            "aws_vpc.main",
            "data.aws_availability_zones.available"
          ]
        },
        {
          "index_key": 2,
          "schema_version": 1,
          "attributes": {
            "arn": "arn:aws:ec2:us-east-1:801232946361:subnet/subnet-06ceb9f0d50113c08",
            "assign_ipv6_address_on_creation": false,
            "availability_zone": "us-east-1c",
            "availability_zone_id": "use1-az4",
            "cidr_block": "10.0.80.0/20",
            "customer_owned_ipv4_pool": "",
            "enable_dns64": false,
            "enable_lni_at_device_index": 0,
            "enable_resource_name_dns_a_record_on_launch": false,
            "enable_resource_name_dns_aaaa_record_on_launch": false,
            "id": "subnet-06ceb9f0d50113c08",
            "ipv6_cidr_block": "",
            "ipv6_cidr_block_association_id": "",
            "ipv6_native": false,
            "map_customer_owned_ip_on_launch": false,
            "map_public_ip_on_launch": false,
            "outpost_arn": "",
            "owner_id": "801232946361",
            "private_dns_hostname_type_on_launch": "ip-name",
            "tags": {
              "Name": "cau-eleitoral-private-us-east-1c",
              "Type": "private"
            },
            "tags_all": {
              "CostCenter": "Eleitoral",
              "Environment": "production",
              "ManagedBy": "Terraform",
              "Name": "cau-eleitoral-private-us-east-1c",
              "Owner": "CAU",
              "Project": "CAU-Sistema-Eleitoral",
              "Type": "private"
            },
            "timeouts": null,
            "vpc_id": "vpc-034bf0c6150887db5"
          },
          "sensitive_attributes": [],
          "private": "eyJlMmJmYjczMC1lY2FhLTExZTYtOGY4OC0zNDM2M2JjN2M0YzAiOnsiY3JlYXRlIjo2MDAwMDAwMDAwMDAsImRlbGV0ZSI6MTIwMDAwMDAwMDAwMH0sInNjaGVtYV92ZXJzaW9uIjoiMSJ9",
          "dependencies": [
            "aws_vpc.main",
            "data.aws_availability_zones.available"
          ]
        }
      ]
    },
    {
      "mode": "managed",
      "type": "aws_subnet",
      "name": "public",
      "provider": "provider[\"registry.terraform.io/hashicorp/aws\"]",
      "instances": [
        {
          "index_key": 0,
          "schema_version": 1,
          "attributes": {
            "arn": "arn:aws:ec2:us-east-1:801232946361:subnet/subnet-09190401b67769f8b",
            "assign_ipv6_address_on_creation": false,
            "availability_zone": "us-east-1a",
            "availability_zone_id": "use1-az1",
            "cidr_block": "10.0.0.0/20",
            "customer_owned_ipv4_pool": "",
            "enable_dns64": false,
            "enable_lni_at_device_index": 0,
            "enable_resource_name_dns_a_record_on_launch": false,
            "enable_resource_name_dns_aaaa_record_on_launch": false,
            "id": "subnet-09190401b67769f8b",
            "ipv6_cidr_block": "",
            "ipv6_cidr_block_association_id": "",
            "ipv6_native": false,
            "map_customer_owned_ip_on_launch": false,
            "map_public_ip_on_launch": true,
            "outpost_arn": "",
            "owner_id": "801232946361",
            "private_dns_hostname_type_on_launch": "ip-name",
            "tags": {
              "Name": "cau-eleitoral-public-us-east-1a",
              "Type": "public"
            },
            "tags_all": {
              "CostCenter": "Eleitoral",
              "Environment": "production",
              "ManagedBy": "Terraform",
              "Name": "cau-eleitoral-public-us-east-1a",
              "Owner": "CAU",
              "Project": "CAU-Sistema-Eleitoral",
              "Type": "public"
            },
            "timeouts": null,
            "vpc_id": "vpc-034bf0c6150887db5"
          },
          "sensitive_attributes": [],
          "private": "eyJlMmJmYjczMC1lY2FhLTExZTYtOGY4OC0zNDM2M2JjN2M0YzAiOnsiY3JlYXRlIjo2MDAwMDAwMDAwMDAsImRlbGV0ZSI6MTIwMDAwMDAwMDAwMH0sInNjaGVtYV92ZXJzaW9uIjoiMSJ9",
          "dependencies": [
            "aws_vpc.main",
            "data.aws_availability_zones.available"
          ]
        },
        {
          "index_key": 1,
          "schema_version": 1,
          "attributes": {
            "arn": "arn:aws:ec2:us-east-1:801232946361:subnet/subnet-0c3fdd518fc73901c",
            "assign_ipv6_address_on_creation": false,
            "availability_zone": "us-east-1b",
            "availability_zone_id": "use1-az2",
            "cidr_block": "10.0.16.0/20",
            "customer_owned_ipv4_pool": "",
            "enable_dns64": false,
            "enable_lni_at_device_index": 0,
            "enable_resource_name_dns_a_record_on_launch": false,
            "enable_resource_name_dns_aaaa_record_on_launch": false,
            "id": "subnet-0c3fdd518fc73901c",
            "ipv6_cidr_block": "",
            "ipv6_cidr_block_association_id": "",
            "ipv6_native": false,
            "map_customer_owned_ip_on_launch": false,
            "map_public_ip_on_launch": true,
            "outpost_arn": "",
            "owner_id": "801232946361",
            "private_dns_hostname_type_on_launch": "ip-name",
            "tags": {
              "Name": "cau-eleitoral-public-us-east-1b",
              "Type": "public"
            },
            "tags_all": {
              "CostCenter": "Eleitoral",
              "Environment": "production",
              "ManagedBy": "Terraform",
              "Name": "cau-eleitoral-public-us-east-1b",
              "Owner": "CAU",
              "Project": "CAU-Sistema-Eleitoral",
              "Type": "public"
            },
            "timeouts": null,
            "vpc_id": "vpc-034bf0c6150887db5"
          },
          "sensitive_attributes": [],
          "private": "eyJlMmJmYjczMC1lY2FhLTExZTYtOGY4OC0zNDM2M2JjN2M0YzAiOnsiY3JlYXRlIjo2MDAwMDAwMDAwMDAsImRlbGV0ZSI6MTIwMDAwMDAwMDAwMH0sInNjaGVtYV92ZXJzaW9uIjoiMSJ9",
          "dependencies": [
            "aws_vpc.main",
            "data.aws_availability_zones.available"
          ]
        },
        {
          "index_key": 2,
          "schema_version": 1,
          "attributes": {
            "arn": "arn:aws:ec2:us-east-1:801232946361:subnet/subnet-0fcda5c87157f9ea0",
            "assign_ipv6_address_on_creation": false,
            "availability_zone": "us-east-1c",
            "availability_zone_id": "use1-az4",
            "cidr_block": "10.0.32.0/20",
            "customer_owned_ipv4_pool": "",
            "enable_dns64": false,
            "enable_lni_at_device_index": 0,
            "enable_resource_name_dns_a_record_on_launch": false,
            "enable_resource_name_dns_aaaa_record_on_launch": false,
            "id": "subnet-0fcda5c87157f9ea0",
            "ipv6_cidr_block": "",
            "ipv6_cidr_block_association_id": "",
            "ipv6_native": false,
            "map_customer_owned_ip_on_launch": false,
            "map_public_ip_on_launch": true,
            "outpost_arn": "",
            "owner_id": "801232946361",
            "private_dns_hostname_type_on_launch": "ip-name",
            "tags": {
              "Name": "cau-eleitoral-public-us-east-1c",
              "Type": "public"
            },
            "tags_all": {
              "CostCenter": "Eleitoral",
              "Environment": "production",
              "ManagedBy": "Terraform",
              "Name": "cau-eleitoral-public-us-east-1c",
              "Owner": "CAU",
              "Project": "CAU-Sistema-Eleitoral",
              "Type": "public"
            },
            "timeouts": null,
            "vpc_id": "vpc-034bf0c6150887db5"
          },
          "sensitive_attributes": [],
          "private": "eyJlMmJmYjczMC1lY2FhLTExZTYtOGY4OC0zNDM2M2JjN2M0YzAiOnsiY3JlYXRlIjo2MDAwMDAwMDAwMDAsImRlbGV0ZSI6MTIwMDAwMDAwMDAwMH0sInNjaGVtYV92ZXJzaW9uIjoiMSJ9",
          "dependencies": [
            "aws_vpc.main",
            "data.aws_availability_zones.available"
          ]
        }
      ]
    },
    {
      "mode": "managed",
      "type": "aws_vpc",
      "name": "main",
      "provider": "provider[\"registry.terraform.io/hashicorp/aws\"]",
      "instances": [
        {
          "schema_version": 1,
          "attributes": {
            "arn": "arn:aws:ec2:us-east-1:801232946361:vpc/vpc-034bf0c6150887db5",
            "assign_generated_ipv6_cidr_block": false,
            "cidr_block": "10.0.0.0/16",
            "default_network_acl_id": "acl-0706a56136ce06d5c",
            "default_route_table_id": "rtb-0edba33239dd1e98d",
            "default_security_group_id": "sg-013ce5c1d7abb74f5",
            "dhcp_options_id": "dopt-04c058224b0c7c871",
            "enable_dns_hostnames": true,
            "enable_dns_support": true,
            "enable_network_address_usage_metrics": false,
            "id": "vpc-034bf0c6150887db5",
            "instance_tenancy": "default",
            "ipv4_ipam_pool_id": null,
            "ipv4_netmask_length": null,
            "ipv6_association_id": "",
            "ipv6_cidr_block": "",
            "ipv6_cidr_block_network_border_group": "",
            "ipv6_ipam_pool_id": "",
            "ipv6_netmask_length": 0,
            "main_route_table_id": "rtb-0edba33239dd1e98d",
            "owner_id": "801232946361",
            "tags": {
              "Name": "cau-eleitoral-vpc"
            },
            "tags_all": {
              "CostCenter": "Eleitoral",
              "Environment": "production",
              "ManagedBy": "Terraform",
              "Name": "cau-eleitoral-vpc",
              "Owner": "CAU",
              "Project": "CAU-Sistema-Eleitoral"
            }
          },
          "sensitive_attributes": [],
          "private": "eyJzY2hlbWFfdmVyc2lvbiI6IjEifQ=="
        }
      ]
    },
    {
      "mode": "managed",
      "type": "aws_vpc_endpoint",
      "name": "dynamodb",
      "provider": "provider[\"registry.terraform.io/hashicorp/aws\"]",
      "instances": [
        {
          "schema_version": 0,
          "attributes": {
            "arn": "arn:aws:ec2:us-east-1:801232946361:vpc-endpoint/vpce-079cd4aa1e501b1f5",
            "auto_accept": null,
            "cidr_blocks": [
              "35.71.70.0/24",
              "3.218.182.0/24",
              "3.218.180.0/23",
              "35.71.68.0/23",
              "52.94.0.0/22",
              "52.119.224.0/20"
            ],
            "dns_entry": [],
            "dns_options": [
              {
                "dns_record_ip_type": "service-defined",
                "private_dns_only_for_inbound_resolver_endpoint": false
              }
            ],
            "id": "vpce-079cd4aa1e501b1f5",
            "ip_address_type": "ipv4",
            "network_interface_ids": [],
            "owner_id": "801232946361",
            "policy": "{\"Statement\":[{\"Action\":\"*\",\"Effect\":\"Allow\",\"Principal\":\"*\",\"Resource\":\"*\"}],\"Version\":\"2008-10-17\"}",
            "prefix_list_id": "pl-02cd2c6b",
            "private_dns_enabled": false,
            "requester_managed": false,
            "resource_configuration_arn": "",
            "route_table_ids": [
              "rtb-058517222c380e2ad",
              "rtb-0a4f6fffb06cf64dd"
            ],
            "security_group_ids": [],
            "service_name": "com.amazonaws.us-east-1.dynamodb",
            "service_network_arn": "",
            "service_region": "us-east-1",
            "state": "available",
            "subnet_configuration": [],
            "subnet_ids": [],
            "tags": {
              "Name": "cau-eleitoral-dynamodb-endpoint"
            },
            "tags_all": {
              "CostCenter": "Eleitoral",
              "Environment": "production",
              "ManagedBy": "Terraform",
              "Name": "cau-eleitoral-dynamodb-endpoint",
              "Owner": "CAU",
              "Project": "CAU-Sistema-Eleitoral"
            },
            "timeouts": null,
            "vpc_endpoint_type": "Gateway",
            "vpc_id": "vpc-034bf0c6150887db5"
          },
          "sensitive_attributes": [],
          "private": "eyJlMmJmYjczMC1lY2FhLTExZTYtOGY4OC0zNDM2M2JjN2M0YzAiOnsiY3JlYXRlIjo2MDAwMDAwMDAwMDAsImRlbGV0ZSI6NjAwMDAwMDAwMDAwLCJ1cGRhdGUiOjYwMDAwMDAwMDAwMH19",
          "dependencies": [
            "aws_internet_gateway.main",
            "aws_route_table.private",
            "aws_route_table.public",
            "aws_vpc.main",
            "data.aws_availability_zones.available"
          ]
        }
      ]
    },
    {
      "mode": "managed",
      "type": "aws_vpc_endpoint",
      "name": "ecr_api",
      "provider": "provider[\"registry.terraform.io/hashicorp/aws\"]",
      "instances": [
        {
          "schema_version": 0,
          "attributes": {
            "arn": "arn:aws:ec2:us-east-1:801232946361:vpc-endpoint/vpce-03358e947e7048d59",
            "auto_accept": null,
            "cidr_blocks": [],
            "dns_entry": [
              {
                "dns_name": "vpce-03358e947e7048d59-3mdt7n2c.api.ecr.us-east-1.vpce.amazonaws.com",
                "hosted_zone_id": "Z7HUB22UULQXV"
              },
              {
                "dns_name": "vpce-03358e947e7048d59-3mdt7n2c-us-east-1b.api.ecr.us-east-1.vpce.amazonaws.com",
                "hosted_zone_id": "Z7HUB22UULQXV"
              },
              {
                "dns_name": "vpce-03358e947e7048d59-3mdt7n2c-us-east-1a.api.ecr.us-east-1.vpce.amazonaws.com",
                "hosted_zone_id": "Z7HUB22UULQXV"
              },
              {
                "dns_name": "vpce-03358e947e7048d59-3mdt7n2c-us-east-1c.api.ecr.us-east-1.vpce.amazonaws.com",
                "hosted_zone_id": "Z7HUB22UULQXV"
              },
              {
                "dns_name": "api.ecr.us-east-1.amazonaws.com",
                "hosted_zone_id": "Z02761031B7TPOONL3R8B"
              },
              {
                "dns_name": "ecr.us-east-1.api.aws",
                "hosted_zone_id": "Z02769803SKVVUNT4Y7UX"
              }
            ],
            "dns_options": [
              {
                "dns_record_ip_type": "ipv4",
                "private_dns_only_for_inbound_resolver_endpoint": false
              }
            ],
            "id": "vpce-03358e947e7048d59",
            "ip_address_type": "ipv4",
            "network_interface_ids": [
              "eni-053654e305b0a9c1a",
              "eni-067750c6829c410fb",
              "eni-0b17897fd89655407"
            ],
            "owner_id": "801232946361",
            "policy": "{\"Statement\":[{\"Action\":\"*\",\"Effect\":\"Allow\",\"Principal\":\"*\",\"Resource\":\"*\"}]}",
            "prefix_list_id": null,
            "private_dns_enabled": true,
            "requester_managed": false,
            "resource_configuration_arn": "",
            "route_table_ids": [],
            "security_group_ids": [
              "sg-075e46cc62c6c70c9"
            ],
            "service_name": "com.amazonaws.us-east-1.ecr.api",
            "service_network_arn": "",
            "service_region": "us-east-1",
            "state": "available",
            "subnet_configuration": [
              {
                "ipv4": "10.0.53.127",
                "ipv6": "",
                "subnet_id": "subnet-01568568a84248c7d"
              },
              {
                "ipv4": "10.0.74.182",
                "ipv6": "",
                "subnet_id": "subnet-0167b599750ba915d"
              },
              {
                "ipv4": "10.0.89.66",
                "ipv6": "",
                "subnet_id": "subnet-06ceb9f0d50113c08"
              }
            ],
            "subnet_ids": [
              "subnet-01568568a84248c7d",
              "subnet-0167b599750ba915d",
              "subnet-06ceb9f0d50113c08"
            ],
            "tags": {
              "Name": "cau-eleitoral-ecr-api-endpoint"
            },
            "tags_all": {
              "CostCenter": "Eleitoral",
              "Environment": "production",
              "ManagedBy": "Terraform",
              "Name": "cau-eleitoral-ecr-api-endpoint",
              "Owner": "CAU",
              "Project": "CAU-Sistema-Eleitoral"
            },
            "timeouts": null,
            "vpc_endpoint_type": "Interface",
            "vpc_id": "vpc-034bf0c6150887db5"
          },
          "sensitive_attributes": [],
          "private": "eyJlMmJmYjczMC1lY2FhLTExZTYtOGY4OC0zNDM2M2JjN2M0YzAiOnsiY3JlYXRlIjo2MDAwMDAwMDAwMDAsImRlbGV0ZSI6NjAwMDAwMDAwMDAwLCJ1cGRhdGUiOjYwMDAwMDAwMDAwMH19",
          "dependencies": [
            "aws_security_group.vpc_endpoints",
            "aws_subnet.private",
            "aws_vpc.main",
            "data.aws_availability_zones.available"
          ]
        }
      ]
    },
    {
      "mode": "managed",
      "type": "aws_vpc_endpoint",
      "name": "ecr_dkr",
      "provider": "provider[\"registry.terraform.io/hashicorp/aws\"]",
      "instances": [
        {
          "schema_version": 0,
          "attributes": {
            "arn": "arn:aws:ec2:us-east-1:801232946361:vpc-endpoint/vpce-0470c4ca3d6df0d43",
            "auto_accept": null,
            "cidr_blocks": [],
            "dns_entry": [
              {
                "dns_name": "vpce-0470c4ca3d6df0d43-wwishrxw.dkr.ecr.us-east-1.vpce.amazonaws.com",
                "hosted_zone_id": "Z7HUB22UULQXV"
              },
              {
                "dns_name": "vpce-0470c4ca3d6df0d43-wwishrxw-us-east-1c.dkr.ecr.us-east-1.vpce.amazonaws.com",
                "hosted_zone_id": "Z7HUB22UULQXV"
              },
              {
                "dns_name": "vpce-0470c4ca3d6df0d43-wwishrxw-us-east-1b.dkr.ecr.us-east-1.vpce.amazonaws.com",
                "hosted_zone_id": "Z7HUB22UULQXV"
              },
              {
                "dns_name": "vpce-0470c4ca3d6df0d43-wwishrxw-us-east-1a.dkr.ecr.us-east-1.vpce.amazonaws.com",
                "hosted_zone_id": "Z7HUB22UULQXV"
              },
              {
                "dns_name": "dkr.ecr.us-east-1.amazonaws.com",
                "hosted_zone_id": "Z0772484269OB2AJ51OJS"
              },
              {
                "dns_name": "*.dkr.ecr.us-east-1.amazonaws.com",
                "hosted_zone_id": "Z0772484269OB2AJ51OJS"
              },
              {
                "dns_name": "dkr-ecr.us-east-1.on.aws",
                "hosted_zone_id": "Z027065124ENDOTSK8INL"
              },
              {
                "dns_name": "*.dkr-ecr.us-east-1.on.aws",
                "hosted_zone_id": "Z027065124ENDOTSK8INL"
              }
            ],
            "dns_options": [
              {
                "dns_record_ip_type": "ipv4",
                "private_dns_only_for_inbound_resolver_endpoint": false
              }
            ],
            "id": "vpce-0470c4ca3d6df0d43",
            "ip_address_type": "ipv4",
            "network_interface_ids": [
              "eni-0a9890e4162a3c257",
              "eni-0d1dacf2cd88c42cb",
              "eni-0fd44d417a63296c9"
            ],
            "owner_id": "801232946361",
            "policy": "{\"Statement\":[{\"Action\":\"*\",\"Effect\":\"Allow\",\"Principal\":\"*\",\"Resource\":\"*\"}]}",
            "prefix_list_id": null,
            "private_dns_enabled": true,
            "requester_managed": false,
            "resource_configuration_arn": "",
            "route_table_ids": [],
            "security_group_ids": [
              "sg-075e46cc62c6c70c9"
            ],
            "service_name": "com.amazonaws.us-east-1.ecr.dkr",
            "service_network_arn": "",
            "service_region": "us-east-1",
            "state": "available",
            "subnet_configuration": [
              {
                "ipv4": "10.0.61.229",
                "ipv6": "",
                "subnet_id": "subnet-01568568a84248c7d"
              },
              {
                "ipv4": "10.0.73.77",
                "ipv6": "",
                "subnet_id": "subnet-0167b599750ba915d"
              },
              {
                "ipv4": "10.0.95.190",
                "ipv6": "",
                "subnet_id": "subnet-06ceb9f0d50113c08"
              }
            ],
            "subnet_ids": [
              "subnet-01568568a84248c7d",
              "subnet-0167b599750ba915d",
              "subnet-06ceb9f0d50113c08"
            ],
            "tags": {
              "Name": "cau-eleitoral-ecr-dkr-endpoint"
            },
            "tags_all": {
              "CostCenter": "Eleitoral",
              "Environment": "production",
              "ManagedBy": "Terraform",
              "Name": "cau-eleitoral-ecr-dkr-endpoint",
              "Owner": "CAU",
              "Project": "CAU-Sistema-Eleitoral"
            },
            "timeouts": null,
            "vpc_endpoint_type": "Interface",
            "vpc_id": "vpc-034bf0c6150887db5"
          },
          "sensitive_attributes": [],
          "private": "eyJlMmJmYjczMC1lY2FhLTExZTYtOGY4OC0zNDM2M2JjN2M0YzAiOnsiY3JlYXRlIjo2MDAwMDAwMDAwMDAsImRlbGV0ZSI6NjAwMDAwMDAwMDAwLCJ1cGRhdGUiOjYwMDAwMDAwMDAwMH19",
          "dependencies": [
            "aws_security_group.vpc_endpoints",
            "aws_subnet.private",
            "aws_vpc.main",
            "data.aws_availability_zones.available"
          ]
        }
      ]
    },
    {
      "mode": "managed",
      "type": "aws_vpc_endpoint",
      "name": "logs",
      "provider": "provider[\"registry.terraform.io/hashicorp/aws\"]",
      "instances": [
        {
          "schema_version": 0,
          "attributes": {
            "arn": "arn:aws:ec2:us-east-1:801232946361:vpc-endpoint/vpce-04b82f80f5c0820b9",
            "auto_accept": null,
            "cidr_blocks": [],
            "dns_entry": [
              {
                "dns_name": "vpce-04b82f80f5c0820b9-r184xls2.logs.us-east-1.vpce.amazonaws.com",
                "hosted_zone_id": "Z7HUB22UULQXV"
              },
              {
                "dns_name": "vpce-04b82f80f5c0820b9-r184xls2-us-east-1c.logs.us-east-1.vpce.amazonaws.com",
                "hosted_zone_id": "Z7HUB22UULQXV"
              },
              {
                "dns_name": "vpce-04b82f80f5c0820b9-r184xls2-us-east-1a.logs.us-east-1.vpce.amazonaws.com",
                "hosted_zone_id": "Z7HUB22UULQXV"
              },
              {
                "dns_name": "vpce-04b82f80f5c0820b9-r184xls2-us-east-1b.logs.us-east-1.vpce.amazonaws.com",
                "hosted_zone_id": "Z7HUB22UULQXV"
              },
              {
                "dns_name": "logs.us-east-1.amazonaws.com",
                "hosted_zone_id": "Z02779432JSX1NOKEKY50"
              },
              {
                "dns_name": "streaming-logs.us-east-1.amazonaws.com",
                "hosted_zone_id": "Z0638349POX64HOTNGC8"
              },
              {
                "dns_name": "streaming-logs.us-east-1.api.aws",
                "hosted_zone_id": "Z027828116R5ZFICTJXL"
              },
              {
                "dns_name": "logs.us-east-1.api.aws",
                "hosted_zone_id": "Z02782821G6O9YLSD7LNA"
              }
            ],
            "dns_options": [
              {
                "dns_record_ip_type": "ipv4",
                "private_dns_only_for_inbound_resolver_endpoint": false
              }
            ],
            "id": "vpce-04b82f80f5c0820b9",
            "ip_address_type": "ipv4",
            "network_interface_ids": [
              "eni-00b4e861dfbaa57cc",
              "eni-0522f4261791ce1b1",
              "eni-0e29913f3be206717"
            ],
            "owner_id": "801232946361",
            "policy": "{\"Statement\":[{\"Action\":\"*\",\"Effect\":\"Allow\",\"Principal\":\"*\",\"Resource\":\"*\"}]}",
            "prefix_list_id": null,
            "private_dns_enabled": true,
            "requester_managed": false,
            "resource_configuration_arn": "",
            "route_table_ids": [],
            "security_group_ids": [
              "sg-075e46cc62c6c70c9"
            ],
            "service_name": "com.amazonaws.us-east-1.logs",
            "service_network_arn": "",
            "service_region": "us-east-1",
            "state": "available",
            "subnet_configuration": [
              {
                "ipv4": "10.0.49.248",
                "ipv6": "",
                "subnet_id": "subnet-01568568a84248c7d"
              },
              {
                "ipv4": "10.0.67.159",
                "ipv6": "",
                "subnet_id": "subnet-0167b599750ba915d"
              },
              {
                "ipv4": "10.0.81.213",
                "ipv6": "",
                "subnet_id": "subnet-06ceb9f0d50113c08"
              }
            ],
            "subnet_ids": [
              "subnet-01568568a84248c7d",
              "subnet-0167b599750ba915d",
              "subnet-06ceb9f0d50113c08"
            ],
            "tags": {
              "Name": "cau-eleitoral-logs-endpoint"
            },
            "tags_all": {
              "CostCenter": "Eleitoral",
              "Environment": "production",
              "ManagedBy": "Terraform",
              "Name": "cau-eleitoral-logs-endpoint",
              "Owner": "CAU",
              "Project": "CAU-Sistema-Eleitoral"
            },
            "timeouts": null,
            "vpc_endpoint_type": "Interface",
            "vpc_id": "vpc-034bf0c6150887db5"
          },
          "sensitive_attributes": [],
          "private": "eyJlMmJmYjczMC1lY2FhLTExZTYtOGY4OC0zNDM2M2JjN2M0YzAiOnsiY3JlYXRlIjo2MDAwMDAwMDAwMDAsImRlbGV0ZSI6NjAwMDAwMDAwMDAwLCJ1cGRhdGUiOjYwMDAwMDAwMDAwMH19",
          "dependencies": [
            "aws_security_group.vpc_endpoints",
            "aws_subnet.private",
            "aws_vpc.main",
            "data.aws_availability_zones.available"
          ]
        }
      ]
    },
    {
      "mode": "managed",
      "type": "aws_vpc_endpoint",
      "name": "s3",
      "provider": "provider[\"registry.terraform.io/hashicorp/aws\"]",
      "instances": [
        {
          "schema_version": 0,
          "attributes": {
            "arn": "arn:aws:ec2:us-east-1:801232946361:vpc-endpoint/vpce-0403908dc315898f8",
            "auto_accept": null,
            "cidr_blocks": [
              "16.15.176.0/20",
              "16.182.0.0/16",
              "18.34.0.0/19",
              "52.216.0.0/15",
              "54.231.0.0/16",
              "3.5.0.0/19",
              "18.34.232.0/21",
              "16.15.192.0/18"
            ],
            "dns_entry": [],
            "dns_options": [
              {
                "dns_record_ip_type": "service-defined",
                "private_dns_only_for_inbound_resolver_endpoint": false
              }
            ],
            "id": "vpce-0403908dc315898f8",
            "ip_address_type": "ipv4",
            "network_interface_ids": [],
            "owner_id": "801232946361",
            "policy": "{\"Statement\":[{\"Action\":\"*\",\"Effect\":\"Allow\",\"Principal\":\"*\",\"Resource\":\"*\"}],\"Version\":\"2008-10-17\"}",
            "prefix_list_id": "pl-63a5400a",
            "private_dns_enabled": false,
            "requester_managed": false,
            "resource_configuration_arn": "",
            "route_table_ids": [
              "rtb-058517222c380e2ad",
              "rtb-0a4f6fffb06cf64dd"
            ],
            "security_group_ids": [],
            "service_name": "com.amazonaws.us-east-1.s3",
            "service_network_arn": "",
            "service_region": "us-east-1",
            "state": "available",
            "subnet_configuration": [],
            "subnet_ids": [],
            "tags": {
              "Name": "cau-eleitoral-s3-endpoint"
            },
            "tags_all": {
              "CostCenter": "Eleitoral",
              "Environment": "production",
              "ManagedBy": "Terraform",
              "Name": "cau-eleitoral-s3-endpoint",
              "Owner": "CAU",
              "Project": "CAU-Sistema-Eleitoral"
            },
            "timeouts": null,
            "vpc_endpoint_type": "Gateway",
            "vpc_id": "vpc-034bf0c6150887db5"
          },
          "sensitive_attributes": [],
          "private": "eyJlMmJmYjczMC1lY2FhLTExZTYtOGY4OC0zNDM2M2JjN2M0YzAiOnsiY3JlYXRlIjo2MDAwMDAwMDAwMDAsImRlbGV0ZSI6NjAwMDAwMDAwMDAwLCJ1cGRhdGUiOjYwMDAwMDAwMDAwMH19",
          "dependencies": [
            "aws_internet_gateway.main",
            "aws_route_table.private",
            "aws_route_table.public",
            "aws_vpc.main",
            "data.aws_availability_zones.available"
          ]
        }
      ]
    },
    {
      "mode": "managed",
      "type": "aws_vpc_endpoint",
      "name": "secretsmanager",
      "provider": "provider[\"registry.terraform.io/hashicorp/aws\"]",
      "instances": [
        {
          "schema_version": 0,
          "attributes": {
            "arn": "arn:aws:ec2:us-east-1:801232946361:vpc-endpoint/vpce-0224997711bd2107b",
            "auto_accept": null,
            "cidr_blocks": [],
            "dns_entry": [
              {
                "dns_name": "vpce-0224997711bd2107b-8p7at5ni.secretsmanager.us-east-1.vpce.amazonaws.com",
                "hosted_zone_id": "Z7HUB22UULQXV"
              },
              {
                "dns_name": "vpce-0224997711bd2107b-8p7at5ni-us-east-1c.secretsmanager.us-east-1.vpce.amazonaws.com",
                "hosted_zone_id": "Z7HUB22UULQXV"
              },
              {
                "dns_name": "vpce-0224997711bd2107b-8p7at5ni-us-east-1a.secretsmanager.us-east-1.vpce.amazonaws.com",
                "hosted_zone_id": "Z7HUB22UULQXV"
              },
              {
                "dns_name": "vpce-0224997711bd2107b-8p7at5ni-us-east-1b.secretsmanager.us-east-1.vpce.amazonaws.com",
                "hosted_zone_id": "Z7HUB22UULQXV"
              },
              {
                "dns_name": "secretsmanager.us-east-1.amazonaws.com",
                "hosted_zone_id": "Z02772271WZVFD987EB2O"
              }
            ],
            "dns_options": [
              {
                "dns_record_ip_type": "ipv4",
                "private_dns_only_for_inbound_resolver_endpoint": false
              }
            ],
            "id": "vpce-0224997711bd2107b",
            "ip_address_type": "ipv4",
            "network_interface_ids": [
              "eni-004f8c07e9722621e",
              "eni-04dd7d9335529bda5",
              "eni-07fe4cc4688129124"
            ],
            "owner_id": "801232946361",
            "policy": "{\"Statement\":[{\"Action\":\"*\",\"Effect\":\"Allow\",\"Principal\":\"*\",\"Resource\":\"*\"}]}",
            "prefix_list_id": null,
            "private_dns_enabled": true,
            "requester_managed": false,
            "resource_configuration_arn": "",
            "route_table_ids": [],
            "security_group_ids": [
              "sg-075e46cc62c6c70c9"
            ],
            "service_name": "com.amazonaws.us-east-1.secretsmanager",
            "service_network_arn": "",
            "service_region": "us-east-1",
            "state": "available",
            "subnet_configuration": [
              {
                "ipv4": "10.0.62.180",
                "ipv6": "",
                "subnet_id": "subnet-01568568a84248c7d"
              },
              {
                "ipv4": "10.0.72.92",
                "ipv6": "",
                "subnet_id": "subnet-0167b599750ba915d"
              },
              {
                "ipv4": "10.0.93.39",
                "ipv6": "",
                "subnet_id": "subnet-06ceb9f0d50113c08"
              }
            ],
            "subnet_ids": [
              "subnet-01568568a84248c7d",
              "subnet-0167b599750ba915d",
              "subnet-06ceb9f0d50113c08"
            ],
            "tags": {
              "Name": "cau-eleitoral-secretsmanager-endpoint"
            },
            "tags_all": {
              "CostCenter": "Eleitoral",
              "Environment": "production",
              "ManagedBy": "Terraform",
              "Name": "cau-eleitoral-secretsmanager-endpoint",
              "Owner": "CAU",
              "Project": "CAU-Sistema-Eleitoral"
            },
            "timeouts": null,
            "vpc_endpoint_type": "Interface",
            "vpc_id": "vpc-034bf0c6150887db5"
          },
          "sensitive_attributes": [],
          "private": "eyJlMmJmYjczMC1lY2FhLTExZTYtOGY4OC0zNDM2M2JjN2M0YzAiOnsiY3JlYXRlIjo2MDAwMDAwMDAwMDAsImRlbGV0ZSI6NjAwMDAwMDAwMDAwLCJ1cGRhdGUiOjYwMDAwMDAwMDAwMH19",
          "dependencies": [
            "aws_security_group.vpc_endpoints",
            "aws_subnet.private",
            "aws_vpc.main",
            "data.aws_availability_zones.available"
          ]
        }
      ]
    },
    {
      "mode": "managed",
      "type": "aws_vpc_endpoint",
      "name": "ssm",
      "provider": "provider[\"registry.terraform.io/hashicorp/aws\"]",
      "instances": [
        {
          "schema_version": 0,
          "attributes": {
            "arn": "arn:aws:ec2:us-east-1:801232946361:vpc-endpoint/vpce-0538e1aeceb66e384",
            "auto_accept": null,
            "cidr_blocks": [],
            "dns_entry": [
              {
                "dns_name": "vpce-0538e1aeceb66e384-zzeck37h.ssm.us-east-1.vpce.amazonaws.com",
                "hosted_zone_id": "Z7HUB22UULQXV"
              },
              {
                "dns_name": "vpce-0538e1aeceb66e384-zzeck37h-us-east-1a.ssm.us-east-1.vpce.amazonaws.com",
                "hosted_zone_id": "Z7HUB22UULQXV"
              },
              {
                "dns_name": "vpce-0538e1aeceb66e384-zzeck37h-us-east-1c.ssm.us-east-1.vpce.amazonaws.com",
                "hosted_zone_id": "Z7HUB22UULQXV"
              },
              {
                "dns_name": "vpce-0538e1aeceb66e384-zzeck37h-us-east-1b.ssm.us-east-1.vpce.amazonaws.com",
                "hosted_zone_id": "Z7HUB22UULQXV"
              },
              {
                "dns_name": "ssm.us-east-1.amazonaws.com",
                "hosted_zone_id": "Z06383402EGBEJWCBOZP8"
              },
              {
                "dns_name": "ssm.us-east-1.api.aws",
                "hosted_zone_id": "Z06352831A1XE59UXJHNF"
              }
            ],
            "dns_options": [
              {
                "dns_record_ip_type": "ipv4",
                "private_dns_only_for_inbound_resolver_endpoint": false
              }
            ],
            "id": "vpce-0538e1aeceb66e384",
            "ip_address_type": "ipv4",
            "network_interface_ids": [
              "eni-00dde53b8c0cb82b2",
              "eni-02a80449ac4c58eed",
              "eni-078907128236b44fe"
            ],
            "owner_id": "801232946361",
            "policy": "{\"Statement\":[{\"Action\":\"*\",\"Effect\":\"Allow\",\"Principal\":\"*\",\"Resource\":\"*\"}]}",
            "prefix_list_id": null,
            "private_dns_enabled": true,
            "requester_managed": false,
            "resource_configuration_arn": "",
            "route_table_ids": [],
            "security_group_ids": [
              "sg-075e46cc62c6c70c9"
            ],
            "service_name": "com.amazonaws.us-east-1.ssm",
            "service_network_arn": "",
            "service_region": "us-east-1",
            "state": "available",
            "subnet_configuration": [
              {
                "ipv4": "10.0.48.102",
                "ipv6": "",
                "subnet_id": "subnet-01568568a84248c7d"
              },
              {
                "ipv4": "10.0.75.38",
                "ipv6": "",
                "subnet_id": "subnet-0167b599750ba915d"
              },
              {
                "ipv4": "10.0.92.83",
                "ipv6": "",
                "subnet_id": "subnet-06ceb9f0d50113c08"
              }
            ],
            "subnet_ids": [
              "subnet-01568568a84248c7d",
              "subnet-0167b599750ba915d",
              "subnet-06ceb9f0d50113c08"
            ],
            "tags": {
              "Name": "cau-eleitoral-ssm-endpoint"
            },
            "tags_all": {
              "CostCenter": "Eleitoral",
              "Environment": "production",
              "ManagedBy": "Terraform",
              "Name": "cau-eleitoral-ssm-endpoint",
              "Owner": "CAU",
              "Project": "CAU-Sistema-Eleitoral"
            },
            "timeouts": null,
            "vpc_endpoint_type": "Interface",
            "vpc_id": "vpc-034bf0c6150887db5"
          },
          "sensitive_attributes": [],
          "private": "eyJlMmJmYjczMC1lY2FhLTExZTYtOGY4OC0zNDM2M2JjN2M0YzAiOnsiY3JlYXRlIjo2MDAwMDAwMDAwMDAsImRlbGV0ZSI6NjAwMDAwMDAwMDAwLCJ1cGRhdGUiOjYwMDAwMDAwMDAwMH19",
          "dependencies": [
            "aws_security_group.vpc_endpoints",
            "aws_subnet.private",
            "aws_vpc.main",
            "data.aws_availability_zones.available"
          ]
        }
      ]
    },
    {
      "mode": "managed",
      "type": "aws_vpc_endpoint",
      "name": "ssmmessages",
      "provider": "provider[\"registry.terraform.io/hashicorp/aws\"]",
      "instances": [
        {
          "schema_version": 0,
          "attributes": {
            "arn": "arn:aws:ec2:us-east-1:801232946361:vpc-endpoint/vpce-0f6896119b353bd94",
            "auto_accept": null,
            "cidr_blocks": [],
            "dns_entry": [
              {
                "dns_name": "vpce-0f6896119b353bd94-5nako5tq.ssmmessages.us-east-1.vpce.amazonaws.com",
                "hosted_zone_id": "Z7HUB22UULQXV"
              },
              {
                "dns_name": "vpce-0f6896119b353bd94-5nako5tq-us-east-1b.ssmmessages.us-east-1.vpce.amazonaws.com",
                "hosted_zone_id": "Z7HUB22UULQXV"
              },
              {
                "dns_name": "vpce-0f6896119b353bd94-5nako5tq-us-east-1c.ssmmessages.us-east-1.vpce.amazonaws.com",
                "hosted_zone_id": "Z7HUB22UULQXV"
              },
              {
                "dns_name": "vpce-0f6896119b353bd94-5nako5tq-us-east-1a.ssmmessages.us-east-1.vpce.amazonaws.com",
                "hosted_zone_id": "Z7HUB22UULQXV"
              },
              {
                "dns_name": "ssmmessages.us-east-1.amazonaws.com",
                "hosted_zone_id": "Z00701391VNDYD43IH38Y"
              },
              {
                "dns_name": "ssmmessages.us-east-1.api.aws",
                "hosted_zone_id": "Z06258632VDY3MO6Z7319"
              }
            ],
            "dns_options": [
              {
                "dns_record_ip_type": "ipv4",
                "private_dns_only_for_inbound_resolver_endpoint": false
              }
            ],
            "id": "vpce-0f6896119b353bd94",
            "ip_address_type": "ipv4",
            "network_interface_ids": [
              "eni-069438972e8f6143a",
              "eni-07904f478217e9084",
              "eni-0945fbd18620c6d22"
            ],
            "owner_id": "801232946361",
            "policy": "{\"Statement\":[{\"Action\":\"*\",\"Effect\":\"Allow\",\"Principal\":\"*\",\"Resource\":\"*\"}]}",
            "prefix_list_id": null,
            "private_dns_enabled": true,
            "requester_managed": false,
            "resource_configuration_arn": "",
            "route_table_ids": [],
            "security_group_ids": [
              "sg-075e46cc62c6c70c9"
            ],
            "service_name": "com.amazonaws.us-east-1.ssmmessages",
            "service_network_arn": "",
            "service_region": "us-east-1",
            "state": "available",
            "subnet_configuration": [
              {
                "ipv4": "10.0.49.241",
                "ipv6": "",
                "subnet_id": "subnet-01568568a84248c7d"
              },
              {
                "ipv4": "10.0.64.172",
                "ipv6": "",
                "subnet_id": "subnet-0167b599750ba915d"
              },
              {
                "ipv4": "10.0.93.235",
                "ipv6": "",
                "subnet_id": "subnet-06ceb9f0d50113c08"
              }
            ],
            "subnet_ids": [
              "subnet-01568568a84248c7d",
              "subnet-0167b599750ba915d",
              "subnet-06ceb9f0d50113c08"
            ],
            "tags": {
              "Name": "cau-eleitoral-ssmmessages-endpoint"
            },
            "tags_all": {
              "CostCenter": "Eleitoral",
              "Environment": "production",
              "ManagedBy": "Terraform",
              "Name": "cau-eleitoral-ssmmessages-endpoint",
              "Owner": "CAU",
              "Project": "CAU-Sistema-Eleitoral"
            },
            "timeouts": null,
            "vpc_endpoint_type": "Interface",
            "vpc_id": "vpc-034bf0c6150887db5"
          },
          "sensitive_attributes": [],
          "private": "eyJlMmJmYjczMC1lY2FhLTExZTYtOGY4OC0zNDM2M2JjN2M0YzAiOnsiY3JlYXRlIjo2MDAwMDAwMDAwMDAsImRlbGV0ZSI6NjAwMDAwMDAwMDAwLCJ1cGRhdGUiOjYwMDAwMDAwMDAwMH19",
          "dependencies": [
            "aws_security_group.vpc_endpoints",
            "aws_subnet.private",
            "aws_vpc.main",
            "data.aws_availability_zones.available"
          ]
        }
      ]
    },
    {
      "mode": "managed",
      "type": "aws_wafv2_web_acl",
      "name": "cloudfront",
      "provider": "provider[\"registry.terraform.io/hashicorp/aws\"].us_east_1",
      "instances": []
    },
    {
      "mode": "managed",
      "type": "random_password",
      "name": "api_key",
      "provider": "provider[\"registry.terraform.io/hashicorp/random\"]",
      "instances": [
        {
          "schema_version": 3,
          "attributes": {
            "bcrypt_hash": "$2a$10$x4bN/6LTcvng1NmtnTRvX.ChQiygnPdLpNytEnEAmsqzvnha6Gh1W",
            "id": "none",
            "keepers": null,
            "length": 48,
            "lower": true,
            "min_lower": 0,
            "min_numeric": 0,
            "min_special": 0,
            "min_upper": 0,
            "number": true,
            "numeric": true,
            "override_special": null,
            "result": "bXJAKcM7Zk8CNf44gZQYpuiHAJmCTLq2xBftZqRTEohTy9b1",
            "special": false,
            "upper": true
          },
          "sensitive_attributes": []
        }
      ]
    },
    {
      "mode": "managed",
      "type": "random_password",
      "name": "app_encryption_key",
      "provider": "provider[\"registry.terraform.io/hashicorp/random\"]",
      "instances": [
        {
          "schema_version": 3,
          "attributes": {
            "bcrypt_hash": "$2a$10$gPNK8SZzbxUnAeIB5sPab.bpPILzQYSU9JrYb7v2XwfYvx2Wre3vm",
            "id": "none",
            "keepers": null,
            "length": 32,
            "lower": true,
            "min_lower": 0,
            "min_numeric": 0,
            "min_special": 0,
            "min_upper": 0,
            "number": true,
            "numeric": true,
            "override_special": null,
            "result": "t1aump6YqFRxY0huzNcAMTRaMO9ONAcw",
            "special": false,
            "upper": true
          },
          "sensitive_attributes": []
        }
      ]
    },
    {
      "mode": "managed",
      "type": "random_password",
      "name": "cloudfront_header",
      "provider": "provider[\"registry.terraform.io/hashicorp/random\"]",
      "instances": [
        {
          "schema_version": 3,
          "attributes": {
            "bcrypt_hash": "$2a$10$B1d.TfQPCY1JrWvZT4gC7uZBhFEdWVgZzY3MV3eJtGUzL2aibAOlG",
            "id": "none",
            "keepers": null,
            "length": 32,
            "lower": true,
            "min_lower": 0,
            "min_numeric": 0,
            "min_special": 0,
            "min_upper": 0,
            "number": true,
            "numeric": true,
            "override_special": null,
            "result": "mp16xjHbbtQVNZZxZJGxXQD6i4jF869O",
            "special": false,
            "upper": true
          },
          "sensitive_attributes": []
        }
      ]
    },
    {
      "mode": "managed",
      "type": "random_password",
      "name": "jwt_secret",
      "provider": "provider[\"registry.terraform.io/hashicorp/random\"]",
      "instances": [
        {
          "schema_version": 3,
          "attributes": {
            "bcrypt_hash": "$2a$10$d1nXknkA1HoRIjSyhSjcYu6uoWwZUsymjHlhYUkXhtWRKLkdwySR6",
            "id": "none",
            "keepers": null,
            "length": 64,
            "lower": true,
            "min_lower": 0,
            "min_numeric": 0,
            "min_special": 0,
            "min_upper": 0,
            "number": true,
            "numeric": true,
            "override_special": null,
            "result": "CvhfrMzP1JGGUQQs80JOfshQp3uCzZZYH2AskLDh30SQZAuDm8iRo5yFqNuKxn8n",
            "special": false,
            "upper": true
          },
          "sensitive_attributes": []
        }
      ]
    },
    {
      "mode": "managed",
      "type": "random_password",
      "name": "rds_password",
      "provider": "provider[\"registry.terraform.io/hashicorp/random\"]",
      "instances": [
        {
          "schema_version": 3,
          "attributes": {
            "bcrypt_hash": "$2a$10$sxPTvMjvt0yHYJvUjfdaEejxx6z6En8Jo0T3eYhsDtdmNk.hvdJOO",
            "id": "none",
            "keepers": null,
            "length": 32,
            "lower": true,
            "min_lower": 0,
            "min_numeric": 0,
            "min_special": 0,
            "min_upper": 0,
            "number": true,
            "numeric": true,
            "override_special": "!#$%\u0026*()-_=+[]{}\u003c\u003e:?",
            "result": "i?](Yx1T3a!FBg?uJwTOA}T:gZrsl0{6",
            "special": true,
            "upper": true
          },
          "sensitive_attributes": []
        }
      ]
    },
    {
      "mode": "managed",
      "type": "random_password",
      "name": "webhook_secret",
      "provider": "provider[\"registry.terraform.io/hashicorp/random\"]",
      "instances": [
        {
          "schema_version": 3,
          "attributes": {
            "bcrypt_hash": "$2a$10$c2nEH3GH0HjllgUWvWoIF.TwITdCxERWwtH3r08athOtsT5F4fe3C",
            "id": "none",
            "keepers": null,
            "length": 32,
            "lower": true,
            "min_lower": 0,
            "min_numeric": 0,
            "min_special": 0,
            "min_upper": 0,
            "number": true,
            "numeric": true,
            "override_special": null,
            "result": "cbI1Jgdb9QNZI8MXU7pIgBjSidFGjK5a",
            "special": false,
            "upper": true
          },
          "sensitive_attributes": []
        }
      ]
    }
  ],
  "check_results": null
}
